// !$*UTF8*$!
{
	archiveVersion = 1;
	classes = {
	};
	objectVersion = 50;
	objects = {

/* Begin PBXBuildFile section */
		28F108652196CD5000894128 /* AppDelegate.m in Sources */ = {isa = PBXBuildFile; fileRef = 28F108642196CD5000894128 /* AppDelegate.m */; };
		28F108682196CD5000894128 /* ViewController.m in Sources */ = {isa = PBXBuildFile; fileRef = 28F108672196CD5000894128 /* ViewController.m */; };
		28F1086B2196CD5000894128 /* Main.storyboard in Resources */ = {isa = PBXBuildFile; fileRef = 28F108692196CD5000894128 /* Main.storyboard */; };
		28F1086D2196CD5200894128 /* Assets.xcassets in Resources */ = {isa = PBXBuildFile; fileRef = 28F1086C2196CD5200894128 /* Assets.xcassets */; };
		28F108702196CD5200894128 /* LaunchScreen.storyboard in Resources */ = {isa = PBXBuildFile; fileRef = 28F1086E2196CD5200894128 /* LaunchScreen.storyboard */; };
		28F108732196CD5300894128 /* main.m in Sources */ = {isa = PBXBuildFile; fileRef = 28F108722196CD5300894128 /* main.m */; };
		28F1087D2196CD5300894128 /* NSOperationTests.m in Sources */ = {isa = PBXBuildFile; fileRef = 28F1087C2196CD5300894128 /* NSOperationTests.m */; };
		28F108882196CD5300894128 /* NSOperationUITests.m in Sources */ = {isa = PBXBuildFile; fileRef = 28F108872196CD5300894128 /* NSOperationUITests.m */; };
		28F108972196D70200894128 /* JHOperation.m in Sources */ = {isa = PBXBuildFile; fileRef = 28F108962196D70200894128 /* JHOperation.m */; };
/* End PBXBuildFile section */

/* Begin PBXContainerItemProxy section */
		28F108792196CD5300894128 /* PBXContainerItemProxy */ = {
			isa = PBXContainerItemProxy;
			containerPortal = 28F108582196CD5000894128 /* Project object */;
			proxyType = 1;
			remoteGlobalIDString = 28F1085F2196CD5000894128;
			remoteInfo = NSOperation;
		};
		28F108842196CD5300894128 /* PBXContainerItemProxy */ = {
			isa = PBXContainerItemProxy;
			containerPortal = 28F108582196CD5000894128 /* Project object */;
			proxyType = 1;
			remoteGlobalIDString = 28F1085F2196CD5000894128;
			remoteInfo = NSOperation;
		};
/* End PBXContainerItemProxy section */

/* Begin PBXFileReference section */
		28F108602196CD5000894128 /* NSOperation.app */ = {isa = PBXFileReference; explicitFileType = wrapper.application; includeInIndex = 0; path = NSOperation.app; sourceTree = BUILT_PRODUCTS_DIR; };
		28F108632196CD5000894128 /* AppDelegate.h */ = {isa = PBXFileReference; lastKnownFileType = sourcecode.c.h; path = AppDelegate.h; sourceTree = "<group>"; };
		28F108642196CD5000894128 /* AppDelegate.m */ = {isa = PBXFileReference; lastKnownFileType = sourcecode.c.objc; path = AppDelegate.m; sourceTree = "<group>"; };
		28F108662196CD5000894128 /* ViewController.h */ = {isa = PBXFileReference; lastKnownFileType = sourcecode.c.h; path = ViewController.h; sourceTree = "<group>"; };
		28F108672196CD5000894128 /* ViewController.m */ = {isa = PBXFileReference; lastKnownFileType = sourcecode.c.objc; path = ViewController.m; sourceTree = "<group>"; };
		28F1086A2196CD5000894128 /* Base */ = {isa = PBXFileReference; lastKnownFileType = file.storyboard; name = Base; path = Base.lproj/Main.storyboard; sourceTree = "<group>"; };
		28F1086C2196CD5200894128 /* Assets.xcassets */ = {isa = PBXFileReference; lastKnownFileType = folder.assetcatalog; path = Assets.xcassets; sourceTree = "<group>"; };
		28F1086F2196CD5200894128 /* Base */ = {isa = PBXFileReference; lastKnownFileType = file.storyboard; name = Base; path = Base.lproj/LaunchScreen.storyboard; sourceTree = "<group>"; };
		28F108712196CD5300894128 /* Info.plist */ = {isa = PBXFileReference; lastKnownFileType = text.plist.xml; path = Info.plist; sourceTree = "<group>"; };
		28F108722196CD5300894128 /* main.m */ = {isa = PBXFileReference; lastKnownFileType = sourcecode.c.objc; path = main.m; sourceTree = "<group>"; };
		28F108782196CD5300894128 /* NSOperationTests.xctest */ = {isa = PBXFileReference; explicitFileType = wrapper.cfbundle; includeInIndex = 0; path = NSOperationTests.xctest; sourceTree = BUILT_PRODUCTS_DIR; };
		28F1087C2196CD5300894128 /* NSOperationTests.m */ = {isa = PBXFileReference; lastKnownFileType = sourcecode.c.objc; path = NSOperationTests.m; sourceTree = "<group>"; };
		28F1087E2196CD5300894128 /* Info.plist */ = {isa = PBXFileReference; lastKnownFileType = text.plist.xml; path = Info.plist; sourceTree = "<group>"; };
		28F108832196CD5300894128 /* NSOperationUITests.xctest */ = {isa = PBXFileReference; explicitFileType = wrapper.cfbundle; includeInIndex = 0; path = NSOperationUITests.xctest; sourceTree = BUILT_PRODUCTS_DIR; };
		28F108872196CD5300894128 /* NSOperationUITests.m */ = {isa = PBXFileReference; lastKnownFileType = sourcecode.c.objc; path = NSOperationUITests.m; sourceTree = "<group>"; };
		28F108892196CD5300894128 /* Info.plist */ = {isa = PBXFileReference; lastKnownFileType = text.plist.xml; path = Info.plist; sourceTree = "<group>"; };
		28F108952196D70200894128 /* JHOperation.h */ = {isa = PBXFileReference; lastKnownFileType = sourcecode.c.h; path = JHOperation.h; sourceTree = "<group>"; };
		28F108962196D70200894128 /* JHOperation.m */ = {isa = PBXFileReference; lastKnownFileType = sourcecode.c.objc; path = JHOperation.m; sourceTree = "<group>"; };
/* End PBXFileReference section */

/* Begin PBXFrameworksBuildPhase section */
		28F1085D2196CD5000894128 /* Frameworks */ = {
			isa = PBXFrameworksBuildPhase;
			buildActionMask = 2147483647;
			files = (
			);
			runOnlyForDeploymentPostprocessing = 0;
		};
		28F108752196CD5300894128 /* Frameworks */ = {
			isa = PBXFrameworksBuildPhase;
			buildActionMask = 2147483647;
			files = (
			);
			runOnlyForDeploymentPostprocessing = 0;
		};
		28F108802196CD5300894128 /* Frameworks */ = {
			isa = PBXFrameworksBuildPhase;
			buildActionMask = 2147483647;
			files = (
			);
			runOnlyForDeploymentPostprocessing = 0;
		};
/* End PBXFrameworksBuildPhase section */

/* Begin PBXGroup section */
		28F108572196CD5000894128 = {
			isa = PBXGroup;
			children = (
				28F108622196CD5000894128 /* NSOperation */,
				28F1087B2196CD5300894128 /* NSOperationTests */,
				28F108862196CD5300894128 /* NSOperationUITests */,
				28F108612196CD5000894128 /* Products */,
			);
			sourceTree = "<group>";
		};
		28F108612196CD5000894128 /* Products */ = {
			isa = PBXGroup;
			children = (
				28F108602196CD5000894128 /* NSOperation.app */,
				28F108782196CD5300894128 /* NSOperationTests.xctest */,
				28F108832196CD5300894128 /* NSOperationUITests.xctest */,
			);
			name = Products;
			sourceTree = "<group>";
		};
		28F108622196CD5000894128 /* NSOperation */ = {
			isa = PBXGroup;
			children = (
				28F108632196CD5000894128 /* AppDelegate.h */,
				28F108642196CD5000894128 /* AppDelegate.m */,
				28F108662196CD5000894128 /* ViewController.h */,
				28F108672196CD5000894128 /* ViewController.m */,
				28F108952196D70200894128 /* JHOperation.h */,
				28F108962196D70200894128 /* JHOperation.m */,
				28F108692196CD5000894128 /* Main.storyboard */,
				28F1086C2196CD5200894128 /* Assets.xcassets */,
				28F1086E2196CD5200894128 /* LaunchScreen.storyboard */,
				28F108712196CD5300894128 /* Info.plist */,
				28F108722196CD5300894128 /* main.m */,
			);
			path = NSOperation;
			sourceTree = "<group>";
		};
		28F1087B2196CD5300894128 /* NSOperationTests */ = {
			isa = PBXGroup;
			children = (
				28F1087C2196CD5300894128 /* NSOperationTests.m */,
				28F1087E2196CD5300894128 /* Info.plist */,
			);
			path = NSOperationTests;
			sourceTree = "<group>";
		};
		28F108862196CD5300894128 /* NSOperationUITests */ = {
			isa = PBXGroup;
			children = (
				28F108872196CD5300894128 /* NSOperationUITests.m */,
				28F108892196CD5300894128 /* Info.plist */,
			);
			path = NSOperationUITests;
			sourceTree = "<group>";
		};
/* End PBXGroup section */

/* Begin PBXNativeTarget section */
		28F1085F2196CD5000894128 /* NSOperation */ = {
			isa = PBXNativeTarget;
			buildConfigurationList = 28F1088C2196CD5300894128 /* Build configuration list for PBXNativeTarget "NSOperation" */;
			buildPhases = (
				28F1085C2196CD5000894128 /* Sources */,
				28F1085D2196CD5000894128 /* Frameworks */,
				28F1085E2196CD5000894128 /* Resources */,
			);
			buildRules = (
			);
			dependencies = (
			);
			name = NSOperation;
			productName = NSOperation;
			productReference = 28F108602196CD5000894128 /* NSOperation.app */;
			productType = "com.apple.product-type.application";
		};
		28F108772196CD5300894128 /* NSOperationTests */ = {
			isa = PBXNativeTarget;
			buildConfigurationList = 28F1088F2196CD5300894128 /* Build configuration list for PBXNativeTarget "NSOperationTests" */;
			buildPhases = (
				28F108742196CD5300894128 /* Sources */,
				28F108752196CD5300894128 /* Frameworks */,
				28F108762196CD5300894128 /* Resources */,
			);
			buildRules = (
			);
			dependencies = (
				28F1087A2196CD5300894128 /* PBXTargetDependency */,
			);
			name = NSOperationTests;
			productName = NSOperationTests;
			productReference = 28F108782196CD5300894128 /* NSOperationTests.xctest */;
			productType = "com.apple.product-type.bundle.unit-test";
		};
		28F108822196CD5300894128 /* NSOperationUITests */ = {
			isa = PBXNativeTarget;
			buildConfigurationList = 28F108922196CD5300894128 /* Build configuration list for PBXNativeTarget "NSOperationUITests" */;
			buildPhases = (
				28F1087F2196CD5300894128 /* Sources */,
				28F108802196CD5300894128 /* Frameworks */,
				28F108812196CD5300894128 /* Resources */,
			);
			buildRules = (
			);
			dependencies = (
				28F108852196CD5300894128 /* PBXTargetDependency */,
			);
			name = NSOperationUITests;
			productName = NSOperationUITests;
			productReference = 28F108832196CD5300894128 /* NSOperationUITests.xctest */;
			productType = "com.apple.product-type.bundle.ui-testing";
		};
/* End PBXNativeTarget section */

/* Begin PBXProject section */
		28F108582196CD5000894128 /* Project object */ = {
			isa = PBXProject;
			attributes = {
				LastUpgradeCheck = 0940;
				ORGANIZATIONNAME = yunna;
				TargetAttributes = {
					28F1085F2196CD5000894128 = {
						CreatedOnToolsVersion = 9.4.1;
					};
					28F108772196CD5300894128 = {
						CreatedOnToolsVersion = 9.4.1;
						TestTargetID = 28F1085F2196CD5000894128;
					};
					28F108822196CD5300894128 = {
						CreatedOnToolsVersion = 9.4.1;
						TestTargetID = 28F1085F2196CD5000894128;
					};
				};
			};
			buildConfigurationList = 28F1085B2196CD5000894128 /* Build configuration list for PBXProject "NSOperation" */;
			compatibilityVersion = "Xcode 9.3";
			developmentRegion = en;
			hasScannedForEncodings = 0;
			knownRegions = (
				en,
				Base,
			);
			mainGroup = 28F108572196CD5000894128;
			productRefGroup = 28F108612196CD5000894128 /* Products */;
			projectDirPath = "";
			projectRoot = "";
			targets = (
				28F1085F2196CD5000894128 /* NSOperation */,
				28F108772196CD5300894128 /* NSOperationTests */,
				28F108822196CD5300894128 /* NSOperationUITests */,
			);
		};
/* End PBXProject section */

/* Begin PBXResourcesBuildPhase section */
		28F1085E2196CD5000894128 /* Resources */ = {
			isa = PBXResourcesBuildPhase;
			buildActionMask = 2147483647;
			files = (
				28F108702196CD5200894128 /* LaunchScreen.storyboard in Resources */,
				28F1086D2196CD5200894128 /* Assets.xcassets in Resources */,
				28F1086B2196CD5000894128 /* Main.storyboard in Resources */,
			);
			runOnlyForDeploymentPostprocessing = 0;
		};
		28F108762196CD5300894128 /* Resources */ = {
			isa = PBXResourcesBuildPhase;
			buildActionMask = 2147483647;
			files = (
			);
			runOnlyForDeploymentPostprocessing = 0;
		};
		28F108812196CD5300894128 /* Resources */ = {
			isa = PBXResourcesBuildPhase;
			buildActionMask = 2147483647;
			files = (
			);
			runOnlyForDeploymentPostprocessing = 0;
		};
/* End PBXResourcesBuildPhase section */

/* Begin PBXSourcesBuildPhase section */
		28F1085C2196CD5000894128 /* Sources */ = {
			isa = PBXSourcesBuildPhase;
			buildActionMask = 2147483647;
			files = (
				28F108682196CD5000894128 /* ViewController.m in Sources */,
				28F108732196CD5300894128 /* main.m in Sources */,
				28F108652196CD5000894128 /* AppDelegate.m in Sources */,
				28F108972196D70200894128 /* JHOperation.m in Sources */,
			);
			runOnlyForDeploymentPostprocessing = 0;
		};
		28F108742196CD5300894128 /* Sources */ = {
			isa = PBXSourcesBuildPhase;
			buildActionMask = 2147483647;
			files = (
				28F1087D2196CD5300894128 /* NSOperationTests.m in Sources */,
			);
			runOnlyForDeploymentPostprocessing = 0;
		};
		28F1087F2196CD5300894128 /* Sources */ = {
			isa = PBXSourcesBuildPhase;
			buildActionMask = 2147483647;
			files = (
				28F108882196CD5300894128 /* NSOperationUITests.m in Sources */,
			);
			runOnlyForDeploymentPostprocessing = 0;
		};
/* End PBXSourcesBuildPhase section */

/* Begin PBXTargetDependency section */
		28F1087A2196CD5300894128 /* PBXTargetDependency */ = {
			isa = PBXTargetDependency;
			target = 28F1085F2196CD5000894128 /* NSOperation */;
			targetProxy = 28F108792196CD5300894128 /* PBXContainerItemProxy */;
		};
		28F108852196CD5300894128 /* PBXTargetDependency */ = {
			isa = PBXTargetDependency;
			target = 28F1085F2196CD5000894128 /* NSOperation */;
			targetProxy = 28F108842196CD5300894128 /* PBXContainerItemProxy */;
		};
/* End PBXTargetDependency section */

/* Begin PBXVariantGroup section */
		28F108692196CD5000894128 /* Main.storyboard */ = {
			isa = PBXVariantGroup;
			children = (
				28F1086A2196CD5000894128 /* Base */,
			);
			name = Main.storyboard;
			sourceTree = "<group>";
		};
		28F1086E2196CD5200894128 /* LaunchScreen.storyboard */ = {
			isa = PBXVariantGroup;
			children = (
				28F1086F2196CD5200894128 /* Base */,
			);
			name = LaunchScreen.storyboard;
			sourceTree = "<group>";
		};
/* End PBXVariantGroup section */

/* Begin XCBuildConfiguration section */
		28F1088A2196CD5300894128 /* Debug */ = {
			isa = XCBuildConfiguration;
			buildSettings = {
				ALWAYS_SEARCH_USER_PATHS = NO;
				CLANG_ANALYZER_NONNULL = YES;
				CLANG_ANALYZER_NUMBER_OBJECT_CONVERSION = YES_AGGRESSIVE;
				CLANG_CXX_LANGUAGE_STANDARD = "gnu++14";
				CLANG_CXX_LIBRARY = "libc++";
				CLANG_ENABLE_MODULES = YES;
				CLANG_ENABLE_OBJC_ARC = YES;
				CLANG_ENABLE_OBJC_WEAK = YES;
				CLANG_WARN_BLOCK_CAPTURE_AUTORELEASING = YES;
				CLANG_WARN_BOOL_CONVERSION = YES;
				CLANG_WARN_COMMA = YES;
				CLANG_WARN_CONSTANT_CONVERSION = YES;
				CLANG_WARN_DEPRECATED_OBJC_IMPLEMENTATIONS = YES;
				CLANG_WARN_DIRECT_OBJC_ISA_USAGE = YES_ERROR;
				CLANG_WARN_DOCUMENTATION_COMMENTS = YES;
				CLANG_WARN_EMPTY_BODY = YES;
				CLANG_WARN_ENUM_CONVERSION = YES;
				CLANG_WARN_INFINITE_RECURSION = YES;
				CLANG_WARN_INT_CONVERSION = YES;
				CLANG_WARN_NON_LITERAL_NULL_CONVERSION = YES;
				CLANG_WARN_OBJC_IMPLICIT_RETAIN_SELF = YES;
				CLANG_WARN_OBJC_LITERAL_CONVERSION = YES;
				CLANG_WARN_OBJC_ROOT_CLASS = YES_ERROR;
				CLANG_WARN_RANGE_LOOP_ANALYSIS = YES;
				CLANG_WARN_STRICT_PROTOTYPES = YES;
				CLANG_WARN_SUSPICIOUS_MOVE = YES;
				CLANG_WARN_UNGUARDED_AVAILABILITY = YES_AGGRESSIVE;
				CLANG_WARN_UNREACHABLE_CODE = YES;
				CLANG_WARN__DUPLICATE_METHOD_MATCH = YES;
				CODE_SIGN_IDENTITY = "iPhone Developer";
				COPY_PHASE_STRIP = NO;
				DEBUG_INFORMATION_FORMAT = dwarf;
				ENABLE_STRICT_OBJC_MSGSEND = YES;
				ENABLE_TESTABILITY = YES;
				GCC_C_LANGUAGE_STANDARD = gnu11;
				GCC_DYNAMIC_NO_PIC = NO;
				GCC_NO_COMMON_BLOCKS = YES;
				GCC_OPTIMIZATION_LEVEL = 0;
				GCC_PREPROCESSOR_DEFINITIONS = (
					"DEBUG=1",
					"$(inherited)",
				);
				GCC_WARN_64_TO_32_BIT_CONVERSION = YES;
				GCC_WARN_ABOUT_RETURN_TYPE = YES_ERROR;
				GCC_WARN_UNDECLARED_SELECTOR = YES;
				GCC_WARN_UNINITIALIZED_AUTOS = YES_AGGRESSIVE;
				GCC_WARN_UNUSED_FUNCTION = YES;
				GCC_WARN_UNUSED_VARIABLE = YES;
				IPHONEOS_DEPLOYMENT_TARGET = 11.4;
				MTL_ENABLE_DEBUG_INFO = YES;
				ONLY_ACTIVE_ARCH = YES;
				SDKROOT = iphoneos;
			};
			name = Debug;
		};
		28F1088B2196CD5300894128 /* Release */ = {
			isa = XCBuildConfiguration;
			buildSettings = {
				ALWAYS_SEARCH_USER_PATHS = NO;
				CLANG_ANALYZER_NONNULL = YES;
				CLANG_ANALYZER_NUMBER_OBJECT_CONVERSION = YES_AGGRESSIVE;
				CLANG_CXX_LANGUAGE_STANDARD = "gnu++14";
				CLANG_CXX_LIBRARY = "libc++";
				CLANG_ENABLE_MODULES = YES;
				CLANG_ENABLE_OBJC_ARC = YES;
				CLANG_ENABLE_OBJC_WEAK = YES;
				CLANG_WARN_BLOCK_CAPTURE_AUTORELEASING = YES;
				CLANG_WARN_BOOL_CONVERSION = YES;
				CLANG_WARN_COMMA = YES;
				CLANG_WARN_CONSTANT_CONVERSION = YES;
				CLANG_WARN_DEPRECATED_OBJC_IMPLEMENTATIONS = YES;
				CLANG_WARN_DIRECT_OBJC_ISA_USAGE = YES_ERROR;
				CLANG_WARN_DOCUMENTATION_COMMENTS = YES;
				CLANG_WARN_EMPTY_BODY = YES;
				CLANG_WARN_ENUM_CONVERSION = YES;
				CLANG_WARN_INFINITE_RECURSION = YES;
				CLANG_WARN_INT_CONVERSION = YES;
				CLANG_WARN_NON_LITERAL_NULL_CONVERSION = YES;
				CLANG_WARN_OBJC_IMPLICIT_RETAIN_SELF = YES;
				CLANG_WARN_OBJC_LITERAL_CONVERSION = YES;
				CLANG_WARN_OBJC_ROOT_CLASS = YES_ERROR;
				CLANG_WARN_RANGE_LOOP_ANALYSIS = YES;
				CLANG_WARN_STRICT_PROTOTYPES = YES;
				CLANG_WARN_SUSPICIOUS_MOVE = YES;
				CLANG_WARN_UNGUARDED_AVAILABILITY = YES_AGGRESSIVE;
				CLANG_WARN_UNREACHABLE_CODE = YES;
				CLANG_WARN__DUPLICATE_METHOD_MATCH = YES;
				CODE_SIGN_IDENTITY = "iPhone Developer";
				COPY_PHASE_STRIP = NO;
				DEBUG_INFORMATION_FORMAT = "dwarf-with-dsym";
				ENABLE_NS_ASSERTIONS = NO;
				ENABLE_STRICT_OBJC_MSGSEND = YES;
				GCC_C_LANGUAGE_STANDARD = gnu11;
				GCC_NO_COMMON_BLOCKS = YES;
				GCC_WARN_64_TO_32_BIT_CONVERSION = YES;
				GCC_WARN_ABOUT_RETURN_TYPE = YES_ERROR;
				GCC_WARN_UNDECLARED_SELECTOR = YES;
				GCC_WARN_UNINITIALIZED_AUTOS = YES_AGGRESSIVE;
				GCC_WARN_UNUSED_FUNCTION = YES;
				GCC_WARN_UNUSED_VARIABLE = YES;
				IPHONEOS_DEPLOYMENT_TARGET = 11.4;
				MTL_ENABLE_DEBUG_INFO = NO;
				SDKROOT = iphoneos;
				VALIDATE_PRODUCT = YES;
			};
			name = Release;
		};
		28F1088D2196CD5300894128 /* Debug */ = {
			isa = XCBuildConfiguration;
			buildSettings = {
				ASSETCATALOG_COMPILER_APPICON_NAME = AppIcon;
				CODE_SIGN_STYLE = Automatic;
				DEVELOPMENT_TEAM = Z69Q2FEZS9;
				INFOPLIST_FILE = NSOperation/Info.plist;
				LD_RUNPATH_SEARCH_PATHS = (
					"$(inherited)",
					"@executable_path/Frameworks",
				);
				PRODUCT_BUNDLE_IDENTIFIER = yunna.NSOperation;
				PRODUCT_NAME = "$(TARGET_NAME)";
				TARGETED_DEVICE_FAMILY = "1,2";
			};
			name = Debug;
		};
		28F1088E2196CD5300894128 /* Release */ = {
			isa = XCBuildConfiguration;
			buildSettings = {
				ASSETCATALOG_COMPILER_APPICON_NAME = AppIcon;
				CODE_SIGN_STYLE = Automatic;
				DEVELOPMENT_TEAM = Z69Q2FEZS9;
				INFOPLIST_FILE = NSOperation/Info.plist;
				LD_RUNPATH_SEARCH_PATHS = (
					"$(inherited)",
					"@executable_path/Frameworks",
				);
				PRODUCT_BUNDLE_IDENTIFIER = yunna.NSOperation;
				PRODUCT_NAME = "$(TARGET_NAME)";
				TARGETED_DEVICE_FAMILY = "1,2";
			};
			name = Release;
		};
		28F108902196CD5300894128 /* Debug */ = {
			isa = XCBuildConfiguration;
			buildSettings = {
				BUNDLE_LOADER = "$(TEST_HOST)";
				CODE_SIGN_STYLE = Automatic;
				DEVELOPMENT_TEAM = Z69Q2FEZS9;
				INFOPLIST_FILE = NSOperationTests/Info.plist;
				LD_RUNPATH_SEARCH_PATHS = (
					"$(inherited)",
					"@executable_path/Frameworks",
					"@loader_path/Frameworks",
				);
				PRODUCT_BUNDLE_IDENTIFIER = yunna.NSOperationTests;
				PRODUCT_NAME = "$(TARGET_NAME)";
				TARGETED_DEVICE_FAMILY = "1,2";
				TEST_HOST = "$(BUILT_PRODUCTS_DIR)/NSOperation.app/NSOperation";
			};
			name = Debug;
		};
		28F108912196CD5300894128 /* Release */ = {
			isa = XCBuildConfiguration;
			buildSettings = {
				BUNDLE_LOADER = "$(TEST_HOST)";
				CODE_SIGN_STYLE = Automatic;
				DEVELOPMENT_TEAM = Z69Q2FEZS9;
				INFOPLIST_FILE = NSOperationTests/Info.plist;
				LD_RUNPATH_SEARCH_PATHS = (
					"$(inherited)",
					"@executable_path/Frameworks",
					"@loader_path/Frameworks",
				);
				PRODUCT_BUNDLE_IDENTIFIER = yunna.NSOperationTests;
				PRODUCT_NAME = "$(TARGET_NAME)";
				TARGETED_DEVICE_FAMILY = "1,2";
				TEST_HOST = "$(BUILT_PRODUCTS_DIR)/NSOperation.app/NSOperation";
			};
			name = Release;
		};
		28F108932196CD5300894128 /* Debug */ = {
			isa = XCBuildConfiguration;
			buildSettings = {
				CODE_SIGN_STYLE = Automatic;
				DEVELOPMENT_TEAM = Z69Q2FEZS9;
				INFOPLIST_FILE = NSOperationUITests/Info.plist;
				LD_RUNPATH_SEARCH_PATHS = (
					"$(inherited)",
					"@executable_path/Frameworks",
					"@loader_path/Frameworks",
				);
				PRODUCT_BUNDLE_IDENTIFIER = yunna.NSOperationUITests;
				PRODUCT_NAME = "$(TARGET_NAME)";
				TARGETED_DEVICE_FAMILY = "1,2";
				TEST_TARGET_NAME = NSOperation;
			};
			name = Debug;
		};
		28F108942196CD5300894128 /* Release */ = {
			isa = XCBuildConfiguration;
			buildSettings = {
				CODE_SIGN_STYLE = Automatic;
				DEVELOPMENT_TEAM = Z69Q2FEZS9;
				INFOPLIST_FILE = NSOperationUITests/Info.plist;
				LD_RUNPATH_SEARCH_PATHS = (
					"$(inherited)",
					"@executable_path/Frameworks",
					"@loader_path/Frameworks",
				);
				PRODUCT_BUNDLE_IDENTIFIER = yunna.NSOperationUITests;
				PRODUCT_NAME = "$(TARGET_NAME)";
				TARGETED_DEVICE_FAMILY = "1,2";
				TEST_TARGET_NAME = NSOperation;
			};
			name = Release;
		};
/* End XCBuildConfiguration section */

/* Begin XCConfigurationList section */
		28F1085B2196CD5000894128 /* Build configuration list for PBXProject "NSOperation" */ = {
			isa = XCConfigurationList;
			buildConfigurations = (
				28F1088A2196CD5300894128 /* Debug */,
				28F1088B2196CD5300894128 /* Release */,
			);
			defaultConfigurationIsVisible = 0;
			defaultConfigurationName = Release;
		};
		28F1088C2196CD5300894128 /* Build configuration list for PBXNativeTarget "NSOperation" */ = {
			isa = XCConfigurationList;
			buildConfigurations = (
				28F1088D2196CD5300894128 /* Debug */,
				28F1088E2196CD5300894128 /* Release */,
			);
			defaultConfigurationIsVisible = 0;
			defaultConfigurationName = Release;
		};
		28F1088F2196CD5300894128 /* Build configuration list for PBXNativeTarget "NSOperationTests" */ = {
			isa = XCConfigurationList;
			buildConfigurations = (
				28F108902196CD5300894128 /* Debug */,
				28F108912196CD5300894128 /* Release */,
			);
			defaultConfigurationIsVisible = 0;
			defaultConfigurationName = Release;
		};
		28F108922196CD5300894128 /* Build configuration list for PBXNativeTarget "NSOperationUITests" */ = {
			isa = XCConfigurationList;
			buildConfigurations = (
				28F108932196CD5300894128 /* Debug */,
				28F108942196CD5300894128 /* Release */,
			);
			defaultConfigurationIsVisible = 0;
			defaultConfigurationName = Release;
		};
/* End XCConfigurationList section */
	};
	rootObject = 28F108582196CD5000894128 /* Project object */;
}
