// !$*UTF8*$!
{
	archiveVersion = 1;
	classes = {
	};
	objectVersion = 50;
	objects = {

/* Begin PBXBuildFile section */
		28B1A14221A4FFAF0014DBCD /* main.m in Sources */ = {isa = PBXBuildFile; fileRef = 28B1A14121A4FFAF0014DBCD /* main.m */; };
		28B1A14A21A4FFE30014DBCD /* Person.m in Sources */ = {isa = PBXBuildFile; fileRef = 28B1A14921A4FFE30014DBCD /* Person.m */; };
		28B1A14D21A4FFF40014DBCD /* Person+eat.m in Sources */ = {isa = PBXBuildFile; fileRef = 28B1A14C21A4FFF40014DBCD /* Person+eat.m */; };
		28B1A15021A4FFFD0014DBCD /* Person+Run.m in Sources */ = {isa = PBXBuildFile; fileRef = 28B1A14F21A4FFFD0014DBCD /* Person+Run.m */; };
/* End PBXBuildFile section */

/* Begin PBXContainerItemProxy section */
		28B1A1CE21A505280014DBCD /* PBXContainerItemProxy */ = {
			isa = PBXContainerItemProxy;
			containerPortal = 28B1A1C421A505270014DBCD /* objc.xcodeproj */;
			proxyType = 2;
			remoteGlobalIDString = D2AAC0630554660B00DB518D;
			remoteInfo = objc;
		};
/* End PBXContainerItemProxy section */

/* Begin PBXCopyFilesBuildPhase section */
		28B1A13C21A4FFAF0014DBCD /* CopyFiles */ = {
			isa = PBXCopyFilesBuildPhase;
			buildActionMask = 2147483647;
			dstPath = /usr/share/man/man1/;
			dstSubfolderSpec = 0;
			files = (
			);
			runOnlyForDeploymentPostprocessing = 1;
		};
/* End PBXCopyFilesBuildPhase section */

/* Begin PBXFileReference section */
		28B1A13E21A4FFAF0014DBCD /* 分类 */ = {isa = PBXFileReference; explicitFileType = "compiled.mach-o.executable"; includeInIndex = 0; path = "分类"; sourceTree = BUILT_PRODUCTS_DIR; };
		28B1A14121A4FFAF0014DBCD /* main.m */ = {isa = PBXFileReference; lastKnownFileType = sourcecode.c.objc; path = main.m; sourceTree = "<group>"; };
		28B1A14821A4FFE30014DBCD /* Person.h */ = {isa = PBXFileReference; lastKnownFileType = sourcecode.c.h; path = Person.h; sourceTree = "<group>"; };
		28B1A14921A4FFE30014DBCD /* Person.m */ = {isa = PBXFileReference; lastKnownFileType = sourcecode.c.objc; path = Person.m; sourceTree = "<group>"; };
		28B1A14B21A4FFF40014DBCD /* Person+eat.h */ = {isa = PBXFileReference; lastKnownFileType = sourcecode.c.h; path = "Person+eat.h"; sourceTree = "<group>"; };
		28B1A14C21A4FFF40014DBCD /* Person+eat.m */ = {isa = PBXFileReference; lastKnownFileType = sourcecode.c.objc; path = "Person+eat.m"; sourceTree = "<group>"; };
		28B1A14E21A4FFFD0014DBCD /* Person+Run.h */ = {isa = PBXFileReference; lastKnownFileType = sourcecode.c.h; path = "Person+Run.h"; sourceTree = "<group>"; };
		28B1A14F21A4FFFD0014DBCD /* Person+Run.m */ = {isa = PBXFileReference; lastKnownFileType = sourcecode.c.objc; path = "Person+Run.m"; sourceTree = "<group>"; };
		28B1A15121A5011C0014DBCD /* Person+eat.cpp */ = {isa = PBXFileReference; lastKnownFileType = sourcecode.cpp.cpp; path = "Person+eat.cpp"; sourceTree = "<group>"; };
		28B1A15321A505270014DBCD /* version.bat */ = {isa = PBXFileReference; lastKnownFileType = text; path = version.bat; sourceTree = "<group>"; };
		28B1A15521A505270014DBCD /* objcrt.vcproj */ = {isa = PBXFileReference; lastKnownFileType = text.xml; path = objcrt.vcproj; sourceTree = "<group>"; };
		28B1A15621A505270014DBCD /* libobjc.order */ = {isa = PBXFileReference; lastKnownFileType = text; path = libobjc.order; sourceTree = "<group>"; };
		28B1A15721A505270014DBCD /* APPLE_LICENSE */ = {isa = PBXFileReference; lastKnownFileType = text; path = APPLE_LICENSE; sourceTree = "<group>"; };
		28B1A15821A505270014DBCD /* prebuild.bat */ = {isa = PBXFileReference; lastKnownFileType = text; path = prebuild.bat; sourceTree = "<group>"; };
		28B1A15921A505270014DBCD /* objc.suo */ = {isa = PBXFileReference; lastKnownFileType = file; path = objc.suo; sourceTree = "<group>"; };
		28B1A15A21A505270014DBCD /* unexported_symbols */ = {isa = PBXFileReference; lastKnownFileType = text; path = unexported_symbols; sourceTree = "<group>"; };
		28B1A15B21A505270014DBCD /* ReleaseNotes.rtf */ = {isa = PBXFileReference; lastKnownFileType = text.rtf; path = ReleaseNotes.rtf; sourceTree = "<group>"; };
		28B1A15D21A505270014DBCD /* Protocol.h */ = {isa = PBXFileReference; lastKnownFileType = sourcecode.c.h; path = Protocol.h; sourceTree = "<group>"; };
		28B1A15E21A505270014DBCD /* objc-file.mm */ = {isa = PBXFileReference; lastKnownFileType = sourcecode.cpp.objcpp; path = "objc-file.mm"; sourceTree = "<group>"; };
		28B1A15F21A505270014DBCD /* objc-errors.mm */ = {isa = PBXFileReference; lastKnownFileType = sourcecode.cpp.objcpp; path = "objc-errors.mm"; sourceTree = "<group>"; };
		28B1A16021A505270014DBCD /* objc-config.h */ = {isa = PBXFileReference; lastKnownFileType = sourcecode.c.h; path = "objc-config.h"; sourceTree = "<group>"; };
		28B1A16121A505270014DBCD /* objc-private.h */ = {isa = PBXFileReference; lastKnownFileType = sourcecode.c.h; path = "objc-private.h"; sourceTree = "<group>"; };
		28B1A16321A505270014DBCD /* objc-msg-arm.s */ = {isa = PBXFileReference; lastKnownFileType = sourcecode.asm; path = "objc-msg-arm.s"; sourceTree = "<group>"; };
		28B1A16421A505270014DBCD /* objc-msg-simulator-i386.s */ = {isa = PBXFileReference; lastKnownFileType = sourcecode.asm; path = "objc-msg-simulator-i386.s"; sourceTree = "<group>"; };
		28B1A16521A505270014DBCD /* objc-msg-i386.s */ = {isa = PBXFileReference; lastKnownFileType = sourcecode.asm; path = "objc-msg-i386.s"; sourceTree = "<group>"; };
		28B1A16621A505270014DBCD /* objc-msg-x86_64.s */ = {isa = PBXFileReference; lastKnownFileType = sourcecode.asm; path = "objc-msg-x86_64.s"; sourceTree = "<group>"; };
		28B1A16721A505270014DBCD /* objc-msg-simulator-x86_64.s */ = {isa = PBXFileReference; lastKnownFileType = sourcecode.asm; path = "objc-msg-simulator-x86_64.s"; sourceTree = "<group>"; };
		28B1A16821A505270014DBCD /* objc-msg-win32.m */ = {isa = PBXFileReference; lastKnownFileType = sourcecode.c.objc; path = "objc-msg-win32.m"; sourceTree = "<group>"; };
		28B1A16921A505270014DBCD /* objc-msg-arm64.s */ = {isa = PBXFileReference; lastKnownFileType = sourcecode.asm; path = "objc-msg-arm64.s"; sourceTree = "<group>"; };
		28B1A16A21A505270014DBCD /* llvm-DenseMapInfo.h */ = {isa = PBXFileReference; lastKnownFileType = sourcecode.c.h; path = "llvm-DenseMapInfo.h"; sourceTree = "<group>"; };
		28B1A16B21A505270014DBCD /* objc-class.mm */ = {isa = PBXFileReference; lastKnownFileType = sourcecode.cpp.objcpp; path = "objc-class.mm"; sourceTree = "<group>"; };
		28B1A16C21A505270014DBCD /* a1a2-blocktramps-x86_64.s */ = {isa = PBXFileReference; lastKnownFileType = sourcecode.asm; path = "a1a2-blocktramps-x86_64.s"; sourceTree = "<group>"; };
		28B1A16D21A505270014DBCD /* objc-runtime-new.mm */ = {isa = PBXFileReference; lastKnownFileType = sourcecode.cpp.objcpp; path = "objc-runtime-new.mm"; sourceTree = "<group>"; };
		28B1A16E21A505270014DBCD /* objc-file-old.mm */ = {isa = PBXFileReference; lastKnownFileType = sourcecode.cpp.objcpp; path = "objc-file-old.mm"; sourceTree = "<group>"; };
		28B1A16F21A505270014DBCD /* a1a2-blocktramps-i386.s */ = {isa = PBXFileReference; lastKnownFileType = sourcecode.asm; path = "a1a2-blocktramps-i386.s"; sourceTree = "<group>"; };
		28B1A17021A505270014DBCD /* objc-sel-table.s */ = {isa = PBXFileReference; lastKnownFileType = sourcecode.asm; path = "objc-sel-table.s"; sourceTree = "<group>"; };
		28B1A17121A505270014DBCD /* objc-locks-new.h */ = {isa = PBXFileReference; lastKnownFileType = sourcecode.c.h; path = "objc-locks-new.h"; sourceTree = "<group>"; };
		28B1A17221A505270014DBCD /* objc-os.h */ = {isa = PBXFileReference; lastKnownFileType = sourcecode.c.h; path = "objc-os.h"; sourceTree = "<group>"; };
		28B1A17321A505270014DBCD /* objc-exception.h */ = {isa = PBXFileReference; lastKnownFileType = sourcecode.c.h; path = "objc-exception.h"; sourceTree = "<group>"; };
		28B1A17421A505270014DBCD /* NSObjCRuntime.h */ = {isa = PBXFileReference; lastKnownFileType = sourcecode.c.h; path = NSObjCRuntime.h; sourceTree = "<group>"; };
		28B1A17521A505270014DBCD /* objc-cache-old.h */ = {isa = PBXFileReference; lastKnownFileType = sourcecode.c.h; path = "objc-cache-old.h"; sourceTree = "<group>"; };
		28B1A17621A505270014DBCD /* a2a3-blocktramps-i386.s */ = {isa = PBXFileReference; lastKnownFileType = sourcecode.asm; path = "a2a3-blocktramps-i386.s"; sourceTree = "<group>"; };
		28B1A17721A505270014DBCD /* NSObject.mm */ = {isa = PBXFileReference; lastKnownFileType = sourcecode.cpp.objcpp; path = NSObject.mm; sourceTree = "<group>"; };
		28B1A17821A505270014DBCD /* objcrt.h */ = {isa = PBXFileReference; lastKnownFileType = sourcecode.c.h; path = objcrt.h; sourceTree = "<group>"; };
		28B1A17921A505270014DBCD /* objc-references.mm */ = {isa = PBXFileReference; lastKnownFileType = sourcecode.cpp.objcpp; path = "objc-references.mm"; sourceTree = "<group>"; };
		28B1A17A21A505270014DBCD /* objc-sel-set.mm */ = {isa = PBXFileReference; lastKnownFileType = sourcecode.cpp.objcpp; path = "objc-sel-set.mm"; sourceTree = "<group>"; };
		28B1A17B21A505270014DBCD /* objc-sync.h */ = {isa = PBXFileReference; lastKnownFileType = sourcecode.c.h; path = "objc-sync.h"; sourceTree = "<group>"; };
		28B1A17C21A505270014DBCD /* hashtable.h */ = {isa = PBXFileReference; lastKnownFileType = sourcecode.c.h; path = hashtable.h; sourceTree = "<group>"; };
		28B1A17D21A505270014DBCD /* objc-initialize.mm */ = {isa = PBXFileReference; lastKnownFileType = sourcecode.cpp.objcpp; path = "objc-initialize.mm"; sourceTree = "<group>"; };
		28B1A17E21A505270014DBCD /* a2a3-blocktramps-x86_64.s */ = {isa = PBXFileReference; lastKnownFileType = sourcecode.asm; path = "a2a3-blocktramps-x86_64.s"; sourceTree = "<group>"; };
		28B1A17F21A505270014DBCD /* objc-load.mm */ = {isa = PBXFileReference; lastKnownFileType = sourcecode.cpp.objcpp; path = "objc-load.mm"; sourceTree = "<group>"; };
		28B1A18021A505270014DBCD /* objc-lockdebug.h */ = {isa = PBXFileReference; lastKnownFileType = sourcecode.c.h; path = "objc-lockdebug.h"; sourceTree = "<group>"; };
		28B1A18121A505270014DBCD /* objc-load.h */ = {isa = PBXFileReference; lastKnownFileType = sourcecode.c.h; path = "objc-load.h"; sourceTree = "<group>"; };
		28B1A18321A505270014DBCD /* ObjectiveC.apinotes */ = {isa = PBXFileReference; lastKnownFileType = text; path = ObjectiveC.apinotes; sourceTree = "<group>"; };
		28B1A18421A505270014DBCD /* module.modulemap */ = {isa = PBXFileReference; lastKnownFileType = "sourcecode.module-map"; path = module.modulemap; sourceTree = "<group>"; };
		28B1A18521A505270014DBCD /* llvm-type_traits.h */ = {isa = PBXFileReference; lastKnownFileType = sourcecode.c.h; path = "llvm-type_traits.h"; sourceTree = "<group>"; };
		28B1A18721A505270014DBCD /* List.m */ = {isa = PBXFileReference; lastKnownFileType = sourcecode.c.objc; path = List.m; sourceTree = "<group>"; };
		28B1A18821A505270014DBCD /* List.h */ = {isa = PBXFileReference; lastKnownFileType = sourcecode.c.h; path = List.h; sourceTree = "<group>"; };
		28B1A18921A505270014DBCD /* objc-block-trampolines.mm */ = {isa = PBXFileReference; lastKnownFileType = sourcecode.cpp.objcpp; path = "objc-block-trampolines.mm"; sourceTree = "<group>"; };
		28B1A18A21A505270014DBCD /* objc-loadmethod.mm */ = {isa = PBXFileReference; lastKnownFileType = sourcecode.cpp.objcpp; path = "objc-loadmethod.mm"; sourceTree = "<group>"; };
		28B1A18B21A505270014DBCD /* objc-runtime.mm */ = {isa = PBXFileReference; lastKnownFileType = sourcecode.cpp.objcpp; path = "objc-runtime.mm"; sourceTree = "<group>"; };
		28B1A18C21A505270014DBCD /* objc-file.h */ = {isa = PBXFileReference; lastKnownFileType = sourcecode.c.h; path = "objc-file.h"; sourceTree = "<group>"; };
		28B1A18D21A505270014DBCD /* objc-probes.d */ = {isa = PBXFileReference; lastKnownFileType = sourcecode.dtrace; path = "objc-probes.d"; sourceTree = "<group>"; };
		28B1A18E21A505270014DBCD /* objc-class-old.mm */ = {isa = PBXFileReference; lastKnownFileType = sourcecode.cpp.objcpp; path = "objc-class-old.mm"; sourceTree = "<group>"; };
		28B1A18F21A505270014DBCD /* message.h */ = {isa = PBXFileReference; lastKnownFileType = sourcecode.c.h; path = message.h; sourceTree = "<group>"; };
		28B1A19021A505270014DBCD /* objc-cache.h */ = {isa = PBXFileReference; lastKnownFileType = sourcecode.c.h; path = "objc-cache.h"; sourceTree = "<group>"; };
		28B1A19121A505270014DBCD /* objc-weak.mm */ = {isa = PBXFileReference; lastKnownFileType = sourcecode.cpp.objcpp; path = "objc-weak.mm"; sourceTree = "<group>"; };
		28B1A19221A505270014DBCD /* objc-env.h */ = {isa = PBXFileReference; lastKnownFileType = sourcecode.c.h; path = "objc-env.h"; sourceTree = "<group>"; };
		28B1A19321A505270014DBCD /* maptable.mm */ = {isa = PBXFileReference; lastKnownFileType = sourcecode.cpp.objcpp; path = maptable.mm; sourceTree = "<group>"; };
		28B1A19421A505270014DBCD /* objc-file-old.h */ = {isa = PBXFileReference; lastKnownFileType = sourcecode.c.h; path = "objc-file-old.h"; sourceTree = "<group>"; };
		28B1A19521A505270014DBCD /* objc.h */ = {isa = PBXFileReference; lastKnownFileType = sourcecode.c.h; path = objc.h; sourceTree = "<group>"; };
		28B1A19621A505270014DBCD /* objc-locks-old.h */ = {isa = PBXFileReference; lastKnownFileType = sourcecode.c.h; path = "objc-locks-old.h"; sourceTree = "<group>"; };
		28B1A19721A505270014DBCD /* objc-auto.mm */ = {isa = PBXFileReference; lastKnownFileType = sourcecode.cpp.objcpp; path = "objc-auto.mm"; sourceTree = "<group>"; };
		28B1A19821A505270014DBCD /* objc-cache-old.mm */ = {isa = PBXFileReference; lastKnownFileType = sourcecode.cpp.objcpp; path = "objc-cache-old.mm"; sourceTree = "<group>"; };
		28B1A19921A505270014DBCD /* objc-sel-set.h */ = {isa = PBXFileReference; lastKnownFileType = sourcecode.c.h; path = "objc-sel-set.h"; sourceTree = "<group>"; };
		28B1A19A21A505270014DBCD /* llvm-MathExtras.h */ = {isa = PBXFileReference; lastKnownFileType = sourcecode.c.h; path = "llvm-MathExtras.h"; sourceTree = "<group>"; };
		28B1A19B21A505270014DBCD /* objc-sel.mm */ = {isa = PBXFileReference; lastKnownFileType = sourcecode.cpp.objcpp; path = "objc-sel.mm"; sourceTree = "<group>"; };
		28B1A19C21A505270014DBCD /* runtime.h */ = {isa = PBXFileReference; lastKnownFileType = sourcecode.c.h; path = runtime.h; sourceTree = "<group>"; };
		28B1A19D21A505270014DBCD /* objc-gdb.h */ = {isa = PBXFileReference; lastKnownFileType = sourcecode.c.h; path = "objc-gdb.h"; sourceTree = "<group>"; };
		28B1A19E21A505270014DBCD /* objc-class.h */ = {isa = PBXFileReference; lastKnownFileType = sourcecode.c.h; path = "objc-class.h"; sourceTree = "<group>"; };
		28B1A19F21A505270014DBCD /* NSObject.h */ = {isa = PBXFileReference; lastKnownFileType = sourcecode.c.h; path = NSObject.h; sourceTree = "<group>"; };
		28B1A1A021A505270014DBCD /* objc-internal.h */ = {isa = PBXFileReference; lastKnownFileType = sourcecode.c.h; path = "objc-internal.h"; sourceTree = "<group>"; };
		28B1A1A121A505270014DBCD /* objc-weak.h */ = {isa = PBXFileReference; lastKnownFileType = sourcecode.c.h; path = "objc-weak.h"; sourceTree = "<group>"; };
		28B1A1A221A505270014DBCD /* Object.mm */ = {isa = PBXFileReference; lastKnownFileType = sourcecode.cpp.objcpp; path = Object.mm; sourceTree = "<group>"; };
		28B1A1A321A505270014DBCD /* objc-sync.mm */ = {isa = PBXFileReference; lastKnownFileType = sourcecode.cpp.objcpp; path = "objc-sync.mm"; sourceTree = "<group>"; };
		28B1A1A421A505270014DBCD /* maptable.h */ = {isa = PBXFileReference; lastKnownFileType = sourcecode.c.h; path = maptable.h; sourceTree = "<group>"; };
		28B1A1A521A505270014DBCD /* objc-runtime-old.h */ = {isa = PBXFileReference; lastKnownFileType = sourcecode.c.h; path = "objc-runtime-old.h"; sourceTree = "<group>"; };
		28B1A1A621A505270014DBCD /* objc-exception.mm */ = {isa = PBXFileReference; lastKnownFileType = sourcecode.cpp.objcpp; path = "objc-exception.mm"; sourceTree = "<group>"; };
		28B1A1A721A505270014DBCD /* objc-object.h */ = {isa = PBXFileReference; lastKnownFileType = sourcecode.c.h; path = "objc-object.h"; sourceTree = "<group>"; };
		28B1A1A821A505270014DBCD /* objc-layout.mm */ = {isa = PBXFileReference; lastKnownFileType = sourcecode.cpp.objcpp; path = "objc-layout.mm"; sourceTree = "<group>"; };
		28B1A1A921A505270014DBCD /* objc-initialize.h */ = {isa = PBXFileReference; lastKnownFileType = sourcecode.c.h; path = "objc-initialize.h"; sourceTree = "<group>"; };
		28B1A1AA21A505270014DBCD /* objc-runtime-old.mm */ = {isa = PBXFileReference; lastKnownFileType = sourcecode.cpp.objcpp; path = "objc-runtime-old.mm"; sourceTree = "<group>"; };
		28B1A1AB21A505270014DBCD /* objc-abi.h */ = {isa = PBXFileReference; lastKnownFileType = sourcecode.c.h; path = "objc-abi.h"; sourceTree = "<group>"; };
		28B1A1AC21A505270014DBCD /* a1a2-blocktramps-arm64.s */ = {isa = PBXFileReference; lastKnownFileType = sourcecode.asm; path = "a1a2-blocktramps-arm64.s"; sourceTree = "<group>"; };
		28B1A1AD21A505270014DBCD /* objc-os.mm */ = {isa = PBXFileReference; lastKnownFileType = sourcecode.cpp.objcpp; path = "objc-os.mm"; sourceTree = "<group>"; };
		28B1A1AE21A505270014DBCD /* objc-accessors.mm */ = {isa = PBXFileReference; lastKnownFileType = sourcecode.cpp.objcpp; path = "objc-accessors.mm"; sourceTree = "<group>"; };
		28B1A1AF21A505270014DBCD /* objcrt.c */ = {isa = PBXFileReference; lastKnownFileType = sourcecode.c.c; path = objcrt.c; sourceTree = "<group>"; };
		28B1A1B021A505270014DBCD /* objc-loadmethod.h */ = {isa = PBXFileReference; lastKnownFileType = sourcecode.c.h; path = "objc-loadmethod.h"; sourceTree = "<group>"; };
		28B1A1B121A505270014DBCD /* Object.h */ = {isa = PBXFileReference; lastKnownFileType = sourcecode.c.h; path = Object.h; sourceTree = "<group>"; };
		28B1A1B221A505270014DBCD /* hashtable2.mm */ = {isa = PBXFileReference; lastKnownFileType = sourcecode.cpp.objcpp; path = hashtable2.mm; sourceTree = "<group>"; };
		28B1A1B321A505270014DBCD /* a2a3-blocktramps-arm.s */ = {isa = PBXFileReference; lastKnownFileType = sourcecode.asm; path = "a2a3-blocktramps-arm.s"; sourceTree = "<group>"; };
		28B1A1B421A505270014DBCD /* objc-references.h */ = {isa = PBXFileReference; lastKnownFileType = sourcecode.c.h; path = "objc-references.h"; sourceTree = "<group>"; };
		28B1A1B521A505270014DBCD /* objc-sel-old.mm */ = {isa = PBXFileReference; lastKnownFileType = sourcecode.cpp.objcpp; path = "objc-sel-old.mm"; sourceTree = "<group>"; };
		28B1A1B621A505270014DBCD /* objc-typeencoding.mm */ = {isa = PBXFileReference; lastKnownFileType = sourcecode.cpp.objcpp; path = "objc-typeencoding.mm"; sourceTree = "<group>"; };
		28B1A1B721A505270014DBCD /* objc-opt.mm */ = {isa = PBXFileReference; lastKnownFileType = sourcecode.cpp.objcpp; path = "objc-opt.mm"; sourceTree = "<group>"; };
		28B1A1B821A505270014DBCD /* objc-runtime-new.h */ = {isa = PBXFileReference; lastKnownFileType = sourcecode.c.h; path = "objc-runtime-new.h"; sourceTree = "<group>"; };
		28B1A1B921A505270014DBCD /* objc-locks.h */ = {isa = PBXFileReference; lastKnownFileType = sourcecode.c.h; path = "objc-locks.h"; sourceTree = "<group>"; };
		28B1A1BA21A505270014DBCD /* objc-auto.h */ = {isa = PBXFileReference; lastKnownFileType = sourcecode.c.h; path = "objc-auto.h"; sourceTree = "<group>"; };
		28B1A1BB21A505270014DBCD /* objc-lockdebug.mm */ = {isa = PBXFileReference; lastKnownFileType = sourcecode.cpp.objcpp; path = "objc-lockdebug.mm"; sourceTree = "<group>"; };
		28B1A1BC21A505270014DBCD /* llvm-DenseMap.h */ = {isa = PBXFileReference; lastKnownFileType = sourcecode.c.h; path = "llvm-DenseMap.h"; sourceTree = "<group>"; };
		28B1A1BD21A505270014DBCD /* objc-cache.mm */ = {isa = PBXFileReference; lastKnownFileType = sourcecode.cpp.objcpp; path = "objc-cache.mm"; sourceTree = "<group>"; };
		28B1A1BE21A505270014DBCD /* a1a2-blocktramps-arm.s */ = {isa = PBXFileReference; lastKnownFileType = sourcecode.asm; path = "a1a2-blocktramps-arm.s"; sourceTree = "<group>"; };
		28B1A1BF21A505270014DBCD /* llvm-AlignOf.h */ = {isa = PBXFileReference; lastKnownFileType = sourcecode.c.h; path = "llvm-AlignOf.h"; sourceTree = "<group>"; };
		28B1A1C021A505270014DBCD /* objc-api.h */ = {isa = PBXFileReference; lastKnownFileType = sourcecode.c.h; path = "objc-api.h"; sourceTree = "<group>"; };
		28B1A1C121A505270014DBCD /* hashtable2.h */ = {isa = PBXFileReference; lastKnownFileType = sourcecode.c.h; path = hashtable2.h; sourceTree = "<group>"; };
		28B1A1C221A505270014DBCD /* Protocol.mm */ = {isa = PBXFileReference; lastKnownFileType = sourcecode.cpp.objcpp; path = Protocol.mm; sourceTree = "<group>"; };
		28B1A1C321A505270014DBCD /* objc-runtime.h */ = {isa = PBXFileReference; lastKnownFileType = sourcecode.c.h; path = "objc-runtime.h"; sourceTree = "<group>"; };
		28B1A1C421A505270014DBCD /* objc.xcodeproj */ = {isa = PBXFileReference; lastKnownFileType = "wrapper.pb-project"; path = objc.xcodeproj; sourceTree = "<group>"; };
		28B1A1C721A505270014DBCD /* interposable.txt */ = {isa = PBXFileReference; lastKnownFileType = text; path = interposable.txt; sourceTree = "<group>"; };
		28B1A1C821A505270014DBCD /* markgc.cpp */ = {isa = PBXFileReference; lastKnownFileType = sourcecode.cpp.cpp; path = markgc.cpp; sourceTree = "<group>"; };
		28B1A1C921A505270014DBCD /* version.rc */ = {isa = PBXFileReference; lastKnownFileType = text; path = version.rc; sourceTree = "<group>"; };
		28B1A1CA21A505270014DBCD /* objc.sln */ = {isa = PBXFileReference; lastKnownFileType = text; path = objc.sln; sourceTree = "<group>"; };
		28B1A1CB21A505270014DBCD /* objc.vcproj */ = {isa = PBXFileReference; lastKnownFileType = text.xml; path = objc.vcproj; sourceTree = "<group>"; };
/* End PBXFileReference section */

/* Begin PBXFrameworksBuildPhase section */
		28B1A13B21A4FFAF0014DBCD /* Frameworks */ = {
			isa = PBXFrameworksBuildPhase;
			buildActionMask = 2147483647;
			files = (
			);
			runOnlyForDeploymentPostprocessing = 0;
		};
/* End PBXFrameworksBuildPhase section */

/* Begin PBXGroup section */
		28B1A13521A4FFAF0014DBCD = {
			isa = PBXGroup;
			children = (
				28B1A14021A4FFAF0014DBCD /* 分类 */,
				28B1A13F21A4FFAF0014DBCD /* Products */,
			);
			sourceTree = "<group>";
		};
		28B1A13F21A4FFAF0014DBCD /* Products */ = {
			isa = PBXGroup;
			children = (
				28B1A13E21A4FFAF0014DBCD /* 分类 */,
			);
			name = Products;
			sourceTree = "<group>";
		};
		28B1A14021A4FFAF0014DBCD /* 分类 */ = {
			isa = PBXGroup;
			children = (
				28B1A14121A4FFAF0014DBCD /* main.m */,
				28B1A14821A4FFE30014DBCD /* Person.h */,
				28B1A14921A4FFE30014DBCD /* Person.m */,
				28B1A14B21A4FFF40014DBCD /* Person+eat.h */,
				28B1A14C21A4FFF40014DBCD /* Person+eat.m */,
				28B1A15121A5011C0014DBCD /* Person+eat.cpp */,
				28B1A14E21A4FFFD0014DBCD /* Person+Run.h */,
				28B1A14F21A4FFFD0014DBCD /* Person+Run.m */,
				28B1A15221A505270014DBCD /* objc4-723-1 */,
			);
			path = "分类";
			sourceTree = "<group>";
		};
		28B1A15221A505270014DBCD /* objc4-723-1 */ = {
			isa = PBXGroup;
			children = (
				28B1A15321A505270014DBCD /* version.bat */,
				28B1A15421A505270014DBCD /* objcrt */,
				28B1A15621A505270014DBCD /* libobjc.order */,
				28B1A15721A505270014DBCD /* APPLE_LICENSE */,
				28B1A15821A505270014DBCD /* prebuild.bat */,
				28B1A15921A505270014DBCD /* objc.suo */,
				28B1A15A21A505270014DBCD /* unexported_symbols */,
				28B1A15B21A505270014DBCD /* ReleaseNotes.rtf */,
				28B1A15C21A505270014DBCD /* runtime */,
				28B1A1C421A505270014DBCD /* objc.xcodeproj */,
				28B1A1C721A505270014DBCD /* interposable.txt */,
				28B1A1C821A505270014DBCD /* markgc.cpp */,
				28B1A1C921A505270014DBCD /* version.rc */,
				28B1A1CA21A505270014DBCD /* objc.sln */,
				28B1A1CB21A505270014DBCD /* objc.vcproj */,
			);
			name = "objc4-723-1";
			path = "../../../../../objc4-723-1";
			sourceTree = "<group>";
		};
		28B1A15421A505270014DBCD /* objcrt */ = {
			isa = PBXGroup;
			children = (
				28B1A15521A505270014DBCD /* objcrt.vcproj */,
			);
			path = objcrt;
			sourceTree = "<group>";
		};
		28B1A15C21A505270014DBCD /* runtime */ = {
			isa = PBXGroup;
			children = (
				28B1A15D21A505270014DBCD /* Protocol.h */,
				28B1A15E21A505270014DBCD /* objc-file.mm */,
				28B1A15F21A505270014DBCD /* objc-errors.mm */,
				28B1A16021A505270014DBCD /* objc-config.h */,
				28B1A16121A505270014DBCD /* objc-private.h */,
				28B1A16221A505270014DBCD /* Messengers.subproj */,
				28B1A16A21A505270014DBCD /* llvm-DenseMapInfo.h */,
				28B1A16B21A505270014DBCD /* objc-class.mm */,
				28B1A16C21A505270014DBCD /* a1a2-blocktramps-x86_64.s */,
				28B1A16D21A505270014DBCD /* objc-runtime-new.mm */,
				28B1A16E21A505270014DBCD /* objc-file-old.mm */,
				28B1A16F21A505270014DBCD /* a1a2-blocktramps-i386.s */,
				28B1A17021A505270014DBCD /* objc-sel-table.s */,
				28B1A17121A505270014DBCD /* objc-locks-new.h */,
				28B1A17221A505270014DBCD /* objc-os.h */,
				28B1A17321A505270014DBCD /* objc-exception.h */,
				28B1A17421A505270014DBCD /* NSObjCRuntime.h */,
				28B1A17521A505270014DBCD /* objc-cache-old.h */,
				28B1A17621A505270014DBCD /* a2a3-blocktramps-i386.s */,
				28B1A17721A505270014DBCD /* NSObject.mm */,
				28B1A17821A505270014DBCD /* objcrt.h */,
				28B1A17921A505270014DBCD /* objc-references.mm */,
				28B1A17A21A505270014DBCD /* objc-sel-set.mm */,
				28B1A17B21A505270014DBCD /* objc-sync.h */,
				28B1A17C21A505270014DBCD /* hashtable.h */,
				28B1A17D21A505270014DBCD /* objc-initialize.mm */,
				28B1A17E21A505270014DBCD /* a2a3-blocktramps-x86_64.s */,
				28B1A17F21A505270014DBCD /* objc-load.mm */,
				28B1A18021A505270014DBCD /* objc-lockdebug.h */,
				28B1A18121A505270014DBCD /* objc-load.h */,
				28B1A18221A505270014DBCD /* Module */,
				28B1A18521A505270014DBCD /* llvm-type_traits.h */,
				28B1A18621A505270014DBCD /* OldClasses.subproj */,
				28B1A18921A505270014DBCD /* objc-block-trampolines.mm */,
				28B1A18A21A505270014DBCD /* objc-loadmethod.mm */,
				28B1A18B21A505270014DBCD /* objc-runtime.mm */,
				28B1A18C21A505270014DBCD /* objc-file.h */,
				28B1A18D21A505270014DBCD /* objc-probes.d */,
				28B1A18E21A505270014DBCD /* objc-class-old.mm */,
				28B1A18F21A505270014DBCD /* message.h */,
				28B1A19021A505270014DBCD /* objc-cache.h */,
				28B1A19121A505270014DBCD /* objc-weak.mm */,
				28B1A19221A505270014DBCD /* objc-env.h */,
				28B1A19321A505270014DBCD /* maptable.mm */,
				28B1A19421A505270014DBCD /* objc-file-old.h */,
				28B1A19521A505270014DBCD /* objc.h */,
				28B1A19621A505270014DBCD /* objc-locks-old.h */,
				28B1A19721A505270014DBCD /* objc-auto.mm */,
				28B1A19821A505270014DBCD /* objc-cache-old.mm */,
				28B1A19921A505270014DBCD /* objc-sel-set.h */,
				28B1A19A21A505270014DBCD /* llvm-MathExtras.h */,
				28B1A19B21A505270014DBCD /* objc-sel.mm */,
				28B1A19C21A505270014DBCD /* runtime.h */,
				28B1A19D21A505270014DBCD /* objc-gdb.h */,
				28B1A19E21A505270014DBCD /* objc-class.h */,
				28B1A19F21A505270014DBCD /* NSObject.h */,
				28B1A1A021A505270014DBCD /* objc-internal.h */,
				28B1A1A121A505270014DBCD /* objc-weak.h */,
				28B1A1A221A505270014DBCD /* Object.mm */,
				28B1A1A321A505270014DBCD /* objc-sync.mm */,
				28B1A1A421A505270014DBCD /* maptable.h */,
				28B1A1A521A505270014DBCD /* objc-runtime-old.h */,
				28B1A1A621A505270014DBCD /* objc-exception.mm */,
				28B1A1A721A505270014DBCD /* objc-object.h */,
				28B1A1A821A505270014DBCD /* objc-layout.mm */,
				28B1A1A921A505270014DBCD /* objc-initialize.h */,
				28B1A1AA21A505270014DBCD /* objc-runtime-old.mm */,
				28B1A1AB21A505270014DBCD /* objc-abi.h */,
				28B1A1AC21A505270014DBCD /* a1a2-blocktramps-arm64.s */,
				28B1A1AD21A505270014DBCD /* objc-os.mm */,
				28B1A1AE21A505270014DBCD /* objc-accessors.mm */,
				28B1A1AF21A505270014DBCD /* objcrt.c */,
				28B1A1B021A505270014DBCD /* objc-loadmethod.h */,
				28B1A1B121A505270014DBCD /* Object.h */,
				28B1A1B221A505270014DBCD /* hashtable2.mm */,
				28B1A1B321A505270014DBCD /* a2a3-blocktramps-arm.s */,
				28B1A1B421A505270014DBCD /* objc-references.h */,
				28B1A1B521A505270014DBCD /* objc-sel-old.mm */,
				28B1A1B621A505270014DBCD /* objc-typeencoding.mm */,
				28B1A1B721A505270014DBCD /* objc-opt.mm */,
				28B1A1B821A505270014DBCD /* objc-runtime-new.h */,
				28B1A1B921A505270014DBCD /* objc-locks.h */,
				28B1A1BA21A505270014DBCD /* objc-auto.h */,
				28B1A1BB21A505270014DBCD /* objc-lockdebug.mm */,
				28B1A1BC21A505270014DBCD /* llvm-DenseMap.h */,
				28B1A1BD21A505270014DBCD /* objc-cache.mm */,
				28B1A1BE21A505270014DBCD /* a1a2-blocktramps-arm.s */,
				28B1A1BF21A505270014DBCD /* llvm-AlignOf.h */,
				28B1A1C021A505270014DBCD /* objc-api.h */,
				28B1A1C121A505270014DBCD /* hashtable2.h */,
				28B1A1C221A505270014DBCD /* Protocol.mm */,
				28B1A1C321A505270014DBCD /* objc-runtime.h */,
			);
			path = runtime;
			sourceTree = "<group>";
		};
		28B1A16221A505270014DBCD /* Messengers.subproj */ = {
			isa = PBXGroup;
			children = (
				28B1A16321A505270014DBCD /* objc-msg-arm.s */,
				28B1A16421A505270014DBCD /* objc-msg-simulator-i386.s */,
				28B1A16521A505270014DBCD /* objc-msg-i386.s */,
				28B1A16621A505270014DBCD /* objc-msg-x86_64.s */,
				28B1A16721A505270014DBCD /* objc-msg-simulator-x86_64.s */,
				28B1A16821A505270014DBCD /* objc-msg-win32.m */,
				28B1A16921A505270014DBCD /* objc-msg-arm64.s */,
			);
			path = Messengers.subproj;
			sourceTree = "<group>";
		};
		28B1A18221A505270014DBCD /* Module */ = {
			isa = PBXGroup;
			children = (
				28B1A18321A505270014DBCD /* ObjectiveC.apinotes */,
				28B1A18421A505270014DBCD /* module.modulemap */,
			);
			path = Module;
			sourceTree = "<group>";
		};
		28B1A18621A505270014DBCD /* OldClasses.subproj */ = {
			isa = PBXGroup;
			children = (
				28B1A18721A505270014DBCD /* List.m */,
				28B1A18821A505270014DBCD /* List.h */,
			);
			path = OldClasses.subproj;
			sourceTree = "<group>";
		};
		28B1A1C521A505270014DBCD /* Products */ = {
			isa = PBXGroup;
			children = (
				28B1A1CF21A505280014DBCD /* libobjc.A.dylib */,
			);
			name = Products;
			sourceTree = "<group>";
		};
/* End PBXGroup section */

/* Begin PBXNativeTarget section */
		28B1A13D21A4FFAF0014DBCD /* 分类 */ = {
			isa = PBXNativeTarget;
			buildConfigurationList = 28B1A14521A4FFAF0014DBCD /* Build configuration list for PBXNativeTarget "分类" */;
			buildPhases = (
				28B1A13A21A4FFAF0014DBCD /* Sources */,
				28B1A13B21A4FFAF0014DBCD /* Frameworks */,
				28B1A13C21A4FFAF0014DBCD /* CopyFiles */,
			);
			buildRules = (
			);
			dependencies = (
			);
			name = "分类";
			productName = "分类";
			productReference = 28B1A13E21A4FFAF0014DBCD /* 分类 */;
			productType = "com.apple.product-type.tool";
		};
/* End PBXNativeTarget section */

/* Begin PBXProject section */
		28B1A13621A4FFAF0014DBCD /* Project object */ = {
			isa = PBXProject;
			attributes = {
				LastUpgradeCheck = 1010;
				ORGANIZATIONNAME = yunna;
				TargetAttributes = {
					28B1A13D21A4FFAF0014DBCD = {
						CreatedOnToolsVersion = 10.1;
					};
				};
			};
			buildConfigurationList = 28B1A13921A4FFAF0014DBCD /* Build configuration list for PBXProject "分类" */;
			compatibilityVersion = "Xcode 9.3";
			developmentRegion = en;
			hasScannedForEncodings = 0;
			knownRegions = (
				en,
			);
			mainGroup = 28B1A13521A4FFAF0014DBCD;
			productRefGroup = 28B1A13F21A4FFAF0014DBCD /* Products */;
			projectDirPath = "";
			projectReferences = (
				{
					ProductGroup = 28B1A1C521A505270014DBCD /* Products */;
					ProjectRef = 28B1A1C421A505270014DBCD /* objc.xcodeproj */;
				},
			);
			projectRoot = "";
			targets = (
				28B1A13D21A4FFAF0014DBCD /* 分类 */,
			);
		};
/* End PBXProject section */

/* Begin PBXReferenceProxy section */
		28B1A1CF21A505280014DBCD /* libobjc.A.dylib */ = {
			isa = PBXReferenceProxy;
			fileType = "compiled.mach-o.dylib";
			path = libobjc.A.dylib;
			remoteRef = 28B1A1CE21A505280014DBCD /* PBXContainerItemProxy */;
			sourceTree = BUILT_PRODUCTS_DIR;
		};
/* End PBXReferenceProxy section */

/* Begin PBXSourcesBuildPhase section */
		28B1A13A21A4FFAF0014DBCD /* Sources */ = {
			isa = PBXSourcesBuildPhase;
			buildActionMask = 2147483647;
			files = (
				28B1A14A21A4FFE30014DBCD /* Person.m in Sources */,
				28B1A14221A4FFAF0014DBCD /* main.m in Sources */,
				28B1A15021A4FFFD0014DBCD /* Person+Run.m in Sources */,
				28B1A14D21A4FFF40014DBCD /* Person+eat.m in Sources */,
			);
			runOnlyForDeploymentPostprocessing = 0;
		};
/* End PBXSourcesBuildPhase section */

/* Begin XCBuildConfiguration section */
		28B1A14321A4FFAF0014DBCD /* Debug */ = {
			isa = XCBuildConfiguration;
			buildSettings = {
				ALWAYS_SEARCH_USER_PATHS = NO;
				CLANG_ANALYZER_NONNULL = YES;
				CLANG_ANALYZER_NUMBER_OBJECT_CONVERSION = YES_AGGRESSIVE;
				CLANG_CXX_LANGUAGE_STANDARD = "gnu++14";
				CLANG_CXX_LIBRARY = "libc++";
				CLANG_ENABLE_MODULES = YES;
				CLANG_ENABLE_OBJC_ARC = YES;
				CLANG_ENABLE_OBJC_WEAK = YES;
				CLANG_WARN_BLOCK_CAPTURE_AUTORELEASING = YES;
				CLANG_WARN_BOOL_CONVERSION = YES;
				CLANG_WARN_COMMA = YES;
				CLANG_WARN_CONSTANT_CONVERSION = YES;
				CLANG_WARN_DEPRECATED_OBJC_IMPLEMENTATIONS = YES;
				CLANG_WARN_DIRECT_OBJC_ISA_USAGE = YES_ERROR;
				CLANG_WARN_DOCUMENTATION_COMMENTS = YES;
				CLANG_WARN_EMPTY_BODY = YES;
				CLANG_WARN_ENUM_CONVERSION = YES;
				CLANG_WARN_INFINITE_RECURSION = YES;
				CLANG_WARN_INT_CONVERSION = YES;
				CLANG_WARN_NON_LITERAL_NULL_CONVERSION = YES;
				CLANG_WARN_OBJC_IMPLICIT_RETAIN_SELF = YES;
				CLANG_WARN_OBJC_LITERAL_CONVERSION = YES;
				CLANG_WARN_OBJC_ROOT_CLASS = YES_ERROR;
				CLANG_WARN_RANGE_LOOP_ANALYSIS = YES;
				CLANG_WARN_STRICT_PROTOTYPES = YES;
				CLANG_WARN_SUSPICIOUS_MOVE = YES;
				CLANG_WARN_UNGUARDED_AVAILABILITY = YES_AGGRESSIVE;
				CLANG_WARN_UNREACHABLE_CODE = YES;
				CLANG_WARN__DUPLICATE_METHOD_MATCH = YES;
				CODE_SIGN_IDENTITY = "Mac Developer";
				COPY_PHASE_STRIP = NO;
				DEBUG_INFORMATION_FORMAT = dwarf;
				ENABLE_STRICT_OBJC_MSGSEND = YES;
				ENABLE_TESTABILITY = YES;
				GCC_C_LANGUAGE_STANDARD = gnu11;
				GCC_DYNAMIC_NO_PIC = NO;
				GCC_NO_COMMON_BLOCKS = YES;
				GCC_OPTIMIZATION_LEVEL = 0;
				GCC_PREPROCESSOR_DEFINITIONS = (
					"DEBUG=1",
					"$(inherited)",
				);
				GCC_WARN_64_TO_32_BIT_CONVERSION = YES;
				GCC_WARN_ABOUT_RETURN_TYPE = YES_ERROR;
				GCC_WARN_UNDECLARED_SELECTOR = YES;
				GCC_WARN_UNINITIALIZED_AUTOS = YES_AGGRESSIVE;
				GCC_WARN_UNUSED_FUNCTION = YES;
				GCC_WARN_UNUSED_VARIABLE = YES;
				MACOSX_DEPLOYMENT_TARGET = 10.13;
				MTL_ENABLE_DEBUG_INFO = INCLUDE_SOURCE;
				MTL_FAST_MATH = YES;
				ONLY_ACTIVE_ARCH = YES;
				SDKROOT = macosx;
			};
			name = Debug;
		};
		28B1A14421A4FFAF0014DBCD /* Release */ = {
			isa = XCBuildConfiguration;
			buildSettings = {
				ALWAYS_SEARCH_USER_PATHS = NO;
				CLANG_ANALYZER_NONNULL = YES;
				CLANG_ANALYZER_NUMBER_OBJECT_CONVERSION = YES_AGGRESSIVE;
				CLANG_CXX_LANGUAGE_STANDARD = "gnu++14";
				CLANG_CXX_LIBRARY = "libc++";
				CLANG_ENABLE_MODULES = YES;
				CLANG_ENABLE_OBJC_ARC = YES;
				CLANG_ENABLE_OBJC_WEAK = YES;
				CLANG_WARN_BLOCK_CAPTURE_AUTORELEASING = YES;
				CLANG_WARN_BOOL_CONVERSION = YES;
				CLANG_WARN_COMMA = YES;
				CLANG_WARN_CONSTANT_CONVERSION = YES;
				CLANG_WARN_DEPRECATED_OBJC_IMPLEMENTATIONS = YES;
				CLANG_WARN_DIRECT_OBJC_ISA_USAGE = YES_ERROR;
				CLANG_WARN_DOCUMENTATION_COMMENTS = YES;
				CLANG_WARN_EMPTY_BODY = YES;
				CLANG_WARN_ENUM_CONVERSION = YES;
				CLANG_WARN_INFINITE_RECURSION = YES;
				CLANG_WARN_INT_CONVERSION = YES;
				CLANG_WARN_NON_LITERAL_NULL_CONVERSION = YES;
				CLANG_WARN_OBJC_IMPLICIT_RETAIN_SELF = YES;
				CLANG_WARN_OBJC_LITERAL_CONVERSION = YES;
				CLANG_WARN_OBJC_ROOT_CLASS = YES_ERROR;
				CLANG_WARN_RANGE_LOOP_ANALYSIS = YES;
				CLANG_WARN_STRICT_PROTOTYPES = YES;
				CLANG_WARN_SUSPICIOUS_MOVE = YES;
				CLANG_WARN_UNGUARDED_AVAILABILITY = YES_AGGRESSIVE;
				CLANG_WARN_UNREACHABLE_CODE = YES;
				CLANG_WARN__DUPLICATE_METHOD_MATCH = YES;
				CODE_SIGN_IDENTITY = "Mac Developer";
				COPY_PHASE_STRIP = NO;
				DEBUG_INFORMATION_FORMAT = "dwarf-with-dsym";
				ENABLE_NS_ASSERTIONS = NO;
				ENABLE_STRICT_OBJC_MSGSEND = YES;
				GCC_C_LANGUAGE_STANDARD = gnu11;
				GCC_NO_COMMON_BLOCKS = YES;
				GCC_WARN_64_TO_32_BIT_CONVERSION = YES;
				GCC_WARN_ABOUT_RETURN_TYPE = YES_ERROR;
				GCC_WARN_UNDECLARED_SELECTOR = YES;
				GCC_WARN_UNINITIALIZED_AUTOS = YES_AGGRESSIVE;
				GCC_WARN_UNUSED_FUNCTION = YES;
				GCC_WARN_UNUSED_VARIABLE = YES;
				MACOSX_DEPLOYMENT_TARGET = 10.13;
				MTL_ENABLE_DEBUG_INFO = NO;
				MTL_FAST_MATH = YES;
				SDKROOT = macosx;
			};
			name = Release;
		};
		28B1A14621A4FFAF0014DBCD /* Debug */ = {
			isa = XCBuildConfiguration;
			buildSettings = {
				CODE_SIGN_STYLE = Automatic;
				DEVELOPMENT_TEAM = Z69Q2FEZS9;
				PRODUCT_NAME = "$(TARGET_NAME)";
			};
			name = Debug;
		};
		28B1A14721A4FFAF0014DBCD /* Release */ = {
			isa = XCBuildConfiguration;
			buildSettings = {
				CODE_SIGN_STYLE = Automatic;
				DEVELOPMENT_TEAM = Z69Q2FEZS9;
				PRODUCT_NAME = "$(TARGET_NAME)";
			};
			name = Release;
		};
/* End XCBuildConfiguration section */

/* Begin XCConfigurationList section */
		28B1A13921A4FFAF0014DBCD /* Build configuration list for PBXProject "分类" */ = {
			isa = XCConfigurationList;
			buildConfigurations = (
				28B1A14321A4FFAF0014DBCD /* Debug */,
				28B1A14421A4FFAF0014DBCD /* Release */,
			);
			defaultConfigurationIsVisible = 0;
			defaultConfigurationName = Release;
		};
		28B1A14521A4FFAF0014DBCD /* Build configuration list for PBXNativeTarget "分类" */ = {
			isa = XCConfigurationList;
			buildConfigurations = (
				28B1A14621A4FFAF0014DBCD /* Debug */,
				28B1A14721A4FFAF0014DBCD /* Release */,
			);
			defaultConfigurationIsVisible = 0;
			defaultConfigurationName = Release;
		};
/* End XCConfigurationList section */
	};
	rootObject = 28B1A13621A4FFAF0014DBCD /* Project object */;
}
