// !$*UTF8*$!
{
	archiveVersion = 1;
	classes = {
	};
	objectVersion = 50;
	objects = {

/* Begin PBXBuildFile section */
		284487BD219D168E002B5630 /* OSSpinLockDemo.m in Sources */ = {isa = PBXBuildFile; fileRef = 284487BC219D168E002B5630 /* OSSpinLockDemo.m */; };
		284487C0219D192E002B5630 /* os_unfair_lockDemo.m in Sources */ = {isa = PBXBuildFile; fileRef = 284487BF219D192E002B5630 /* os_unfair_lockDemo.m */; };
		284487C3219D1AAA002B5630 /* pthread_mutexDemo.m in Sources */ = {isa = PBXBuildFile; fileRef = 284487C2219D1AAA002B5630 /* pthread_mutexDemo.m */; };
		28907EBE219BEE7800ADB502 /* AppDelegate.m in Sources */ = {isa = PBXBuildFile; fileRef = 28907EBD219BEE7800ADB502 /* AppDelegate.m */; };
		28907EC1219BEE7800ADB502 /* ViewController.m in Sources */ = {isa = PBXBuildFile; fileRef = 28907EC0219BEE7800ADB502 /* ViewController.m */; };
		28907EC4219BEE7800ADB502 /* Main.storyboard in Resources */ = {isa = PBXBuildFile; fileRef = 28907EC2219BEE7800ADB502 /* Main.storyboard */; };
		28907EC6219BEE7900ADB502 /* Assets.xcassets in Resources */ = {isa = PBXBuildFile; fileRef = 28907EC5219BEE7900ADB502 /* Assets.xcassets */; };
		28907EC9219BEE7900ADB502 /* LaunchScreen.storyboard in Resources */ = {isa = PBXBuildFile; fileRef = 28907EC7219BEE7900ADB502 /* LaunchScreen.storyboard */; };
		28907ECC219BEE7900ADB502 /* main.m in Sources */ = {isa = PBXBuildFile; fileRef = 28907ECB219BEE7900ADB502 /* main.m */; };
		28907ED6219BEE7900ADB502 /* ____Tests.m in Sources */ = {isa = PBXBuildFile; fileRef = 28907ED5219BEE7900ADB502 /* ____Tests.m */; };
		28907EE1219BEE7900ADB502 /* ____UITests.m in Sources */ = {isa = PBXBuildFile; fileRef = 28907EE0219BEE7900ADB502 /* ____UITests.m */; };
		28907EF1219BFF3400ADB502 /* BaseDemo.m in Sources */ = {isa = PBXBuildFile; fileRef = 28907EF0219BFF3400ADB502 /* BaseDemo.m */; };
		28D0A84421A005A2005A0BC0 /* pthread_mutexDemo1.m in Sources */ = {isa = PBXBuildFile; fileRef = 28D0A84321A005A2005A0BC0 /* pthread_mutexDemo1.m */; };
		28D0A84721A00A65005A0BC0 /* LockDemo.m in Sources */ = {isa = PBXBuildFile; fileRef = 28D0A84621A00A65005A0BC0 /* LockDemo.m */; };
		28D0A84A21A00C12005A0BC0 /* RecursiveLockDemo.m in Sources */ = {isa = PBXBuildFile; fileRef = 28D0A84921A00C12005A0BC0 /* RecursiveLockDemo.m */; };
		28D0A84D21A00D26005A0BC0 /* NSConditionDemo.m in Sources */ = {isa = PBXBuildFile; fileRef = 28D0A84C21A00D26005A0BC0 /* NSConditionDemo.m */; };
		28D0A85021A013B7005A0BC0 /* NSConditionLockDemo.m in Sources */ = {isa = PBXBuildFile; fileRef = 28D0A84F21A013B7005A0BC0 /* NSConditionLockDemo.m */; };
		28D0A85321A01696005A0BC0 /* dispatch_semaphoreDemo.m in Sources */ = {isa = PBXBuildFile; fileRef = 28D0A85221A01696005A0BC0 /* dispatch_semaphoreDemo.m */; };
		28D0A85621A01C4B005A0BC0 /* synchronizedDemo.m in Sources */ = {isa = PBXBuildFile; fileRef = 28D0A85521A01C4B005A0BC0 /* synchronizedDemo.m */; };
		28D0A85921A02119005A0BC0 /* pthread_rwlockDemo.m in Sources */ = {isa = PBXBuildFile; fileRef = 28D0A85821A02119005A0BC0 /* pthread_rwlockDemo.m */; };
/* End PBXBuildFile section */

/* Begin PBXContainerItemProxy section */
		28907ED2219BEE7900ADB502 /* PBXContainerItemProxy */ = {
			isa = PBXContainerItemProxy;
			containerPortal = 28907EB1219BEE7800ADB502 /* Project object */;
			proxyType = 1;
			remoteGlobalIDString = 28907EB8219BEE7800ADB502;
			remoteInfo = "线程安全";
		};
		28907EDD219BEE7900ADB502 /* PBXContainerItemProxy */ = {
			isa = PBXContainerItemProxy;
			containerPortal = 28907EB1219BEE7800ADB502 /* Project object */;
			proxyType = 1;
			remoteGlobalIDString = 28907EB8219BEE7800ADB502;
			remoteInfo = "线程安全";
		};
/* End PBXContainerItemProxy section */

/* Begin PBXFileReference section */
		284487BB219D168E002B5630 /* OSSpinLockDemo.h */ = {isa = PBXFileReference; lastKnownFileType = sourcecode.c.h; path = OSSpinLockDemo.h; sourceTree = "<group>"; };
		284487BC219D168E002B5630 /* OSSpinLockDemo.m */ = {isa = PBXFileReference; lastKnownFileType = sourcecode.c.objc; path = OSSpinLockDemo.m; sourceTree = "<group>"; };
		284487BE219D192E002B5630 /* os_unfair_lockDemo.h */ = {isa = PBXFileReference; lastKnownFileType = sourcecode.c.h; path = os_unfair_lockDemo.h; sourceTree = "<group>"; };
		284487BF219D192E002B5630 /* os_unfair_lockDemo.m */ = {isa = PBXFileReference; lastKnownFileType = sourcecode.c.objc; path = os_unfair_lockDemo.m; sourceTree = "<group>"; };
		284487C1219D1AAA002B5630 /* pthread_mutexDemo.h */ = {isa = PBXFileReference; lastKnownFileType = sourcecode.c.h; path = pthread_mutexDemo.h; sourceTree = "<group>"; };
		284487C2219D1AAA002B5630 /* pthread_mutexDemo.m */ = {isa = PBXFileReference; lastKnownFileType = sourcecode.c.objc; path = pthread_mutexDemo.m; sourceTree = "<group>"; };
		28907EB9219BEE7800ADB502 /* 线程安全.app */ = {isa = PBXFileReference; explicitFileType = wrapper.application; includeInIndex = 0; path = "线程安全.app"; sourceTree = BUILT_PRODUCTS_DIR; };
		28907EBC219BEE7800ADB502 /* AppDelegate.h */ = {isa = PBXFileReference; lastKnownFileType = sourcecode.c.h; path = AppDelegate.h; sourceTree = "<group>"; };
		28907EBD219BEE7800ADB502 /* AppDelegate.m */ = {isa = PBXFileReference; lastKnownFileType = sourcecode.c.objc; path = AppDelegate.m; sourceTree = "<group>"; };
		28907EBF219BEE7800ADB502 /* ViewController.h */ = {isa = PBXFileReference; lastKnownFileType = sourcecode.c.h; path = ViewController.h; sourceTree = "<group>"; };
		28907EC0219BEE7800ADB502 /* ViewController.m */ = {isa = PBXFileReference; lastKnownFileType = sourcecode.c.objc; path = ViewController.m; sourceTree = "<group>"; };
		28907EC3219BEE7800ADB502 /* Base */ = {isa = PBXFileReference; lastKnownFileType = file.storyboard; name = Base; path = Base.lproj/Main.storyboard; sourceTree = "<group>"; };
		28907EC5219BEE7900ADB502 /* Assets.xcassets */ = {isa = PBXFileReference; lastKnownFileType = folder.assetcatalog; path = Assets.xcassets; sourceTree = "<group>"; };
		28907EC8219BEE7900ADB502 /* Base */ = {isa = PBXFileReference; lastKnownFileType = file.storyboard; name = Base; path = Base.lproj/LaunchScreen.storyboard; sourceTree = "<group>"; };
		28907ECA219BEE7900ADB502 /* Info.plist */ = {isa = PBXFileReference; lastKnownFileType = text.plist.xml; path = Info.plist; sourceTree = "<group>"; };
		28907ECB219BEE7900ADB502 /* main.m */ = {isa = PBXFileReference; lastKnownFileType = sourcecode.c.objc; path = main.m; sourceTree = "<group>"; };
		28907ED1219BEE7900ADB502 /* 线程安全Tests.xctest */ = {isa = PBXFileReference; explicitFileType = wrapper.cfbundle; includeInIndex = 0; path = "线程安全Tests.xctest"; sourceTree = BUILT_PRODUCTS_DIR; };
		28907ED5219BEE7900ADB502 /* ____Tests.m */ = {isa = PBXFileReference; lastKnownFileType = sourcecode.c.objc; path = "____Tests.m"; sourceTree = "<group>"; };
		28907ED7219BEE7900ADB502 /* Info.plist */ = {isa = PBXFileReference; lastKnownFileType = text.plist.xml; path = Info.plist; sourceTree = "<group>"; };
		28907EDC219BEE7900ADB502 /* 线程安全UITests.xctest */ = {isa = PBXFileReference; explicitFileType = wrapper.cfbundle; includeInIndex = 0; path = "线程安全UITests.xctest"; sourceTree = BUILT_PRODUCTS_DIR; };
		28907EE0219BEE7900ADB502 /* ____UITests.m */ = {isa = PBXFileReference; lastKnownFileType = sourcecode.c.objc; path = "____UITests.m"; sourceTree = "<group>"; };
		28907EE2219BEE7900ADB502 /* Info.plist */ = {isa = PBXFileReference; lastKnownFileType = text.plist.xml; path = Info.plist; sourceTree = "<group>"; };
		28907EEF219BFF3400ADB502 /* BaseDemo.h */ = {isa = PBXFileReference; lastKnownFileType = sourcecode.c.h; path = BaseDemo.h; sourceTree = "<group>"; };
		28907EF0219BFF3400ADB502 /* BaseDemo.m */ = {isa = PBXFileReference; lastKnownFileType = sourcecode.c.objc; path = BaseDemo.m; sourceTree = "<group>"; };
		28D0A84221A005A2005A0BC0 /* pthread_mutexDemo1.h */ = {isa = PBXFileReference; lastKnownFileType = sourcecode.c.h; path = pthread_mutexDemo1.h; sourceTree = "<group>"; };
		28D0A84321A005A2005A0BC0 /* pthread_mutexDemo1.m */ = {isa = PBXFileReference; lastKnownFileType = sourcecode.c.objc; path = pthread_mutexDemo1.m; sourceTree = "<group>"; };
		28D0A84521A00A65005A0BC0 /* LockDemo.h */ = {isa = PBXFileReference; lastKnownFileType = sourcecode.c.h; path = LockDemo.h; sourceTree = "<group>"; };
		28D0A84621A00A65005A0BC0 /* LockDemo.m */ = {isa = PBXFileReference; lastKnownFileType = sourcecode.c.objc; path = LockDemo.m; sourceTree = "<group>"; };
		28D0A84821A00C12005A0BC0 /* RecursiveLockDemo.h */ = {isa = PBXFileReference; lastKnownFileType = sourcecode.c.h; path = RecursiveLockDemo.h; sourceTree = "<group>"; };
		28D0A84921A00C12005A0BC0 /* RecursiveLockDemo.m */ = {isa = PBXFileReference; lastKnownFileType = sourcecode.c.objc; path = RecursiveLockDemo.m; sourceTree = "<group>"; };
		28D0A84B21A00D26005A0BC0 /* NSConditionDemo.h */ = {isa = PBXFileReference; lastKnownFileType = sourcecode.c.h; path = NSConditionDemo.h; sourceTree = "<group>"; };
		28D0A84C21A00D26005A0BC0 /* NSConditionDemo.m */ = {isa = PBXFileReference; lastKnownFileType = sourcecode.c.objc; path = NSConditionDemo.m; sourceTree = "<group>"; };
		28D0A84E21A013B7005A0BC0 /* NSConditionLockDemo.h */ = {isa = PBXFileReference; lastKnownFileType = sourcecode.c.h; path = NSConditionLockDemo.h; sourceTree = "<group>"; };
		28D0A84F21A013B7005A0BC0 /* NSConditionLockDemo.m */ = {isa = PBXFileReference; lastKnownFileType = sourcecode.c.objc; path = NSConditionLockDemo.m; sourceTree = "<group>"; };
		28D0A85121A01696005A0BC0 /* dispatch_semaphoreDemo.h */ = {isa = PBXFileReference; lastKnownFileType = sourcecode.c.h; path = dispatch_semaphoreDemo.h; sourceTree = "<group>"; };
		28D0A85221A01696005A0BC0 /* dispatch_semaphoreDemo.m */ = {isa = PBXFileReference; lastKnownFileType = sourcecode.c.objc; path = dispatch_semaphoreDemo.m; sourceTree = "<group>"; };
		28D0A85421A01C4B005A0BC0 /* synchronizedDemo.h */ = {isa = PBXFileReference; lastKnownFileType = sourcecode.c.h; path = synchronizedDemo.h; sourceTree = "<group>"; };
		28D0A85521A01C4B005A0BC0 /* synchronizedDemo.m */ = {isa = PBXFileReference; lastKnownFileType = sourcecode.c.objc; path = synchronizedDemo.m; sourceTree = "<group>"; };
		28D0A85721A02119005A0BC0 /* pthread_rwlockDemo.h */ = {isa = PBXFileReference; lastKnownFileType = sourcecode.c.h; path = pthread_rwlockDemo.h; sourceTree = "<group>"; };
		28D0A85821A02119005A0BC0 /* pthread_rwlockDemo.m */ = {isa = PBXFileReference; lastKnownFileType = sourcecode.c.objc; path = pthread_rwlockDemo.m; sourceTree = "<group>"; };
/* End PBXFileReference section */

/* Begin PBXFrameworksBuildPhase section */
		28907EB6219BEE7800ADB502 /* Frameworks */ = {
			isa = PBXFrameworksBuildPhase;
			buildActionMask = 2147483647;
			files = (
			);
			runOnlyForDeploymentPostprocessing = 0;
		};
		28907ECE219BEE7900ADB502 /* Frameworks */ = {
			isa = PBXFrameworksBuildPhase;
			buildActionMask = 2147483647;
			files = (
			);
			runOnlyForDeploymentPostprocessing = 0;
		};
		28907ED9219BEE7900ADB502 /* Frameworks */ = {
			isa = PBXFrameworksBuildPhase;
			buildActionMask = 2147483647;
			files = (
			);
			runOnlyForDeploymentPostprocessing = 0;
		};
/* End PBXFrameworksBuildPhase section */

/* Begin PBXGroup section */
		28907EB0219BEE7800ADB502 = {
			isa = PBXGroup;
			children = (
				28907EBB219BEE7800ADB502 /* 线程安全 */,
				28907ED4219BEE7900ADB502 /* 线程安全Tests */,
				28907EDF219BEE7900ADB502 /* 线程安全UITests */,
				28907EBA219BEE7800ADB502 /* Products */,
			);
			sourceTree = "<group>";
		};
		28907EBA219BEE7800ADB502 /* Products */ = {
			isa = PBXGroup;
			children = (
				28907EB9219BEE7800ADB502 /* 线程安全.app */,
				28907ED1219BEE7900ADB502 /* 线程安全Tests.xctest */,
				28907EDC219BEE7900ADB502 /* 线程安全UITests.xctest */,
			);
			name = Products;
			sourceTree = "<group>";
		};
		28907EBB219BEE7800ADB502 /* 线程安全 */ = {
			isa = PBXGroup;
			children = (
				28907EBC219BEE7800ADB502 /* AppDelegate.h */,
				28907EBD219BEE7800ADB502 /* AppDelegate.m */,
				28907EBF219BEE7800ADB502 /* ViewController.h */,
				28907EC0219BEE7800ADB502 /* ViewController.m */,
				28907EEE219BFE9D00ADB502 /* Locks */,
				28907EC2219BEE7800ADB502 /* Main.storyboard */,
				28907EC5219BEE7900ADB502 /* Assets.xcassets */,
				28907EC7219BEE7900ADB502 /* LaunchScreen.storyboard */,
				28907ECA219BEE7900ADB502 /* Info.plist */,
				28907ECB219BEE7900ADB502 /* main.m */,
			);
			path = "线程安全";
			sourceTree = "<group>";
		};
		28907ED4219BEE7900ADB502 /* 线程安全Tests */ = {
			isa = PBXGroup;
			children = (
				28907ED5219BEE7900ADB502 /* ____Tests.m */,
				28907ED7219BEE7900ADB502 /* Info.plist */,
			);
			path = "线程安全Tests";
			sourceTree = "<group>";
		};
		28907EDF219BEE7900ADB502 /* 线程安全UITests */ = {
			isa = PBXGroup;
			children = (
				28907EE0219BEE7900ADB502 /* ____UITests.m */,
				28907EE2219BEE7900ADB502 /* Info.plist */,
			);
			path = "线程安全UITests";
			sourceTree = "<group>";
		};
		28907EEE219BFE9D00ADB502 /* Locks */ = {
			isa = PBXGroup;
			children = (
				28907EEF219BFF3400ADB502 /* BaseDemo.h */,
				28907EF0219BFF3400ADB502 /* BaseDemo.m */,
				284487BB219D168E002B5630 /* OSSpinLockDemo.h */,
				284487BC219D168E002B5630 /* OSSpinLockDemo.m */,
				284487BE219D192E002B5630 /* os_unfair_lockDemo.h */,
				284487BF219D192E002B5630 /* os_unfair_lockDemo.m */,
				284487C1219D1AAA002B5630 /* pthread_mutexDemo.h */,
				284487C2219D1AAA002B5630 /* pthread_mutexDemo.m */,
				28D0A84221A005A2005A0BC0 /* pthread_mutexDemo1.h */,
				28D0A84321A005A2005A0BC0 /* pthread_mutexDemo1.m */,
				28D0A84521A00A65005A0BC0 /* LockDemo.h */,
				28D0A84621A00A65005A0BC0 /* LockDemo.m */,
				28D0A84821A00C12005A0BC0 /* RecursiveLockDemo.h */,
				28D0A84921A00C12005A0BC0 /* RecursiveLockDemo.m */,
				28D0A84B21A00D26005A0BC0 /* NSConditionDemo.h */,
				28D0A84C21A00D26005A0BC0 /* NSConditionDemo.m */,
				28D0A84E21A013B7005A0BC0 /* NSConditionLockDemo.h */,
				28D0A84F21A013B7005A0BC0 /* NSConditionLockDemo.m */,
				28D0A85121A01696005A0BC0 /* dispatch_semaphoreDemo.h */,
				28D0A85221A01696005A0BC0 /* dispatch_semaphoreDemo.m */,
				28D0A85421A01C4B005A0BC0 /* synchronizedDemo.h */,
				28D0A85521A01C4B005A0BC0 /* synchronizedDemo.m */,
				28D0A85721A02119005A0BC0 /* pthread_rwlockDemo.h */,
				28D0A85821A02119005A0BC0 /* pthread_rwlockDemo.m */,
			);
			path = Locks;
			sourceTree = "<group>";
		};
/* End PBXGroup section */

/* Begin PBXNativeTarget section */
		28907EB8219BEE7800ADB502 /* 线程安全 */ = {
			isa = PBXNativeTarget;
			buildConfigurationList = 28907EE5219BEE7900ADB502 /* Build configuration list for PBXNativeTarget "线程安全" */;
			buildPhases = (
				28907EB5219BEE7800ADB502 /* Sources */,
				28907EB6219BEE7800ADB502 /* Frameworks */,
				28907EB7219BEE7800ADB502 /* Resources */,
			);
			buildRules = (
			);
			dependencies = (
			);
			name = "线程安全";
			productName = "线程安全";
			productReference = 28907EB9219BEE7800ADB502 /* 线程安全.app */;
			productType = "com.apple.product-type.application";
		};
		28907ED0219BEE7900ADB502 /* 线程安全Tests */ = {
			isa = PBXNativeTarget;
			buildConfigurationList = 28907EE8219BEE7900ADB502 /* Build configuration list for PBXNativeTarget "线程安全Tests" */;
			buildPhases = (
				28907ECD219BEE7900ADB502 /* Sources */,
				28907ECE219BEE7900ADB502 /* Frameworks */,
				28907ECF219BEE7900ADB502 /* Resources */,
			);
			buildRules = (
			);
			dependencies = (
				28907ED3219BEE7900ADB502 /* PBXTargetDependency */,
			);
			name = "线程安全Tests";
			productName = "线程安全Tests";
			productReference = 28907ED1219BEE7900ADB502 /* 线程安全Tests.xctest */;
			productType = "com.apple.product-type.bundle.unit-test";
		};
		28907EDB219BEE7900ADB502 /* 线程安全UITests */ = {
			isa = PBXNativeTarget;
			buildConfigurationList = 28907EEB219BEE7900ADB502 /* Build configuration list for PBXNativeTarget "线程安全UITests" */;
			buildPhases = (
				28907ED8219BEE7900ADB502 /* Sources */,
				28907ED9219BEE7900ADB502 /* Frameworks */,
				28907EDA219BEE7900ADB502 /* Resources */,
			);
			buildRules = (
			);
			dependencies = (
				28907EDE219BEE7900ADB502 /* PBXTargetDependency */,
			);
			name = "线程安全UITests";
			productName = "线程安全UITests";
			productReference = 28907EDC219BEE7900ADB502 /* 线程安全UITests.xctest */;
			productType = "com.apple.product-type.bundle.ui-testing";
		};
/* End PBXNativeTarget section */

/* Begin PBXProject section */
		28907EB1219BEE7800ADB502 /* Project object */ = {
			isa = PBXProject;
			attributes = {
				LastUpgradeCheck = 1010;
				ORGANIZATIONNAME = yunna;
				TargetAttributes = {
					28907EB8219BEE7800ADB502 = {
						CreatedOnToolsVersion = 10.1;
					};
					28907ED0219BEE7900ADB502 = {
						CreatedOnToolsVersion = 10.1;
						TestTargetID = 28907EB8219BEE7800ADB502;
					};
					28907EDB219BEE7900ADB502 = {
						CreatedOnToolsVersion = 10.1;
						TestTargetID = 28907EB8219BEE7800ADB502;
					};
				};
			};
			buildConfigurationList = 28907EB4219BEE7800ADB502 /* Build configuration list for PBXProject "线程安全" */;
			compatibilityVersion = "Xcode 9.3";
			developmentRegion = en;
			hasScannedForEncodings = 0;
			knownRegions = (
				en,
				Base,
			);
			mainGroup = 28907EB0219BEE7800ADB502;
			productRefGroup = 28907EBA219BEE7800ADB502 /* Products */;
			projectDirPath = "";
			projectRoot = "";
			targets = (
				28907EB8219BEE7800ADB502 /* 线程安全 */,
				28907ED0219BEE7900ADB502 /* 线程安全Tests */,
				28907EDB219BEE7900ADB502 /* 线程安全UITests */,
			);
		};
/* End PBXProject section */

/* Begin PBXResourcesBuildPhase section */
		28907EB7219BEE7800ADB502 /* Resources */ = {
			isa = PBXResourcesBuildPhase;
			buildActionMask = 2147483647;
			files = (
				28907EC9219BEE7900ADB502 /* LaunchScreen.storyboard in Resources */,
				28907EC6219BEE7900ADB502 /* Assets.xcassets in Resources */,
				28907EC4219BEE7800ADB502 /* Main.storyboard in Resources */,
			);
			runOnlyForDeploymentPostprocessing = 0;
		};
		28907ECF219BEE7900ADB502 /* Resources */ = {
			isa = PBXResourcesBuildPhase;
			buildActionMask = 2147483647;
			files = (
			);
			runOnlyForDeploymentPostprocessing = 0;
		};
		28907EDA219BEE7900ADB502 /* Resources */ = {
			isa = PBXResourcesBuildPhase;
			buildActionMask = 2147483647;
			files = (
			);
			runOnlyForDeploymentPostprocessing = 0;
		};
/* End PBXResourcesBuildPhase section */

/* Begin PBXSourcesBuildPhase section */
		28907EB5219BEE7800ADB502 /* Sources */ = {
			isa = PBXSourcesBuildPhase;
			buildActionMask = 2147483647;
			files = (
				28907EC1219BEE7800ADB502 /* ViewController.m in Sources */,
				284487BD219D168E002B5630 /* OSSpinLockDemo.m in Sources */,
				28907EF1219BFF3400ADB502 /* BaseDemo.m in Sources */,
				28D0A84D21A00D26005A0BC0 /* NSConditionDemo.m in Sources */,
				28907ECC219BEE7900ADB502 /* main.m in Sources */,
				284487C0219D192E002B5630 /* os_unfair_lockDemo.m in Sources */,
				28D0A85321A01696005A0BC0 /* dispatch_semaphoreDemo.m in Sources */,
				28D0A85021A013B7005A0BC0 /* NSConditionLockDemo.m in Sources */,
				284487C3219D1AAA002B5630 /* pthread_mutexDemo.m in Sources */,
				28907EBE219BEE7800ADB502 /* AppDelegate.m in Sources */,
				28D0A85621A01C4B005A0BC0 /* synchronizedDemo.m in Sources */,
				28D0A84421A005A2005A0BC0 /* pthread_mutexDemo1.m in Sources */,
				28D0A84A21A00C12005A0BC0 /* RecursiveLockDemo.m in Sources */,
				28D0A85921A02119005A0BC0 /* pthread_rwlockDemo.m in Sources */,
				28D0A84721A00A65005A0BC0 /* LockDemo.m in Sources */,
			);
			runOnlyForDeploymentPostprocessing = 0;
		};
		28907ECD219BEE7900ADB502 /* Sources */ = {
			isa = PBXSourcesBuildPhase;
			buildActionMask = 2147483647;
			files = (
				28907ED6219BEE7900ADB502 /* ____Tests.m in Sources */,
			);
			runOnlyForDeploymentPostprocessing = 0;
		};
		28907ED8219BEE7900ADB502 /* Sources */ = {
			isa = PBXSourcesBuildPhase;
			buildActionMask = 2147483647;
			files = (
				28907EE1219BEE7900ADB502 /* ____UITests.m in Sources */,
			);
			runOnlyForDeploymentPostprocessing = 0;
		};
/* End PBXSourcesBuildPhase section */

/* Begin PBXTargetDependency section */
		28907ED3219BEE7900ADB502 /* PBXTargetDependency */ = {
			isa = PBXTargetDependency;
			target = 28907EB8219BEE7800ADB502 /* 线程安全 */;
			targetProxy = 28907ED2219BEE7900ADB502 /* PBXContainerItemProxy */;
		};
		28907EDE219BEE7900ADB502 /* PBXTargetDependency */ = {
			isa = PBXTargetDependency;
			target = 28907EB8219BEE7800ADB502 /* 线程安全 */;
			targetProxy = 28907EDD219BEE7900ADB502 /* PBXContainerItemProxy */;
		};
/* End PBXTargetDependency section */

/* Begin PBXVariantGroup section */
		28907EC2219BEE7800ADB502 /* Main.storyboard */ = {
			isa = PBXVariantGroup;
			children = (
				28907EC3219BEE7800ADB502 /* Base */,
			);
			name = Main.storyboard;
			sourceTree = "<group>";
		};
		28907EC7219BEE7900ADB502 /* LaunchScreen.storyboard */ = {
			isa = PBXVariantGroup;
			children = (
				28907EC8219BEE7900ADB502 /* Base */,
			);
			name = LaunchScreen.storyboard;
			sourceTree = "<group>";
		};
/* End PBXVariantGroup section */

/* Begin XCBuildConfiguration section */
		28907EE3219BEE7900ADB502 /* Debug */ = {
			isa = XCBuildConfiguration;
			buildSettings = {
				ALWAYS_SEARCH_USER_PATHS = NO;
				CLANG_ANALYZER_NONNULL = YES;
				CLANG_ANALYZER_NUMBER_OBJECT_CONVERSION = YES_AGGRESSIVE;
				CLANG_CXX_LANGUAGE_STANDARD = "gnu++14";
				CLANG_CXX_LIBRARY = "libc++";
				CLANG_ENABLE_MODULES = YES;
				CLANG_ENABLE_OBJC_ARC = YES;
				CLANG_ENABLE_OBJC_WEAK = YES;
				CLANG_WARN_BLOCK_CAPTURE_AUTORELEASING = YES;
				CLANG_WARN_BOOL_CONVERSION = YES;
				CLANG_WARN_COMMA = YES;
				CLANG_WARN_CONSTANT_CONVERSION = YES;
				CLANG_WARN_DEPRECATED_OBJC_IMPLEMENTATIONS = YES;
				CLANG_WARN_DIRECT_OBJC_ISA_USAGE = YES_ERROR;
				CLANG_WARN_DOCUMENTATION_COMMENTS = YES;
				CLANG_WARN_EMPTY_BODY = YES;
				CLANG_WARN_ENUM_CONVERSION = YES;
				CLANG_WARN_INFINITE_RECURSION = YES;
				CLANG_WARN_INT_CONVERSION = YES;
				CLANG_WARN_NON_LITERAL_NULL_CONVERSION = YES;
				CLANG_WARN_OBJC_IMPLICIT_RETAIN_SELF = YES;
				CLANG_WARN_OBJC_LITERAL_CONVERSION = YES;
				CLANG_WARN_OBJC_ROOT_CLASS = YES_ERROR;
				CLANG_WARN_RANGE_LOOP_ANALYSIS = YES;
				CLANG_WARN_STRICT_PROTOTYPES = YES;
				CLANG_WARN_SUSPICIOUS_MOVE = YES;
				CLANG_WARN_UNGUARDED_AVAILABILITY = YES_AGGRESSIVE;
				CLANG_WARN_UNREACHABLE_CODE = YES;
				CLANG_WARN__DUPLICATE_METHOD_MATCH = YES;
				CODE_SIGN_IDENTITY = "iPhone Developer";
				COPY_PHASE_STRIP = NO;
				DEBUG_INFORMATION_FORMAT = dwarf;
				ENABLE_STRICT_OBJC_MSGSEND = YES;
				ENABLE_TESTABILITY = YES;
				GCC_C_LANGUAGE_STANDARD = gnu11;
				GCC_DYNAMIC_NO_PIC = NO;
				GCC_NO_COMMON_BLOCKS = YES;
				GCC_OPTIMIZATION_LEVEL = 0;
				GCC_PREPROCESSOR_DEFINITIONS = (
					"DEBUG=1",
					"$(inherited)",
				);
				GCC_WARN_64_TO_32_BIT_CONVERSION = YES;
				GCC_WARN_ABOUT_RETURN_TYPE = YES_ERROR;
				GCC_WARN_UNDECLARED_SELECTOR = YES;
				GCC_WARN_UNINITIALIZED_AUTOS = YES_AGGRESSIVE;
				GCC_WARN_UNUSED_FUNCTION = YES;
				GCC_WARN_UNUSED_VARIABLE = YES;
				IPHONEOS_DEPLOYMENT_TARGET = 12.1;
				MTL_ENABLE_DEBUG_INFO = INCLUDE_SOURCE;
				MTL_FAST_MATH = YES;
				ONLY_ACTIVE_ARCH = YES;
				SDKROOT = iphoneos;
			};
			name = Debug;
		};
		28907EE4219BEE7900ADB502 /* Release */ = {
			isa = XCBuildConfiguration;
			buildSettings = {
				ALWAYS_SEARCH_USER_PATHS = NO;
				CLANG_ANALYZER_NONNULL = YES;
				CLANG_ANALYZER_NUMBER_OBJECT_CONVERSION = YES_AGGRESSIVE;
				CLANG_CXX_LANGUAGE_STANDARD = "gnu++14";
				CLANG_CXX_LIBRARY = "libc++";
				CLANG_ENABLE_MODULES = YES;
				CLANG_ENABLE_OBJC_ARC = YES;
				CLANG_ENABLE_OBJC_WEAK = YES;
				CLANG_WARN_BLOCK_CAPTURE_AUTORELEASING = YES;
				CLANG_WARN_BOOL_CONVERSION = YES;
				CLANG_WARN_COMMA = YES;
				CLANG_WARN_CONSTANT_CONVERSION = YES;
				CLANG_WARN_DEPRECATED_OBJC_IMPLEMENTATIONS = YES;
				CLANG_WARN_DIRECT_OBJC_ISA_USAGE = YES_ERROR;
				CLANG_WARN_DOCUMENTATION_COMMENTS = YES;
				CLANG_WARN_EMPTY_BODY = YES;
				CLANG_WARN_ENUM_CONVERSION = YES;
				CLANG_WARN_INFINITE_RECURSION = YES;
				CLANG_WARN_INT_CONVERSION = YES;
				CLANG_WARN_NON_LITERAL_NULL_CONVERSION = YES;
				CLANG_WARN_OBJC_IMPLICIT_RETAIN_SELF = YES;
				CLANG_WARN_OBJC_LITERAL_CONVERSION = YES;
				CLANG_WARN_OBJC_ROOT_CLASS = YES_ERROR;
				CLANG_WARN_RANGE_LOOP_ANALYSIS = YES;
				CLANG_WARN_STRICT_PROTOTYPES = YES;
				CLANG_WARN_SUSPICIOUS_MOVE = YES;
				CLANG_WARN_UNGUARDED_AVAILABILITY = YES_AGGRESSIVE;
				CLANG_WARN_UNREACHABLE_CODE = YES;
				CLANG_WARN__DUPLICATE_METHOD_MATCH = YES;
				CODE_SIGN_IDENTITY = "iPhone Developer";
				COPY_PHASE_STRIP = NO;
				DEBUG_INFORMATION_FORMAT = "dwarf-with-dsym";
				ENABLE_NS_ASSERTIONS = NO;
				ENABLE_STRICT_OBJC_MSGSEND = YES;
				GCC_C_LANGUAGE_STANDARD = gnu11;
				GCC_NO_COMMON_BLOCKS = YES;
				GCC_WARN_64_TO_32_BIT_CONVERSION = YES;
				GCC_WARN_ABOUT_RETURN_TYPE = YES_ERROR;
				GCC_WARN_UNDECLARED_SELECTOR = YES;
				GCC_WARN_UNINITIALIZED_AUTOS = YES_AGGRESSIVE;
				GCC_WARN_UNUSED_FUNCTION = YES;
				GCC_WARN_UNUSED_VARIABLE = YES;
				IPHONEOS_DEPLOYMENT_TARGET = 12.1;
				MTL_ENABLE_DEBUG_INFO = NO;
				MTL_FAST_MATH = YES;
				SDKROOT = iphoneos;
				VALIDATE_PRODUCT = YES;
			};
			name = Release;
		};
		28907EE6219BEE7900ADB502 /* Debug */ = {
			isa = XCBuildConfiguration;
			buildSettings = {
				ASSETCATALOG_COMPILER_APPICON_NAME = AppIcon;
				CODE_SIGN_STYLE = Automatic;
				DEVELOPMENT_TEAM = Z69Q2FEZS9;
				INFOPLIST_FILE = "线程安全/Info.plist";
				LD_RUNPATH_SEARCH_PATHS = (
					"$(inherited)",
					"@executable_path/Frameworks",
				);
				PRODUCT_BUNDLE_IDENTIFIER = "yunna.----";
				PRODUCT_NAME = "$(TARGET_NAME)";
				TARGETED_DEVICE_FAMILY = "1,2";
			};
			name = Debug;
		};
		28907EE7219BEE7900ADB502 /* Release */ = {
			isa = XCBuildConfiguration;
			buildSettings = {
				ASSETCATALOG_COMPILER_APPICON_NAME = AppIcon;
				CODE_SIGN_STYLE = Automatic;
				DEVELOPMENT_TEAM = Z69Q2FEZS9;
				INFOPLIST_FILE = "线程安全/Info.plist";
				LD_RUNPATH_SEARCH_PATHS = (
					"$(inherited)",
					"@executable_path/Frameworks",
				);
				PRODUCT_BUNDLE_IDENTIFIER = "yunna.----";
				PRODUCT_NAME = "$(TARGET_NAME)";
				TARGETED_DEVICE_FAMILY = "1,2";
			};
			name = Release;
		};
		28907EE9219BEE7900ADB502 /* Debug */ = {
			isa = XCBuildConfiguration;
			buildSettings = {
				BUNDLE_LOADER = "$(TEST_HOST)";
				CODE_SIGN_STYLE = Automatic;
				DEVELOPMENT_TEAM = Z69Q2FEZS9;
				INFOPLIST_FILE = "线程安全Tests/Info.plist";
				LD_RUNPATH_SEARCH_PATHS = (
					"$(inherited)",
					"@executable_path/Frameworks",
					"@loader_path/Frameworks",
				);
				PRODUCT_BUNDLE_IDENTIFIER = "yunna.----Tests";
				PRODUCT_NAME = "$(TARGET_NAME)";
				TARGETED_DEVICE_FAMILY = "1,2";
				TEST_HOST = "$(BUILT_PRODUCTS_DIR)/线程安全.app/线程安全";
			};
			name = Debug;
		};
		28907EEA219BEE7900ADB502 /* Release */ = {
			isa = XCBuildConfiguration;
			buildSettings = {
				BUNDLE_LOADER = "$(TEST_HOST)";
				CODE_SIGN_STYLE = Automatic;
				DEVELOPMENT_TEAM = Z69Q2FEZS9;
				INFOPLIST_FILE = "线程安全Tests/Info.plist";
				LD_RUNPATH_SEARCH_PATHS = (
					"$(inherited)",
					"@executable_path/Frameworks",
					"@loader_path/Frameworks",
				);
				PRODUCT_BUNDLE_IDENTIFIER = "yunna.----Tests";
				PRODUCT_NAME = "$(TARGET_NAME)";
				TARGETED_DEVICE_FAMILY = "1,2";
				TEST_HOST = "$(BUILT_PRODUCTS_DIR)/线程安全.app/线程安全";
			};
			name = Release;
		};
		28907EEC219BEE7900ADB502 /* Debug */ = {
			isa = XCBuildConfiguration;
			buildSettings = {
				CODE_SIGN_STYLE = Automatic;
				DEVELOPMENT_TEAM = Z69Q2FEZS9;
				INFOPLIST_FILE = "线程安全UITests/Info.plist";
				LD_RUNPATH_SEARCH_PATHS = (
					"$(inherited)",
					"@executable_path/Frameworks",
					"@loader_path/Frameworks",
				);
				PRODUCT_BUNDLE_IDENTIFIER = "yunna.----UITests";
				PRODUCT_NAME = "$(TARGET_NAME)";
				TARGETED_DEVICE_FAMILY = "1,2";
				TEST_TARGET_NAME = "线程安全";
			};
			name = Debug;
		};
		28907EED219BEE7900ADB502 /* Release */ = {
			isa = XCBuildConfiguration;
			buildSettings = {
				CODE_SIGN_STYLE = Automatic;
				DEVELOPMENT_TEAM = Z69Q2FEZS9;
				INFOPLIST_FILE = "线程安全UITests/Info.plist";
				LD_RUNPATH_SEARCH_PATHS = (
					"$(inherited)",
					"@executable_path/Frameworks",
					"@loader_path/Frameworks",
				);
				PRODUCT_BUNDLE_IDENTIFIER = "yunna.----UITests";
				PRODUCT_NAME = "$(TARGET_NAME)";
				TARGETED_DEVICE_FAMILY = "1,2";
				TEST_TARGET_NAME = "线程安全";
			};
			name = Release;
		};
/* End XCBuildConfiguration section */

/* Begin XCConfigurationList section */
		28907EB4219BEE7800ADB502 /* Build configuration list for PBXProject "线程安全" */ = {
			isa = XCConfigurationList;
			buildConfigurations = (
				28907EE3219BEE7900ADB502 /* Debug */,
				28907EE4219BEE7900ADB502 /* Release */,
			);
			defaultConfigurationIsVisible = 0;
			defaultConfigurationName = Release;
		};
		28907EE5219BEE7900ADB502 /* Build configuration list for PBXNativeTarget "线程安全" */ = {
			isa = XCConfigurationList;
			buildConfigurations = (
				28907EE6219BEE7900ADB502 /* Debug */,
				28907EE7219BEE7900ADB502 /* Release */,
			);
			defaultConfigurationIsVisible = 0;
			defaultConfigurationName = Release;
		};
		28907EE8219BEE7900ADB502 /* Build configuration list for PBXNativeTarget "线程安全Tests" */ = {
			isa = XCConfigurationList;
			buildConfigurations = (
				28907EE9219BEE7900ADB502 /* Debug */,
				28907EEA219BEE7900ADB502 /* Release */,
			);
			defaultConfigurationIsVisible = 0;
			defaultConfigurationName = Release;
		};
		28907EEB219BEE7900ADB502 /* Build configuration list for PBXNativeTarget "线程安全UITests" */ = {
			isa = XCConfigurationList;
			buildConfigurations = (
				28907EEC219BEE7900ADB502 /* Debug */,
				28907EED219BEE7900ADB502 /* Release */,
			);
			defaultConfigurationIsVisible = 0;
			defaultConfigurationName = Release;
		};
/* End XCConfigurationList section */
	};
	rootObject = 28907EB1219BEE7800ADB502 /* Project object */;
}
