// !$*UTF8*$!
{
	archiveVersion = 1;
	classes = {
	};
	objectVersion = 50;
	objects = {

/* Begin PBXBuildFile section */
		282F20A521ACDE2800B999E8 /* AppDelegate.m in Sources */ = {isa = PBXBuildFile; fileRef = 282F20A421ACDE2800B999E8 /* AppDelegate.m */; };
		282F20A821ACDE2800B999E8 /* ViewController.m in Sources */ = {isa = PBXBuildFile; fileRef = 282F20A721ACDE2800B999E8 /* ViewController.m */; };
		282F20AB21ACDE2800B999E8 /* Main.storyboard in Resources */ = {isa = PBXBuildFile; fileRef = 282F20A921ACDE2800B999E8 /* Main.storyboard */; };
		282F20AD21ACDE2900B999E8 /* Assets.xcassets in Resources */ = {isa = PBXBuildFile; fileRef = 282F20AC21ACDE2900B999E8 /* Assets.xcassets */; };
		282F20B021ACDE2A00B999E8 /* LaunchScreen.storyboard in Resources */ = {isa = PBXBuildFile; fileRef = 282F20AE21ACDE2A00B999E8 /* LaunchScreen.storyboard */; };
		282F20B321ACDE2A00B999E8 /* main.m in Sources */ = {isa = PBXBuildFile; fileRef = 282F20B221ACDE2A00B999E8 /* main.m */; };
		282F20BD21ACDE2A00B999E8 /* TaggedPointerTests.m in Sources */ = {isa = PBXBuildFile; fileRef = 282F20BC21ACDE2A00B999E8 /* TaggedPointerTests.m */; };
		282F20C821ACDE2A00B999E8 /* TaggedPointerUITests.m in Sources */ = {isa = PBXBuildFile; fileRef = 282F20C721ACDE2A00B999E8 /* TaggedPointerUITests.m */; };
/* End PBXBuildFile section */

/* Begin PBXContainerItemProxy section */
		282F20B921ACDE2A00B999E8 /* PBXContainerItemProxy */ = {
			isa = PBXContainerItemProxy;
			containerPortal = 282F209821ACDE2800B999E8 /* Project object */;
			proxyType = 1;
			remoteGlobalIDString = 282F209F21ACDE2800B999E8;
			remoteInfo = TaggedPointer;
		};
		282F20C421ACDE2A00B999E8 /* PBXContainerItemProxy */ = {
			isa = PBXContainerItemProxy;
			containerPortal = 282F209821ACDE2800B999E8 /* Project object */;
			proxyType = 1;
			remoteGlobalIDString = 282F209F21ACDE2800B999E8;
			remoteInfo = TaggedPointer;
		};
/* End PBXContainerItemProxy section */

/* Begin PBXFileReference section */
		282F20A021ACDE2800B999E8 /* TaggedPointer.app */ = {isa = PBXFileReference; explicitFileType = wrapper.application; includeInIndex = 0; path = TaggedPointer.app; sourceTree = BUILT_PRODUCTS_DIR; };
		282F20A321ACDE2800B999E8 /* AppDelegate.h */ = {isa = PBXFileReference; lastKnownFileType = sourcecode.c.h; path = AppDelegate.h; sourceTree = "<group>"; };
		282F20A421ACDE2800B999E8 /* AppDelegate.m */ = {isa = PBXFileReference; lastKnownFileType = sourcecode.c.objc; path = AppDelegate.m; sourceTree = "<group>"; };
		282F20A621ACDE2800B999E8 /* ViewController.h */ = {isa = PBXFileReference; lastKnownFileType = sourcecode.c.h; path = ViewController.h; sourceTree = "<group>"; };
		282F20A721ACDE2800B999E8 /* ViewController.m */ = {isa = PBXFileReference; lastKnownFileType = sourcecode.c.objc; path = ViewController.m; sourceTree = "<group>"; };
		282F20AA21ACDE2800B999E8 /* Base */ = {isa = PBXFileReference; lastKnownFileType = file.storyboard; name = Base; path = Base.lproj/Main.storyboard; sourceTree = "<group>"; };
		282F20AC21ACDE2900B999E8 /* Assets.xcassets */ = {isa = PBXFileReference; lastKnownFileType = folder.assetcatalog; path = Assets.xcassets; sourceTree = "<group>"; };
		282F20AF21ACDE2A00B999E8 /* Base */ = {isa = PBXFileReference; lastKnownFileType = file.storyboard; name = Base; path = Base.lproj/LaunchScreen.storyboard; sourceTree = "<group>"; };
		282F20B121ACDE2A00B999E8 /* Info.plist */ = {isa = PBXFileReference; lastKnownFileType = text.plist.xml; path = Info.plist; sourceTree = "<group>"; };
		282F20B221ACDE2A00B999E8 /* main.m */ = {isa = PBXFileReference; lastKnownFileType = sourcecode.c.objc; path = main.m; sourceTree = "<group>"; };
		282F20B821ACDE2A00B999E8 /* TaggedPointerTests.xctest */ = {isa = PBXFileReference; explicitFileType = wrapper.cfbundle; includeInIndex = 0; path = TaggedPointerTests.xctest; sourceTree = BUILT_PRODUCTS_DIR; };
		282F20BC21ACDE2A00B999E8 /* TaggedPointerTests.m */ = {isa = PBXFileReference; lastKnownFileType = sourcecode.c.objc; path = TaggedPointerTests.m; sourceTree = "<group>"; };
		282F20BE21ACDE2A00B999E8 /* Info.plist */ = {isa = PBXFileReference; lastKnownFileType = text.plist.xml; path = Info.plist; sourceTree = "<group>"; };
		282F20C321ACDE2A00B999E8 /* TaggedPointerUITests.xctest */ = {isa = PBXFileReference; explicitFileType = wrapper.cfbundle; includeInIndex = 0; path = TaggedPointerUITests.xctest; sourceTree = BUILT_PRODUCTS_DIR; };
		282F20C721ACDE2A00B999E8 /* TaggedPointerUITests.m */ = {isa = PBXFileReference; lastKnownFileType = sourcecode.c.objc; path = TaggedPointerUITests.m; sourceTree = "<group>"; };
		282F20C921ACDE2A00B999E8 /* Info.plist */ = {isa = PBXFileReference; lastKnownFileType = text.plist.xml; path = Info.plist; sourceTree = "<group>"; };
/* End PBXFileReference section */

/* Begin PBXFrameworksBuildPhase section */
		282F209D21ACDE2800B999E8 /* Frameworks */ = {
			isa = PBXFrameworksBuildPhase;
			buildActionMask = 2147483647;
			files = (
			);
			runOnlyForDeploymentPostprocessing = 0;
		};
		282F20B521ACDE2A00B999E8 /* Frameworks */ = {
			isa = PBXFrameworksBuildPhase;
			buildActionMask = 2147483647;
			files = (
			);
			runOnlyForDeploymentPostprocessing = 0;
		};
		282F20C021ACDE2A00B999E8 /* Frameworks */ = {
			isa = PBXFrameworksBuildPhase;
			buildActionMask = 2147483647;
			files = (
			);
			runOnlyForDeploymentPostprocessing = 0;
		};
/* End PBXFrameworksBuildPhase section */

/* Begin PBXGroup section */
		282F209721ACDE2800B999E8 = {
			isa = PBXGroup;
			children = (
				282F20A221ACDE2800B999E8 /* TaggedPointer */,
				282F20BB21ACDE2A00B999E8 /* TaggedPointerTests */,
				282F20C621ACDE2A00B999E8 /* TaggedPointerUITests */,
				282F20A121ACDE2800B999E8 /* Products */,
			);
			sourceTree = "<group>";
		};
		282F20A121ACDE2800B999E8 /* Products */ = {
			isa = PBXGroup;
			children = (
				282F20A021ACDE2800B999E8 /* TaggedPointer.app */,
				282F20B821ACDE2A00B999E8 /* TaggedPointerTests.xctest */,
				282F20C321ACDE2A00B999E8 /* TaggedPointerUITests.xctest */,
			);
			name = Products;
			sourceTree = "<group>";
		};
		282F20A221ACDE2800B999E8 /* TaggedPointer */ = {
			isa = PBXGroup;
			children = (
				282F20A321ACDE2800B999E8 /* AppDelegate.h */,
				282F20A421ACDE2800B999E8 /* AppDelegate.m */,
				282F20A621ACDE2800B999E8 /* ViewController.h */,
				282F20A721ACDE2800B999E8 /* ViewController.m */,
				282F20A921ACDE2800B999E8 /* Main.storyboard */,
				282F20AC21ACDE2900B999E8 /* Assets.xcassets */,
				282F20AE21ACDE2A00B999E8 /* LaunchScreen.storyboard */,
				282F20B121ACDE2A00B999E8 /* Info.plist */,
				282F20B221ACDE2A00B999E8 /* main.m */,
			);
			path = TaggedPointer;
			sourceTree = "<group>";
		};
		282F20BB21ACDE2A00B999E8 /* TaggedPointerTests */ = {
			isa = PBXGroup;
			children = (
				282F20BC21ACDE2A00B999E8 /* TaggedPointerTests.m */,
				282F20BE21ACDE2A00B999E8 /* Info.plist */,
			);
			path = TaggedPointerTests;
			sourceTree = "<group>";
		};
		282F20C621ACDE2A00B999E8 /* TaggedPointerUITests */ = {
			isa = PBXGroup;
			children = (
				282F20C721ACDE2A00B999E8 /* TaggedPointerUITests.m */,
				282F20C921ACDE2A00B999E8 /* Info.plist */,
			);
			path = TaggedPointerUITests;
			sourceTree = "<group>";
		};
/* End PBXGroup section */

/* Begin PBXNativeTarget section */
		282F209F21ACDE2800B999E8 /* TaggedPointer */ = {
			isa = PBXNativeTarget;
			buildConfigurationList = 282F20CC21ACDE2A00B999E8 /* Build configuration list for PBXNativeTarget "TaggedPointer" */;
			buildPhases = (
				282F209C21ACDE2800B999E8 /* Sources */,
				282F209D21ACDE2800B999E8 /* Frameworks */,
				282F209E21ACDE2800B999E8 /* Resources */,
			);
			buildRules = (
			);
			dependencies = (
			);
			name = TaggedPointer;
			productName = TaggedPointer;
			productReference = 282F20A021ACDE2800B999E8 /* TaggedPointer.app */;
			productType = "com.apple.product-type.application";
		};
		282F20B721ACDE2A00B999E8 /* TaggedPointerTests */ = {
			isa = PBXNativeTarget;
			buildConfigurationList = 282F20CF21ACDE2A00B999E8 /* Build configuration list for PBXNativeTarget "TaggedPointerTests" */;
			buildPhases = (
				282F20B421ACDE2A00B999E8 /* Sources */,
				282F20B521ACDE2A00B999E8 /* Frameworks */,
				282F20B621ACDE2A00B999E8 /* Resources */,
			);
			buildRules = (
			);
			dependencies = (
				282F20BA21ACDE2A00B999E8 /* PBXTargetDependency */,
			);
			name = TaggedPointerTests;
			productName = TaggedPointerTests;
			productReference = 282F20B821ACDE2A00B999E8 /* TaggedPointerTests.xctest */;
			productType = "com.apple.product-type.bundle.unit-test";
		};
		282F20C221ACDE2A00B999E8 /* TaggedPointerUITests */ = {
			isa = PBXNativeTarget;
			buildConfigurationList = 282F20D221ACDE2A00B999E8 /* Build configuration list for PBXNativeTarget "TaggedPointerUITests" */;
			buildPhases = (
				282F20BF21ACDE2A00B999E8 /* Sources */,
				282F20C021ACDE2A00B999E8 /* Frameworks */,
				282F20C121ACDE2A00B999E8 /* Resources */,
			);
			buildRules = (
			);
			dependencies = (
				282F20C521ACDE2A00B999E8 /* PBXTargetDependency */,
			);
			name = TaggedPointerUITests;
			productName = TaggedPointerUITests;
			productReference = 282F20C321ACDE2A00B999E8 /* TaggedPointerUITests.xctest */;
			productType = "com.apple.product-type.bundle.ui-testing";
		};
/* End PBXNativeTarget section */

/* Begin PBXProject section */
		282F209821ACDE2800B999E8 /* Project object */ = {
			isa = PBXProject;
			attributes = {
				LastUpgradeCheck = 1010;
				ORGANIZATIONNAME = yunna;
				TargetAttributes = {
					282F209F21ACDE2800B999E8 = {
						CreatedOnToolsVersion = 10.1;
					};
					282F20B721ACDE2A00B999E8 = {
						CreatedOnToolsVersion = 10.1;
						TestTargetID = 282F209F21ACDE2800B999E8;
					};
					282F20C221ACDE2A00B999E8 = {
						CreatedOnToolsVersion = 10.1;
						TestTargetID = 282F209F21ACDE2800B999E8;
					};
				};
			};
			buildConfigurationList = 282F209B21ACDE2800B999E8 /* Build configuration list for PBXProject "TaggedPointer" */;
			compatibilityVersion = "Xcode 9.3";
			developmentRegion = en;
			hasScannedForEncodings = 0;
			knownRegions = (
				en,
				Base,
			);
			mainGroup = 282F209721ACDE2800B999E8;
			productRefGroup = 282F20A121ACDE2800B999E8 /* Products */;
			projectDirPath = "";
			projectRoot = "";
			targets = (
				282F209F21ACDE2800B999E8 /* TaggedPointer */,
				282F20B721ACDE2A00B999E8 /* TaggedPointerTests */,
				282F20C221ACDE2A00B999E8 /* TaggedPointerUITests */,
			);
		};
/* End PBXProject section */

/* Begin PBXResourcesBuildPhase section */
		282F209E21ACDE2800B999E8 /* Resources */ = {
			isa = PBXResourcesBuildPhase;
			buildActionMask = 2147483647;
			files = (
				282F20B021ACDE2A00B999E8 /* LaunchScreen.storyboard in Resources */,
				282F20AD21ACDE2900B999E8 /* Assets.xcassets in Resources */,
				282F20AB21ACDE2800B999E8 /* Main.storyboard in Resources */,
			);
			runOnlyForDeploymentPostprocessing = 0;
		};
		282F20B621ACDE2A00B999E8 /* Resources */ = {
			isa = PBXResourcesBuildPhase;
			buildActionMask = 2147483647;
			files = (
			);
			runOnlyForDeploymentPostprocessing = 0;
		};
		282F20C121ACDE2A00B999E8 /* Resources */ = {
			isa = PBXResourcesBuildPhase;
			buildActionMask = 2147483647;
			files = (
			);
			runOnlyForDeploymentPostprocessing = 0;
		};
/* End PBXResourcesBuildPhase section */

/* Begin PBXSourcesBuildPhase section */
		282F209C21ACDE2800B999E8 /* Sources */ = {
			isa = PBXSourcesBuildPhase;
			buildActionMask = 2147483647;
			files = (
				282F20A821ACDE2800B999E8 /* ViewController.m in Sources */,
				282F20B321ACDE2A00B999E8 /* main.m in Sources */,
				282F20A521ACDE2800B999E8 /* AppDelegate.m in Sources */,
			);
			runOnlyForDeploymentPostprocessing = 0;
		};
		282F20B421ACDE2A00B999E8 /* Sources */ = {
			isa = PBXSourcesBuildPhase;
			buildActionMask = 2147483647;
			files = (
				282F20BD21ACDE2A00B999E8 /* TaggedPointerTests.m in Sources */,
			);
			runOnlyForDeploymentPostprocessing = 0;
		};
		282F20BF21ACDE2A00B999E8 /* Sources */ = {
			isa = PBXSourcesBuildPhase;
			buildActionMask = 2147483647;
			files = (
				282F20C821ACDE2A00B999E8 /* TaggedPointerUITests.m in Sources */,
			);
			runOnlyForDeploymentPostprocessing = 0;
		};
/* End PBXSourcesBuildPhase section */

/* Begin PBXTargetDependency section */
		282F20BA21ACDE2A00B999E8 /* PBXTargetDependency */ = {
			isa = PBXTargetDependency;
			target = 282F209F21ACDE2800B999E8 /* TaggedPointer */;
			targetProxy = 282F20B921ACDE2A00B999E8 /* PBXContainerItemProxy */;
		};
		282F20C521ACDE2A00B999E8 /* PBXTargetDependency */ = {
			isa = PBXTargetDependency;
			target = 282F209F21ACDE2800B999E8 /* TaggedPointer */;
			targetProxy = 282F20C421ACDE2A00B999E8 /* PBXContainerItemProxy */;
		};
/* End PBXTargetDependency section */

/* Begin PBXVariantGroup section */
		282F20A921ACDE2800B999E8 /* Main.storyboard */ = {
			isa = PBXVariantGroup;
			children = (
				282F20AA21ACDE2800B999E8 /* Base */,
			);
			name = Main.storyboard;
			sourceTree = "<group>";
		};
		282F20AE21ACDE2A00B999E8 /* LaunchScreen.storyboard */ = {
			isa = PBXVariantGroup;
			children = (
				282F20AF21ACDE2A00B999E8 /* Base */,
			);
			name = LaunchScreen.storyboard;
			sourceTree = "<group>";
		};
/* End PBXVariantGroup section */

/* Begin XCBuildConfiguration section */
		282F20CA21ACDE2A00B999E8 /* Debug */ = {
			isa = XCBuildConfiguration;
			buildSettings = {
				ALWAYS_SEARCH_USER_PATHS = NO;
				CLANG_ANALYZER_NONNULL = YES;
				CLANG_ANALYZER_NUMBER_OBJECT_CONVERSION = YES_AGGRESSIVE;
				CLANG_CXX_LANGUAGE_STANDARD = "gnu++14";
				CLANG_CXX_LIBRARY = "libc++";
				CLANG_ENABLE_MODULES = YES;
				CLANG_ENABLE_OBJC_ARC = YES;
				CLANG_ENABLE_OBJC_WEAK = YES;
				CLANG_WARN_BLOCK_CAPTURE_AUTORELEASING = YES;
				CLANG_WARN_BOOL_CONVERSION = YES;
				CLANG_WARN_COMMA = YES;
				CLANG_WARN_CONSTANT_CONVERSION = YES;
				CLANG_WARN_DEPRECATED_OBJC_IMPLEMENTATIONS = YES;
				CLANG_WARN_DIRECT_OBJC_ISA_USAGE = YES_ERROR;
				CLANG_WARN_DOCUMENTATION_COMMENTS = YES;
				CLANG_WARN_EMPTY_BODY = YES;
				CLANG_WARN_ENUM_CONVERSION = YES;
				CLANG_WARN_INFINITE_RECURSION = YES;
				CLANG_WARN_INT_CONVERSION = YES;
				CLANG_WARN_NON_LITERAL_NULL_CONVERSION = YES;
				CLANG_WARN_OBJC_IMPLICIT_RETAIN_SELF = YES;
				CLANG_WARN_OBJC_LITERAL_CONVERSION = YES;
				CLANG_WARN_OBJC_ROOT_CLASS = YES_ERROR;
				CLANG_WARN_RANGE_LOOP_ANALYSIS = YES;
				CLANG_WARN_STRICT_PROTOTYPES = YES;
				CLANG_WARN_SUSPICIOUS_MOVE = YES;
				CLANG_WARN_UNGUARDED_AVAILABILITY = YES_AGGRESSIVE;
				CLANG_WARN_UNREACHABLE_CODE = YES;
				CLANG_WARN__DUPLICATE_METHOD_MATCH = YES;
				CODE_SIGN_IDENTITY = "iPhone Developer";
				COPY_PHASE_STRIP = NO;
				DEBUG_INFORMATION_FORMAT = dwarf;
				ENABLE_STRICT_OBJC_MSGSEND = YES;
				ENABLE_TESTABILITY = YES;
				GCC_C_LANGUAGE_STANDARD = gnu11;
				GCC_DYNAMIC_NO_PIC = NO;
				GCC_NO_COMMON_BLOCKS = YES;
				GCC_OPTIMIZATION_LEVEL = 0;
				GCC_PREPROCESSOR_DEFINITIONS = (
					"DEBUG=1",
					"$(inherited)",
				);
				GCC_WARN_64_TO_32_BIT_CONVERSION = YES;
				GCC_WARN_ABOUT_RETURN_TYPE = YES_ERROR;
				GCC_WARN_UNDECLARED_SELECTOR = YES;
				GCC_WARN_UNINITIALIZED_AUTOS = YES_AGGRESSIVE;
				GCC_WARN_UNUSED_FUNCTION = YES;
				GCC_WARN_UNUSED_VARIABLE = YES;
				IPHONEOS_DEPLOYMENT_TARGET = 12.1;
				MTL_ENABLE_DEBUG_INFO = INCLUDE_SOURCE;
				MTL_FAST_MATH = YES;
				ONLY_ACTIVE_ARCH = YES;
				SDKROOT = iphoneos;
			};
			name = Debug;
		};
		282F20CB21ACDE2A00B999E8 /* Release */ = {
			isa = XCBuildConfiguration;
			buildSettings = {
				ALWAYS_SEARCH_USER_PATHS = NO;
				CLANG_ANALYZER_NONNULL = YES;
				CLANG_ANALYZER_NUMBER_OBJECT_CONVERSION = YES_AGGRESSIVE;
				CLANG_CXX_LANGUAGE_STANDARD = "gnu++14";
				CLANG_CXX_LIBRARY = "libc++";
				CLANG_ENABLE_MODULES = YES;
				CLANG_ENABLE_OBJC_ARC = YES;
				CLANG_ENABLE_OBJC_WEAK = YES;
				CLANG_WARN_BLOCK_CAPTURE_AUTORELEASING = YES;
				CLANG_WARN_BOOL_CONVERSION = YES;
				CLANG_WARN_COMMA = YES;
				CLANG_WARN_CONSTANT_CONVERSION = YES;
				CLANG_WARN_DEPRECATED_OBJC_IMPLEMENTATIONS = YES;
				CLANG_WARN_DIRECT_OBJC_ISA_USAGE = YES_ERROR;
				CLANG_WARN_DOCUMENTATION_COMMENTS = YES;
				CLANG_WARN_EMPTY_BODY = YES;
				CLANG_WARN_ENUM_CONVERSION = YES;
				CLANG_WARN_INFINITE_RECURSION = YES;
				CLANG_WARN_INT_CONVERSION = YES;
				CLANG_WARN_NON_LITERAL_NULL_CONVERSION = YES;
				CLANG_WARN_OBJC_IMPLICIT_RETAIN_SELF = YES;
				CLANG_WARN_OBJC_LITERAL_CONVERSION = YES;
				CLANG_WARN_OBJC_ROOT_CLASS = YES_ERROR;
				CLANG_WARN_RANGE_LOOP_ANALYSIS = YES;
				CLANG_WARN_STRICT_PROTOTYPES = YES;
				CLANG_WARN_SUSPICIOUS_MOVE = YES;
				CLANG_WARN_UNGUARDED_AVAILABILITY = YES_AGGRESSIVE;
				CLANG_WARN_UNREACHABLE_CODE = YES;
				CLANG_WARN__DUPLICATE_METHOD_MATCH = YES;
				CODE_SIGN_IDENTITY = "iPhone Developer";
				COPY_PHASE_STRIP = NO;
				DEBUG_INFORMATION_FORMAT = "dwarf-with-dsym";
				ENABLE_NS_ASSERTIONS = NO;
				ENABLE_STRICT_OBJC_MSGSEND = YES;
				GCC_C_LANGUAGE_STANDARD = gnu11;
				GCC_NO_COMMON_BLOCKS = YES;
				GCC_WARN_64_TO_32_BIT_CONVERSION = YES;
				GCC_WARN_ABOUT_RETURN_TYPE = YES_ERROR;
				GCC_WARN_UNDECLARED_SELECTOR = YES;
				GCC_WARN_UNINITIALIZED_AUTOS = YES_AGGRESSIVE;
				GCC_WARN_UNUSED_FUNCTION = YES;
				GCC_WARN_UNUSED_VARIABLE = YES;
				IPHONEOS_DEPLOYMENT_TARGET = 12.1;
				MTL_ENABLE_DEBUG_INFO = NO;
				MTL_FAST_MATH = YES;
				SDKROOT = iphoneos;
				VALIDATE_PRODUCT = YES;
			};
			name = Release;
		};
		282F20CD21ACDE2A00B999E8 /* Debug */ = {
			isa = XCBuildConfiguration;
			buildSettings = {
				ASSETCATALOG_COMPILER_APPICON_NAME = AppIcon;
				CODE_SIGN_STYLE = Automatic;
				DEVELOPMENT_TEAM = Z69Q2FEZS9;
				INFOPLIST_FILE = TaggedPointer/Info.plist;
				LD_RUNPATH_SEARCH_PATHS = (
					"$(inherited)",
					"@executable_path/Frameworks",
				);
				PRODUCT_BUNDLE_IDENTIFIER = yunna.TaggedPointer;
				PRODUCT_NAME = "$(TARGET_NAME)";
				TARGETED_DEVICE_FAMILY = "1,2";
			};
			name = Debug;
		};
		282F20CE21ACDE2A00B999E8 /* Release */ = {
			isa = XCBuildConfiguration;
			buildSettings = {
				ASSETCATALOG_COMPILER_APPICON_NAME = AppIcon;
				CODE_SIGN_STYLE = Automatic;
				DEVELOPMENT_TEAM = Z69Q2FEZS9;
				INFOPLIST_FILE = TaggedPointer/Info.plist;
				LD_RUNPATH_SEARCH_PATHS = (
					"$(inherited)",
					"@executable_path/Frameworks",
				);
				PRODUCT_BUNDLE_IDENTIFIER = yunna.TaggedPointer;
				PRODUCT_NAME = "$(TARGET_NAME)";
				TARGETED_DEVICE_FAMILY = "1,2";
			};
			name = Release;
		};
		282F20D021ACDE2A00B999E8 /* Debug */ = {
			isa = XCBuildConfiguration;
			buildSettings = {
				BUNDLE_LOADER = "$(TEST_HOST)";
				CODE_SIGN_STYLE = Automatic;
				DEVELOPMENT_TEAM = Z69Q2FEZS9;
				INFOPLIST_FILE = TaggedPointerTests/Info.plist;
				LD_RUNPATH_SEARCH_PATHS = (
					"$(inherited)",
					"@executable_path/Frameworks",
					"@loader_path/Frameworks",
				);
				PRODUCT_BUNDLE_IDENTIFIER = yunna.TaggedPointerTests;
				PRODUCT_NAME = "$(TARGET_NAME)";
				TARGETED_DEVICE_FAMILY = "1,2";
				TEST_HOST = "$(BUILT_PRODUCTS_DIR)/TaggedPointer.app/TaggedPointer";
			};
			name = Debug;
		};
		282F20D121ACDE2A00B999E8 /* Release */ = {
			isa = XCBuildConfiguration;
			buildSettings = {
				BUNDLE_LOADER = "$(TEST_HOST)";
				CODE_SIGN_STYLE = Automatic;
				DEVELOPMENT_TEAM = Z69Q2FEZS9;
				INFOPLIST_FILE = TaggedPointerTests/Info.plist;
				LD_RUNPATH_SEARCH_PATHS = (
					"$(inherited)",
					"@executable_path/Frameworks",
					"@loader_path/Frameworks",
				);
				PRODUCT_BUNDLE_IDENTIFIER = yunna.TaggedPointerTests;
				PRODUCT_NAME = "$(TARGET_NAME)";
				TARGETED_DEVICE_FAMILY = "1,2";
				TEST_HOST = "$(BUILT_PRODUCTS_DIR)/TaggedPointer.app/TaggedPointer";
			};
			name = Release;
		};
		282F20D321ACDE2A00B999E8 /* Debug */ = {
			isa = XCBuildConfiguration;
			buildSettings = {
				CODE_SIGN_STYLE = Automatic;
				DEVELOPMENT_TEAM = Z69Q2FEZS9;
				INFOPLIST_FILE = TaggedPointerUITests/Info.plist;
				LD_RUNPATH_SEARCH_PATHS = (
					"$(inherited)",
					"@executable_path/Frameworks",
					"@loader_path/Frameworks",
				);
				PRODUCT_BUNDLE_IDENTIFIER = yunna.TaggedPointerUITests;
				PRODUCT_NAME = "$(TARGET_NAME)";
				TARGETED_DEVICE_FAMILY = "1,2";
				TEST_TARGET_NAME = TaggedPointer;
			};
			name = Debug;
		};
		282F20D421ACDE2A00B999E8 /* Release */ = {
			isa = XCBuildConfiguration;
			buildSettings = {
				CODE_SIGN_STYLE = Automatic;
				DEVELOPMENT_TEAM = Z69Q2FEZS9;
				INFOPLIST_FILE = TaggedPointerUITests/Info.plist;
				LD_RUNPATH_SEARCH_PATHS = (
					"$(inherited)",
					"@executable_path/Frameworks",
					"@loader_path/Frameworks",
				);
				PRODUCT_BUNDLE_IDENTIFIER = yunna.TaggedPointerUITests;
				PRODUCT_NAME = "$(TARGET_NAME)";
				TARGETED_DEVICE_FAMILY = "1,2";
				TEST_TARGET_NAME = TaggedPointer;
			};
			name = Release;
		};
/* End XCBuildConfiguration section */

/* Begin XCConfigurationList section */
		282F209B21ACDE2800B999E8 /* Build configuration list for PBXProject "TaggedPointer" */ = {
			isa = XCConfigurationList;
			buildConfigurations = (
				282F20CA21ACDE2A00B999E8 /* Debug */,
				282F20CB21ACDE2A00B999E8 /* Release */,
			);
			defaultConfigurationIsVisible = 0;
			defaultConfigurationName = Release;
		};
		282F20CC21ACDE2A00B999E8 /* Build configuration list for PBXNativeTarget "TaggedPointer" */ = {
			isa = XCConfigurationList;
			buildConfigurations = (
				282F20CD21ACDE2A00B999E8 /* Debug */,
				282F20CE21ACDE2A00B999E8 /* Release */,
			);
			defaultConfigurationIsVisible = 0;
			defaultConfigurationName = Release;
		};
		282F20CF21ACDE2A00B999E8 /* Build configuration list for PBXNativeTarget "TaggedPointerTests" */ = {
			isa = XCConfigurationList;
			buildConfigurations = (
				282F20D021ACDE2A00B999E8 /* Debug */,
				282F20D121ACDE2A00B999E8 /* Release */,
			);
			defaultConfigurationIsVisible = 0;
			defaultConfigurationName = Release;
		};
		282F20D221ACDE2A00B999E8 /* Build configuration list for PBXNativeTarget "TaggedPointerUITests" */ = {
			isa = XCConfigurationList;
			buildConfigurations = (
				282F20D321ACDE2A00B999E8 /* Debug */,
				282F20D421ACDE2A00B999E8 /* Release */,
			);
			defaultConfigurationIsVisible = 0;
			defaultConfigurationName = Release;
		};
/* End XCConfigurationList section */
	};
	rootObject = 282F209821ACDE2800B999E8 /* Project object */;
}
