// !$*UTF8*$!
{
	archiveVersion = 1;
	classes = {
	};
	objectVersion = 50;
	objects = {

/* Begin PBXBuildFile section */
		282D4731218DB263009258FF /* AppDelegate.m in Sources */ = {isa = PBXBuildFile; fileRef = 282D4730218DB263009258FF /* AppDelegate.m */; };
		282D4734218DB263009258FF /* ViewController.m in Sources */ = {isa = PBXBuildFile; fileRef = 282D4733218DB263009258FF /* ViewController.m */; };
		282D4737218DB263009258FF /* Main.storyboard in Resources */ = {isa = PBXBuildFile; fileRef = 282D4735218DB263009258FF /* Main.storyboard */; };
		282D4739218DB263009258FF /* Assets.xcassets in Resources */ = {isa = PBXBuildFile; fileRef = 282D4738218DB263009258FF /* Assets.xcassets */; };
		282D473C218DB263009258FF /* LaunchScreen.storyboard in Resources */ = {isa = PBXBuildFile; fileRef = 282D473A218DB263009258FF /* LaunchScreen.storyboard */; };
		282D473F218DB263009258FF /* main.m in Sources */ = {isa = PBXBuildFile; fileRef = 282D473E218DB263009258FF /* main.m */; };
		282D4749218DB264009258FF /* NSThreadTests.m in Sources */ = {isa = PBXBuildFile; fileRef = 282D4748218DB264009258FF /* NSThreadTests.m */; };
		282D4754218DB264009258FF /* NSThreadUITests.m in Sources */ = {isa = PBXBuildFile; fileRef = 282D4753218DB264009258FF /* NSThreadUITests.m */; };
/* End PBXBuildFile section */

/* Begin PBXContainerItemProxy section */
		282D4745218DB264009258FF /* PBXContainerItemProxy */ = {
			isa = PBXContainerItemProxy;
			containerPortal = 282D4724218DB263009258FF /* Project object */;
			proxyType = 1;
			remoteGlobalIDString = 282D472B218DB263009258FF;
			remoteInfo = NSThread;
		};
		282D4750218DB264009258FF /* PBXContainerItemProxy */ = {
			isa = PBXContainerItemProxy;
			containerPortal = 282D4724218DB263009258FF /* Project object */;
			proxyType = 1;
			remoteGlobalIDString = 282D472B218DB263009258FF;
			remoteInfo = NSThread;
		};
/* End PBXContainerItemProxy section */

/* Begin PBXFileReference section */
		282D472C218DB263009258FF /* NSThread.app */ = {isa = PBXFileReference; explicitFileType = wrapper.application; includeInIndex = 0; path = NSThread.app; sourceTree = BUILT_PRODUCTS_DIR; };
		282D472F218DB263009258FF /* AppDelegate.h */ = {isa = PBXFileReference; lastKnownFileType = sourcecode.c.h; path = AppDelegate.h; sourceTree = "<group>"; };
		282D4730218DB263009258FF /* AppDelegate.m */ = {isa = PBXFileReference; lastKnownFileType = sourcecode.c.objc; path = AppDelegate.m; sourceTree = "<group>"; };
		282D4732218DB263009258FF /* ViewController.h */ = {isa = PBXFileReference; lastKnownFileType = sourcecode.c.h; path = ViewController.h; sourceTree = "<group>"; };
		282D4733218DB263009258FF /* ViewController.m */ = {isa = PBXFileReference; lastKnownFileType = sourcecode.c.objc; path = ViewController.m; sourceTree = "<group>"; };
		282D4736218DB263009258FF /* Base */ = {isa = PBXFileReference; lastKnownFileType = file.storyboard; name = Base; path = Base.lproj/Main.storyboard; sourceTree = "<group>"; };
		282D4738218DB263009258FF /* Assets.xcassets */ = {isa = PBXFileReference; lastKnownFileType = folder.assetcatalog; path = Assets.xcassets; sourceTree = "<group>"; };
		282D473B218DB263009258FF /* Base */ = {isa = PBXFileReference; lastKnownFileType = file.storyboard; name = Base; path = Base.lproj/LaunchScreen.storyboard; sourceTree = "<group>"; };
		282D473D218DB263009258FF /* Info.plist */ = {isa = PBXFileReference; lastKnownFileType = text.plist.xml; path = Info.plist; sourceTree = "<group>"; };
		282D473E218DB263009258FF /* main.m */ = {isa = PBXFileReference; lastKnownFileType = sourcecode.c.objc; path = main.m; sourceTree = "<group>"; };
		282D4744218DB264009258FF /* NSThreadTests.xctest */ = {isa = PBXFileReference; explicitFileType = wrapper.cfbundle; includeInIndex = 0; path = NSThreadTests.xctest; sourceTree = BUILT_PRODUCTS_DIR; };
		282D4748218DB264009258FF /* NSThreadTests.m */ = {isa = PBXFileReference; lastKnownFileType = sourcecode.c.objc; path = NSThreadTests.m; sourceTree = "<group>"; };
		282D474A218DB264009258FF /* Info.plist */ = {isa = PBXFileReference; lastKnownFileType = text.plist.xml; path = Info.plist; sourceTree = "<group>"; };
		282D474F218DB264009258FF /* NSThreadUITests.xctest */ = {isa = PBXFileReference; explicitFileType = wrapper.cfbundle; includeInIndex = 0; path = NSThreadUITests.xctest; sourceTree = BUILT_PRODUCTS_DIR; };
		282D4753218DB264009258FF /* NSThreadUITests.m */ = {isa = PBXFileReference; lastKnownFileType = sourcecode.c.objc; path = NSThreadUITests.m; sourceTree = "<group>"; };
		282D4755218DB264009258FF /* Info.plist */ = {isa = PBXFileReference; lastKnownFileType = text.plist.xml; path = Info.plist; sourceTree = "<group>"; };
/* End PBXFileReference section */

/* Begin PBXFrameworksBuildPhase section */
		282D4729218DB263009258FF /* Frameworks */ = {
			isa = PBXFrameworksBuildPhase;
			buildActionMask = 2147483647;
			files = (
			);
			runOnlyForDeploymentPostprocessing = 0;
		};
		282D4741218DB264009258FF /* Frameworks */ = {
			isa = PBXFrameworksBuildPhase;
			buildActionMask = 2147483647;
			files = (
			);
			runOnlyForDeploymentPostprocessing = 0;
		};
		282D474C218DB264009258FF /* Frameworks */ = {
			isa = PBXFrameworksBuildPhase;
			buildActionMask = 2147483647;
			files = (
			);
			runOnlyForDeploymentPostprocessing = 0;
		};
/* End PBXFrameworksBuildPhase section */

/* Begin PBXGroup section */
		282D4723218DB263009258FF = {
			isa = PBXGroup;
			children = (
				282D472E218DB263009258FF /* NSThread */,
				282D4747218DB264009258FF /* NSThreadTests */,
				282D4752218DB264009258FF /* NSThreadUITests */,
				282D472D218DB263009258FF /* Products */,
			);
			sourceTree = "<group>";
		};
		282D472D218DB263009258FF /* Products */ = {
			isa = PBXGroup;
			children = (
				282D472C218DB263009258FF /* NSThread.app */,
				282D4744218DB264009258FF /* NSThreadTests.xctest */,
				282D474F218DB264009258FF /* NSThreadUITests.xctest */,
			);
			name = Products;
			sourceTree = "<group>";
		};
		282D472E218DB263009258FF /* NSThread */ = {
			isa = PBXGroup;
			children = (
				282D472F218DB263009258FF /* AppDelegate.h */,
				282D4730218DB263009258FF /* AppDelegate.m */,
				282D4732218DB263009258FF /* ViewController.h */,
				282D4733218DB263009258FF /* ViewController.m */,
				282D4735218DB263009258FF /* Main.storyboard */,
				282D4738218DB263009258FF /* Assets.xcassets */,
				282D473A218DB263009258FF /* LaunchScreen.storyboard */,
				282D473D218DB263009258FF /* Info.plist */,
				282D473E218DB263009258FF /* main.m */,
			);
			path = NSThread;
			sourceTree = "<group>";
		};
		282D4747218DB264009258FF /* NSThreadTests */ = {
			isa = PBXGroup;
			children = (
				282D4748218DB264009258FF /* NSThreadTests.m */,
				282D474A218DB264009258FF /* Info.plist */,
			);
			path = NSThreadTests;
			sourceTree = "<group>";
		};
		282D4752218DB264009258FF /* NSThreadUITests */ = {
			isa = PBXGroup;
			children = (
				282D4753218DB264009258FF /* NSThreadUITests.m */,
				282D4755218DB264009258FF /* Info.plist */,
			);
			path = NSThreadUITests;
			sourceTree = "<group>";
		};
/* End PBXGroup section */

/* Begin PBXNativeTarget section */
		282D472B218DB263009258FF /* NSThread */ = {
			isa = PBXNativeTarget;
			buildConfigurationList = 282D4758218DB264009258FF /* Build configuration list for PBXNativeTarget "NSThread" */;
			buildPhases = (
				282D4728218DB263009258FF /* Sources */,
				282D4729218DB263009258FF /* Frameworks */,
				282D472A218DB263009258FF /* Resources */,
			);
			buildRules = (
			);
			dependencies = (
			);
			name = NSThread;
			productName = NSThread;
			productReference = 282D472C218DB263009258FF /* NSThread.app */;
			productType = "com.apple.product-type.application";
		};
		282D4743218DB264009258FF /* NSThreadTests */ = {
			isa = PBXNativeTarget;
			buildConfigurationList = 282D475B218DB264009258FF /* Build configuration list for PBXNativeTarget "NSThreadTests" */;
			buildPhases = (
				282D4740218DB264009258FF /* Sources */,
				282D4741218DB264009258FF /* Frameworks */,
				282D4742218DB264009258FF /* Resources */,
			);
			buildRules = (
			);
			dependencies = (
				282D4746218DB264009258FF /* PBXTargetDependency */,
			);
			name = NSThreadTests;
			productName = NSThreadTests;
			productReference = 282D4744218DB264009258FF /* NSThreadTests.xctest */;
			productType = "com.apple.product-type.bundle.unit-test";
		};
		282D474E218DB264009258FF /* NSThreadUITests */ = {
			isa = PBXNativeTarget;
			buildConfigurationList = 282D475E218DB264009258FF /* Build configuration list for PBXNativeTarget "NSThreadUITests" */;
			buildPhases = (
				282D474B218DB264009258FF /* Sources */,
				282D474C218DB264009258FF /* Frameworks */,
				282D474D218DB264009258FF /* Resources */,
			);
			buildRules = (
			);
			dependencies = (
				282D4751218DB264009258FF /* PBXTargetDependency */,
			);
			name = NSThreadUITests;
			productName = NSThreadUITests;
			productReference = 282D474F218DB264009258FF /* NSThreadUITests.xctest */;
			productType = "com.apple.product-type.bundle.ui-testing";
		};
/* End PBXNativeTarget section */

/* Begin PBXProject section */
		282D4724218DB263009258FF /* Project object */ = {
			isa = PBXProject;
			attributes = {
				LastUpgradeCheck = 0940;
				ORGANIZATIONNAME = yunna;
				TargetAttributes = {
					282D472B218DB263009258FF = {
						CreatedOnToolsVersion = 9.4.1;
					};
					282D4743218DB264009258FF = {
						CreatedOnToolsVersion = 9.4.1;
						TestTargetID = 282D472B218DB263009258FF;
					};
					282D474E218DB264009258FF = {
						CreatedOnToolsVersion = 9.4.1;
						TestTargetID = 282D472B218DB263009258FF;
					};
				};
			};
			buildConfigurationList = 282D4727218DB263009258FF /* Build configuration list for PBXProject "NSThread" */;
			compatibilityVersion = "Xcode 9.3";
			developmentRegion = en;
			hasScannedForEncodings = 0;
			knownRegions = (
				en,
				Base,
			);
			mainGroup = 282D4723218DB263009258FF;
			productRefGroup = 282D472D218DB263009258FF /* Products */;
			projectDirPath = "";
			projectRoot = "";
			targets = (
				282D472B218DB263009258FF /* NSThread */,
				282D4743218DB264009258FF /* NSThreadTests */,
				282D474E218DB264009258FF /* NSThreadUITests */,
			);
		};
/* End PBXProject section */

/* Begin PBXResourcesBuildPhase section */
		282D472A218DB263009258FF /* Resources */ = {
			isa = PBXResourcesBuildPhase;
			buildActionMask = 2147483647;
			files = (
				282D473C218DB263009258FF /* LaunchScreen.storyboard in Resources */,
				282D4739218DB263009258FF /* Assets.xcassets in Resources */,
				282D4737218DB263009258FF /* Main.storyboard in Resources */,
			);
			runOnlyForDeploymentPostprocessing = 0;
		};
		282D4742218DB264009258FF /* Resources */ = {
			isa = PBXResourcesBuildPhase;
			buildActionMask = 2147483647;
			files = (
			);
			runOnlyForDeploymentPostprocessing = 0;
		};
		282D474D218DB264009258FF /* Resources */ = {
			isa = PBXResourcesBuildPhase;
			buildActionMask = 2147483647;
			files = (
			);
			runOnlyForDeploymentPostprocessing = 0;
		};
/* End PBXResourcesBuildPhase section */

/* Begin PBXSourcesBuildPhase section */
		282D4728218DB263009258FF /* Sources */ = {
			isa = PBXSourcesBuildPhase;
			buildActionMask = 2147483647;
			files = (
				282D4734218DB263009258FF /* ViewController.m in Sources */,
				282D473F218DB263009258FF /* main.m in Sources */,
				282D4731218DB263009258FF /* AppDelegate.m in Sources */,
			);
			runOnlyForDeploymentPostprocessing = 0;
		};
		282D4740218DB264009258FF /* Sources */ = {
			isa = PBXSourcesBuildPhase;
			buildActionMask = 2147483647;
			files = (
				282D4749218DB264009258FF /* NSThreadTests.m in Sources */,
			);
			runOnlyForDeploymentPostprocessing = 0;
		};
		282D474B218DB264009258FF /* Sources */ = {
			isa = PBXSourcesBuildPhase;
			buildActionMask = 2147483647;
			files = (
				282D4754218DB264009258FF /* NSThreadUITests.m in Sources */,
			);
			runOnlyForDeploymentPostprocessing = 0;
		};
/* End PBXSourcesBuildPhase section */

/* Begin PBXTargetDependency section */
		282D4746218DB264009258FF /* PBXTargetDependency */ = {
			isa = PBXTargetDependency;
			target = 282D472B218DB263009258FF /* NSThread */;
			targetProxy = 282D4745218DB264009258FF /* PBXContainerItemProxy */;
		};
		282D4751218DB264009258FF /* PBXTargetDependency */ = {
			isa = PBXTargetDependency;
			target = 282D472B218DB263009258FF /* NSThread */;
			targetProxy = 282D4750218DB264009258FF /* PBXContainerItemProxy */;
		};
/* End PBXTargetDependency section */

/* Begin PBXVariantGroup section */
		282D4735218DB263009258FF /* Main.storyboard */ = {
			isa = PBXVariantGroup;
			children = (
				282D4736218DB263009258FF /* Base */,
			);
			name = Main.storyboard;
			sourceTree = "<group>";
		};
		282D473A218DB263009258FF /* LaunchScreen.storyboard */ = {
			isa = PBXVariantGroup;
			children = (
				282D473B218DB263009258FF /* Base */,
			);
			name = LaunchScreen.storyboard;
			sourceTree = "<group>";
		};
/* End PBXVariantGroup section */

/* Begin XCBuildConfiguration section */
		282D4756218DB264009258FF /* Debug */ = {
			isa = XCBuildConfiguration;
			buildSettings = {
				ALWAYS_SEARCH_USER_PATHS = NO;
				CLANG_ANALYZER_NONNULL = YES;
				CLANG_ANALYZER_NUMBER_OBJECT_CONVERSION = YES_AGGRESSIVE;
				CLANG_CXX_LANGUAGE_STANDARD = "gnu++14";
				CLANG_CXX_LIBRARY = "libc++";
				CLANG_ENABLE_MODULES = YES;
				CLANG_ENABLE_OBJC_ARC = YES;
				CLANG_ENABLE_OBJC_WEAK = YES;
				CLANG_WARN_BLOCK_CAPTURE_AUTORELEASING = YES;
				CLANG_WARN_BOOL_CONVERSION = YES;
				CLANG_WARN_COMMA = YES;
				CLANG_WARN_CONSTANT_CONVERSION = YES;
				CLANG_WARN_DEPRECATED_OBJC_IMPLEMENTATIONS = YES;
				CLANG_WARN_DIRECT_OBJC_ISA_USAGE = YES_ERROR;
				CLANG_WARN_DOCUMENTATION_COMMENTS = YES;
				CLANG_WARN_EMPTY_BODY = YES;
				CLANG_WARN_ENUM_CONVERSION = YES;
				CLANG_WARN_INFINITE_RECURSION = YES;
				CLANG_WARN_INT_CONVERSION = YES;
				CLANG_WARN_NON_LITERAL_NULL_CONVERSION = YES;
				CLANG_WARN_OBJC_IMPLICIT_RETAIN_SELF = YES;
				CLANG_WARN_OBJC_LITERAL_CONVERSION = YES;
				CLANG_WARN_OBJC_ROOT_CLASS = YES_ERROR;
				CLANG_WARN_RANGE_LOOP_ANALYSIS = YES;
				CLANG_WARN_STRICT_PROTOTYPES = YES;
				CLANG_WARN_SUSPICIOUS_MOVE = YES;
				CLANG_WARN_UNGUARDED_AVAILABILITY = YES_AGGRESSIVE;
				CLANG_WARN_UNREACHABLE_CODE = YES;
				CLANG_WARN__DUPLICATE_METHOD_MATCH = YES;
				CODE_SIGN_IDENTITY = "iPhone Developer";
				COPY_PHASE_STRIP = NO;
				DEBUG_INFORMATION_FORMAT = dwarf;
				ENABLE_STRICT_OBJC_MSGSEND = YES;
				ENABLE_TESTABILITY = YES;
				GCC_C_LANGUAGE_STANDARD = gnu11;
				GCC_DYNAMIC_NO_PIC = NO;
				GCC_NO_COMMON_BLOCKS = YES;
				GCC_OPTIMIZATION_LEVEL = 0;
				GCC_PREPROCESSOR_DEFINITIONS = (
					"DEBUG=1",
					"$(inherited)",
				);
				GCC_WARN_64_TO_32_BIT_CONVERSION = YES;
				GCC_WARN_ABOUT_RETURN_TYPE = YES_ERROR;
				GCC_WARN_UNDECLARED_SELECTOR = YES;
				GCC_WARN_UNINITIALIZED_AUTOS = YES_AGGRESSIVE;
				GCC_WARN_UNUSED_FUNCTION = YES;
				GCC_WARN_UNUSED_VARIABLE = YES;
				IPHONEOS_DEPLOYMENT_TARGET = 11.4;
				MTL_ENABLE_DEBUG_INFO = YES;
				ONLY_ACTIVE_ARCH = YES;
				SDKROOT = iphoneos;
			};
			name = Debug;
		};
		282D4757218DB264009258FF /* Release */ = {
			isa = XCBuildConfiguration;
			buildSettings = {
				ALWAYS_SEARCH_USER_PATHS = NO;
				CLANG_ANALYZER_NONNULL = YES;
				CLANG_ANALYZER_NUMBER_OBJECT_CONVERSION = YES_AGGRESSIVE;
				CLANG_CXX_LANGUAGE_STANDARD = "gnu++14";
				CLANG_CXX_LIBRARY = "libc++";
				CLANG_ENABLE_MODULES = YES;
				CLANG_ENABLE_OBJC_ARC = YES;
				CLANG_ENABLE_OBJC_WEAK = YES;
				CLANG_WARN_BLOCK_CAPTURE_AUTORELEASING = YES;
				CLANG_WARN_BOOL_CONVERSION = YES;
				CLANG_WARN_COMMA = YES;
				CLANG_WARN_CONSTANT_CONVERSION = YES;
				CLANG_WARN_DEPRECATED_OBJC_IMPLEMENTATIONS = YES;
				CLANG_WARN_DIRECT_OBJC_ISA_USAGE = YES_ERROR;
				CLANG_WARN_DOCUMENTATION_COMMENTS = YES;
				CLANG_WARN_EMPTY_BODY = YES;
				CLANG_WARN_ENUM_CONVERSION = YES;
				CLANG_WARN_INFINITE_RECURSION = YES;
				CLANG_WARN_INT_CONVERSION = YES;
				CLANG_WARN_NON_LITERAL_NULL_CONVERSION = YES;
				CLANG_WARN_OBJC_IMPLICIT_RETAIN_SELF = YES;
				CLANG_WARN_OBJC_LITERAL_CONVERSION = YES;
				CLANG_WARN_OBJC_ROOT_CLASS = YES_ERROR;
				CLANG_WARN_RANGE_LOOP_ANALYSIS = YES;
				CLANG_WARN_STRICT_PROTOTYPES = YES;
				CLANG_WARN_SUSPICIOUS_MOVE = YES;
				CLANG_WARN_UNGUARDED_AVAILABILITY = YES_AGGRESSIVE;
				CLANG_WARN_UNREACHABLE_CODE = YES;
				CLANG_WARN__DUPLICATE_METHOD_MATCH = YES;
				CODE_SIGN_IDENTITY = "iPhone Developer";
				COPY_PHASE_STRIP = NO;
				DEBUG_INFORMATION_FORMAT = "dwarf-with-dsym";
				ENABLE_NS_ASSERTIONS = NO;
				ENABLE_STRICT_OBJC_MSGSEND = YES;
				GCC_C_LANGUAGE_STANDARD = gnu11;
				GCC_NO_COMMON_BLOCKS = YES;
				GCC_WARN_64_TO_32_BIT_CONVERSION = YES;
				GCC_WARN_ABOUT_RETURN_TYPE = YES_ERROR;
				GCC_WARN_UNDECLARED_SELECTOR = YES;
				GCC_WARN_UNINITIALIZED_AUTOS = YES_AGGRESSIVE;
				GCC_WARN_UNUSED_FUNCTION = YES;
				GCC_WARN_UNUSED_VARIABLE = YES;
				IPHONEOS_DEPLOYMENT_TARGET = 11.4;
				MTL_ENABLE_DEBUG_INFO = NO;
				SDKROOT = iphoneos;
				VALIDATE_PRODUCT = YES;
			};
			name = Release;
		};
		282D4759218DB264009258FF /* Debug */ = {
			isa = XCBuildConfiguration;
			buildSettings = {
				ASSETCATALOG_COMPILER_APPICON_NAME = AppIcon;
				CODE_SIGN_STYLE = Automatic;
				DEVELOPMENT_TEAM = Z69Q2FEZS9;
				INFOPLIST_FILE = NSThread/Info.plist;
				LD_RUNPATH_SEARCH_PATHS = (
					"$(inherited)",
					"@executable_path/Frameworks",
				);
				PRODUCT_BUNDLE_IDENTIFIER = yunna.NSThread;
				PRODUCT_NAME = "$(TARGET_NAME)";
				TARGETED_DEVICE_FAMILY = "1,2";
			};
			name = Debug;
		};
		282D475A218DB264009258FF /* Release */ = {
			isa = XCBuildConfiguration;
			buildSettings = {
				ASSETCATALOG_COMPILER_APPICON_NAME = AppIcon;
				CODE_SIGN_STYLE = Automatic;
				DEVELOPMENT_TEAM = Z69Q2FEZS9;
				INFOPLIST_FILE = NSThread/Info.plist;
				LD_RUNPATH_SEARCH_PATHS = (
					"$(inherited)",
					"@executable_path/Frameworks",
				);
				PRODUCT_BUNDLE_IDENTIFIER = yunna.NSThread;
				PRODUCT_NAME = "$(TARGET_NAME)";
				TARGETED_DEVICE_FAMILY = "1,2";
			};
			name = Release;
		};
		282D475C218DB264009258FF /* Debug */ = {
			isa = XCBuildConfiguration;
			buildSettings = {
				BUNDLE_LOADER = "$(TEST_HOST)";
				CODE_SIGN_STYLE = Automatic;
				DEVELOPMENT_TEAM = Z69Q2FEZS9;
				INFOPLIST_FILE = NSThreadTests/Info.plist;
				LD_RUNPATH_SEARCH_PATHS = (
					"$(inherited)",
					"@executable_path/Frameworks",
					"@loader_path/Frameworks",
				);
				PRODUCT_BUNDLE_IDENTIFIER = yunna.NSThreadTests;
				PRODUCT_NAME = "$(TARGET_NAME)";
				TARGETED_DEVICE_FAMILY = "1,2";
				TEST_HOST = "$(BUILT_PRODUCTS_DIR)/NSThread.app/NSThread";
			};
			name = Debug;
		};
		282D475D218DB264009258FF /* Release */ = {
			isa = XCBuildConfiguration;
			buildSettings = {
				BUNDLE_LOADER = "$(TEST_HOST)";
				CODE_SIGN_STYLE = Automatic;
				DEVELOPMENT_TEAM = Z69Q2FEZS9;
				INFOPLIST_FILE = NSThreadTests/Info.plist;
				LD_RUNPATH_SEARCH_PATHS = (
					"$(inherited)",
					"@executable_path/Frameworks",
					"@loader_path/Frameworks",
				);
				PRODUCT_BUNDLE_IDENTIFIER = yunna.NSThreadTests;
				PRODUCT_NAME = "$(TARGET_NAME)";
				TARGETED_DEVICE_FAMILY = "1,2";
				TEST_HOST = "$(BUILT_PRODUCTS_DIR)/NSThread.app/NSThread";
			};
			name = Release;
		};
		282D475F218DB264009258FF /* Debug */ = {
			isa = XCBuildConfiguration;
			buildSettings = {
				CODE_SIGN_STYLE = Automatic;
				DEVELOPMENT_TEAM = Z69Q2FEZS9;
				INFOPLIST_FILE = NSThreadUITests/Info.plist;
				LD_RUNPATH_SEARCH_PATHS = (
					"$(inherited)",
					"@executable_path/Frameworks",
					"@loader_path/Frameworks",
				);
				PRODUCT_BUNDLE_IDENTIFIER = yunna.NSThreadUITests;
				PRODUCT_NAME = "$(TARGET_NAME)";
				TARGETED_DEVICE_FAMILY = "1,2";
				TEST_TARGET_NAME = NSThread;
			};
			name = Debug;
		};
		282D4760218DB264009258FF /* Release */ = {
			isa = XCBuildConfiguration;
			buildSettings = {
				CODE_SIGN_STYLE = Automatic;
				DEVELOPMENT_TEAM = Z69Q2FEZS9;
				INFOPLIST_FILE = NSThreadUITests/Info.plist;
				LD_RUNPATH_SEARCH_PATHS = (
					"$(inherited)",
					"@executable_path/Frameworks",
					"@loader_path/Frameworks",
				);
				PRODUCT_BUNDLE_IDENTIFIER = yunna.NSThreadUITests;
				PRODUCT_NAME = "$(TARGET_NAME)";
				TARGETED_DEVICE_FAMILY = "1,2";
				TEST_TARGET_NAME = NSThread;
			};
			name = Release;
		};
/* End XCBuildConfiguration section */

/* Begin XCConfigurationList section */
		282D4727218DB263009258FF /* Build configuration list for PBXProject "NSThread" */ = {
			isa = XCConfigurationList;
			buildConfigurations = (
				282D4756218DB264009258FF /* Debug */,
				282D4757218DB264009258FF /* Release */,
			);
			defaultConfigurationIsVisible = 0;
			defaultConfigurationName = Release;
		};
		282D4758218DB264009258FF /* Build configuration list for PBXNativeTarget "NSThread" */ = {
			isa = XCConfigurationList;
			buildConfigurations = (
				282D4759218DB264009258FF /* Debug */,
				282D475A218DB264009258FF /* Release */,
			);
			defaultConfigurationIsVisible = 0;
			defaultConfigurationName = Release;
		};
		282D475B218DB264009258FF /* Build configuration list for PBXNativeTarget "NSThreadTests" */ = {
			isa = XCConfigurationList;
			buildConfigurations = (
				282D475C218DB264009258FF /* Debug */,
				282D475D218DB264009258FF /* Release */,
			);
			defaultConfigurationIsVisible = 0;
			defaultConfigurationName = Release;
		};
		282D475E218DB264009258FF /* Build configuration list for PBXNativeTarget "NSThreadUITests" */ = {
			isa = XCConfigurationList;
			buildConfigurations = (
				282D475F218DB264009258FF /* Debug */,
				282D4760218DB264009258FF /* Release */,
			);
			defaultConfigurationIsVisible = 0;
			defaultConfigurationName = Release;
		};
/* End XCConfigurationList section */
	};
	rootObject = 282D4724218DB263009258FF /* Project object */;
}
