// !$*UTF8*$!
{
	archiveVersion = 1;
	classes = {
	};
	objectVersion = 50;
	objects = {

/* Begin PBXBuildFile section */
		2886432021B93AD60056505F /* AppDelegate.swift in Sources */ = {isa = PBXBuildFile; fileRef = 2886431F21B93AD60056505F /* AppDelegate.swift */; };
		2886432221B93AD60056505F /* ViewController.swift in Sources */ = {isa = PBXBuildFile; fileRef = 2886432121B93AD60056505F /* ViewController.swift */; };
		2886432521B93AD60056505F /* Main.storyboard in Resources */ = {isa = PBXBuildFile; fileRef = 2886432321B93AD60056505F /* Main.storyboard */; };
		2886432721B93AD80056505F /* Assets.xcassets in Resources */ = {isa = PBXBuildFile; fileRef = 2886432621B93AD80056505F /* Assets.xcassets */; };
		2886432A21B93AD80056505F /* LaunchScreen.storyboard in Resources */ = {isa = PBXBuildFile; fileRef = 2886432821B93AD80056505F /* LaunchScreen.storyboard */; };
		2886433521B93AD80056505F /* AppDelete__Tests.swift in Sources */ = {isa = PBXBuildFile; fileRef = 2886433421B93AD80056505F /* AppDelete__Tests.swift */; };
		2886434021B93AD80056505F /* AppDelete__UITests.swift in Sources */ = {isa = PBXBuildFile; fileRef = 2886433F21B93AD80056505F /* AppDelete__UITests.swift */; };
/* End PBXBuildFile section */

/* Begin PBXContainerItemProxy section */
		2886433121B93AD80056505F /* PBXContainerItemProxy */ = {
			isa = PBXContainerItemProxy;
			containerPortal = 2886431421B93AD60056505F /* Project object */;
			proxyType = 1;
			remoteGlobalIDString = 2886431B21B93AD60056505F;
			remoteInfo = "AppDelete臃肿";
		};
		2886433C21B93AD80056505F /* PBXContainerItemProxy */ = {
			isa = PBXContainerItemProxy;
			containerPortal = 2886431421B93AD60056505F /* Project object */;
			proxyType = 1;
			remoteGlobalIDString = 2886431B21B93AD60056505F;
			remoteInfo = "AppDelete臃肿";
		};
/* End PBXContainerItemProxy section */

/* Begin PBXFileReference section */
		2886431C21B93AD60056505F /* AppDelete臃肿.app */ = {isa = PBXFileReference; explicitFileType = wrapper.application; includeInIndex = 0; path = "AppDelete臃肿.app"; sourceTree = BUILT_PRODUCTS_DIR; };
		2886431F21B93AD60056505F /* AppDelegate.swift */ = {isa = PBXFileReference; lastKnownFileType = sourcecode.swift; path = AppDelegate.swift; sourceTree = "<group>"; };
		2886432121B93AD60056505F /* ViewController.swift */ = {isa = PBXFileReference; lastKnownFileType = sourcecode.swift; path = ViewController.swift; sourceTree = "<group>"; };
		2886432421B93AD60056505F /* Base */ = {isa = PBXFileReference; lastKnownFileType = file.storyboard; name = Base; path = Base.lproj/Main.storyboard; sourceTree = "<group>"; };
		2886432621B93AD80056505F /* Assets.xcassets */ = {isa = PBXFileReference; lastKnownFileType = folder.assetcatalog; path = Assets.xcassets; sourceTree = "<group>"; };
		2886432921B93AD80056505F /* Base */ = {isa = PBXFileReference; lastKnownFileType = file.storyboard; name = Base; path = Base.lproj/LaunchScreen.storyboard; sourceTree = "<group>"; };
		2886432B21B93AD80056505F /* Info.plist */ = {isa = PBXFileReference; lastKnownFileType = text.plist.xml; path = Info.plist; sourceTree = "<group>"; };
		2886433021B93AD80056505F /* AppDelete臃肿Tests.xctest */ = {isa = PBXFileReference; explicitFileType = wrapper.cfbundle; includeInIndex = 0; path = "AppDelete臃肿Tests.xctest"; sourceTree = BUILT_PRODUCTS_DIR; };
		2886433421B93AD80056505F /* AppDelete__Tests.swift */ = {isa = PBXFileReference; lastKnownFileType = sourcecode.swift; path = AppDelete__Tests.swift; sourceTree = "<group>"; };
		2886433621B93AD80056505F /* Info.plist */ = {isa = PBXFileReference; lastKnownFileType = text.plist.xml; path = Info.plist; sourceTree = "<group>"; };
		2886433B21B93AD80056505F /* AppDelete臃肿UITests.xctest */ = {isa = PBXFileReference; explicitFileType = wrapper.cfbundle; includeInIndex = 0; path = "AppDelete臃肿UITests.xctest"; sourceTree = BUILT_PRODUCTS_DIR; };
		2886433F21B93AD80056505F /* AppDelete__UITests.swift */ = {isa = PBXFileReference; lastKnownFileType = sourcecode.swift; path = AppDelete__UITests.swift; sourceTree = "<group>"; };
		2886434121B93AD80056505F /* Info.plist */ = {isa = PBXFileReference; lastKnownFileType = text.plist.xml; path = Info.plist; sourceTree = "<group>"; };
/* End PBXFileReference section */

/* Begin PBXFrameworksBuildPhase section */
		2886431921B93AD60056505F /* Frameworks */ = {
			isa = PBXFrameworksBuildPhase;
			buildActionMask = 2147483647;
			files = (
			);
			runOnlyForDeploymentPostprocessing = 0;
		};
		2886432D21B93AD80056505F /* Frameworks */ = {
			isa = PBXFrameworksBuildPhase;
			buildActionMask = 2147483647;
			files = (
			);
			runOnlyForDeploymentPostprocessing = 0;
		};
		2886433821B93AD80056505F /* Frameworks */ = {
			isa = PBXFrameworksBuildPhase;
			buildActionMask = 2147483647;
			files = (
			);
			runOnlyForDeploymentPostprocessing = 0;
		};
/* End PBXFrameworksBuildPhase section */

/* Begin PBXGroup section */
		2886431321B93AD60056505F = {
			isa = PBXGroup;
			children = (
				2886431E21B93AD60056505F /* AppDelete臃肿 */,
				2886433321B93AD80056505F /* AppDelete臃肿Tests */,
				2886433E21B93AD80056505F /* AppDelete臃肿UITests */,
				2886431D21B93AD60056505F /* Products */,
			);
			sourceTree = "<group>";
		};
		2886431D21B93AD60056505F /* Products */ = {
			isa = PBXGroup;
			children = (
				2886431C21B93AD60056505F /* AppDelete臃肿.app */,
				2886433021B93AD80056505F /* AppDelete臃肿Tests.xctest */,
				2886433B21B93AD80056505F /* AppDelete臃肿UITests.xctest */,
			);
			name = Products;
			sourceTree = "<group>";
		};
		2886431E21B93AD60056505F /* AppDelete臃肿 */ = {
			isa = PBXGroup;
			children = (
				2886431F21B93AD60056505F /* AppDelegate.swift */,
				2886432121B93AD60056505F /* ViewController.swift */,
				2886432321B93AD60056505F /* Main.storyboard */,
				2886432621B93AD80056505F /* Assets.xcassets */,
				2886432821B93AD80056505F /* LaunchScreen.storyboard */,
				2886432B21B93AD80056505F /* Info.plist */,
			);
			path = "AppDelete臃肿";
			sourceTree = "<group>";
		};
		2886433321B93AD80056505F /* AppDelete臃肿Tests */ = {
			isa = PBXGroup;
			children = (
				2886433421B93AD80056505F /* AppDelete__Tests.swift */,
				2886433621B93AD80056505F /* Info.plist */,
			);
			path = "AppDelete臃肿Tests";
			sourceTree = "<group>";
		};
		2886433E21B93AD80056505F /* AppDelete臃肿UITests */ = {
			isa = PBXGroup;
			children = (
				2886433F21B93AD80056505F /* AppDelete__UITests.swift */,
				2886434121B93AD80056505F /* Info.plist */,
			);
			path = "AppDelete臃肿UITests";
			sourceTree = "<group>";
		};
/* End PBXGroup section */

/* Begin PBXNativeTarget section */
		2886431B21B93AD60056505F /* AppDelete臃肿 */ = {
			isa = PBXNativeTarget;
			buildConfigurationList = 2886434421B93AD80056505F /* Build configuration list for PBXNativeTarget "AppDelete臃肿" */;
			buildPhases = (
				2886431821B93AD60056505F /* Sources */,
				2886431921B93AD60056505F /* Frameworks */,
				2886431A21B93AD60056505F /* Resources */,
			);
			buildRules = (
			);
			dependencies = (
			);
			name = "AppDelete臃肿";
			productName = "AppDelete臃肿";
			productReference = 2886431C21B93AD60056505F /* AppDelete臃肿.app */;
			productType = "com.apple.product-type.application";
		};
		2886432F21B93AD80056505F /* AppDelete臃肿Tests */ = {
			isa = PBXNativeTarget;
			buildConfigurationList = 2886434721B93AD80056505F /* Build configuration list for PBXNativeTarget "AppDelete臃肿Tests" */;
			buildPhases = (
				2886432C21B93AD80056505F /* Sources */,
				2886432D21B93AD80056505F /* Frameworks */,
				2886432E21B93AD80056505F /* Resources */,
			);
			buildRules = (
			);
			dependencies = (
				2886433221B93AD80056505F /* PBXTargetDependency */,
			);
			name = "AppDelete臃肿Tests";
			productName = "AppDelete臃肿Tests";
			productReference = 2886433021B93AD80056505F /* AppDelete臃肿Tests.xctest */;
			productType = "com.apple.product-type.bundle.unit-test";
		};
		2886433A21B93AD80056505F /* AppDelete臃肿UITests */ = {
			isa = PBXNativeTarget;
			buildConfigurationList = 2886434A21B93AD80056505F /* Build configuration list for PBXNativeTarget "AppDelete臃肿UITests" */;
			buildPhases = (
				2886433721B93AD80056505F /* Sources */,
				2886433821B93AD80056505F /* Frameworks */,
				2886433921B93AD80056505F /* Resources */,
			);
			buildRules = (
			);
			dependencies = (
				2886433D21B93AD80056505F /* PBXTargetDependency */,
			);
			name = "AppDelete臃肿UITests";
			productName = "AppDelete臃肿UITests";
			productReference = 2886433B21B93AD80056505F /* AppDelete臃肿UITests.xctest */;
			productType = "com.apple.product-type.bundle.ui-testing";
		};
/* End PBXNativeTarget section */

/* Begin PBXProject section */
		2886431421B93AD60056505F /* Project object */ = {
			isa = PBXProject;
			attributes = {
				LastSwiftUpdateCheck = 1010;
				LastUpgradeCheck = 1010;
				ORGANIZATIONNAME = yunna;
				TargetAttributes = {
					2886431B21B93AD60056505F = {
						CreatedOnToolsVersion = 10.1;
					};
					2886432F21B93AD80056505F = {
						CreatedOnToolsVersion = 10.1;
						TestTargetID = 2886431B21B93AD60056505F;
					};
					2886433A21B93AD80056505F = {
						CreatedOnToolsVersion = 10.1;
						TestTargetID = 2886431B21B93AD60056505F;
					};
				};
			};
			buildConfigurationList = 2886431721B93AD60056505F /* Build configuration list for PBXProject "AppDelete臃肿" */;
			compatibilityVersion = "Xcode 9.3";
			developmentRegion = en;
			hasScannedForEncodings = 0;
			knownRegions = (
				en,
				Base,
			);
			mainGroup = 2886431321B93AD60056505F;
			productRefGroup = 2886431D21B93AD60056505F /* Products */;
			projectDirPath = "";
			projectRoot = "";
			targets = (
				2886431B21B93AD60056505F /* AppDelete臃肿 */,
				2886432F21B93AD80056505F /* AppDelete臃肿Tests */,
				2886433A21B93AD80056505F /* AppDelete臃肿UITests */,
			);
		};
/* End PBXProject section */

/* Begin PBXResourcesBuildPhase section */
		2886431A21B93AD60056505F /* Resources */ = {
			isa = PBXResourcesBuildPhase;
			buildActionMask = 2147483647;
			files = (
				2886432A21B93AD80056505F /* LaunchScreen.storyboard in Resources */,
				2886432721B93AD80056505F /* Assets.xcassets in Resources */,
				2886432521B93AD60056505F /* Main.storyboard in Resources */,
			);
			runOnlyForDeploymentPostprocessing = 0;
		};
		2886432E21B93AD80056505F /* Resources */ = {
			isa = PBXResourcesBuildPhase;
			buildActionMask = 2147483647;
			files = (
			);
			runOnlyForDeploymentPostprocessing = 0;
		};
		2886433921B93AD80056505F /* Resources */ = {
			isa = PBXResourcesBuildPhase;
			buildActionMask = 2147483647;
			files = (
			);
			runOnlyForDeploymentPostprocessing = 0;
		};
/* End PBXResourcesBuildPhase section */

/* Begin PBXSourcesBuildPhase section */
		2886431821B93AD60056505F /* Sources */ = {
			isa = PBXSourcesBuildPhase;
			buildActionMask = 2147483647;
			files = (
				2886432221B93AD60056505F /* ViewController.swift in Sources */,
				2886432021B93AD60056505F /* AppDelegate.swift in Sources */,
			);
			runOnlyForDeploymentPostprocessing = 0;
		};
		2886432C21B93AD80056505F /* Sources */ = {
			isa = PBXSourcesBuildPhase;
			buildActionMask = 2147483647;
			files = (
				2886433521B93AD80056505F /* AppDelete__Tests.swift in Sources */,
			);
			runOnlyForDeploymentPostprocessing = 0;
		};
		2886433721B93AD80056505F /* Sources */ = {
			isa = PBXSourcesBuildPhase;
			buildActionMask = 2147483647;
			files = (
				2886434021B93AD80056505F /* AppDelete__UITests.swift in Sources */,
			);
			runOnlyForDeploymentPostprocessing = 0;
		};
/* End PBXSourcesBuildPhase section */

/* Begin PBXTargetDependency section */
		2886433221B93AD80056505F /* PBXTargetDependency */ = {
			isa = PBXTargetDependency;
			target = 2886431B21B93AD60056505F /* AppDelete臃肿 */;
			targetProxy = 2886433121B93AD80056505F /* PBXContainerItemProxy */;
		};
		2886433D21B93AD80056505F /* PBXTargetDependency */ = {
			isa = PBXTargetDependency;
			target = 2886431B21B93AD60056505F /* AppDelete臃肿 */;
			targetProxy = 2886433C21B93AD80056505F /* PBXContainerItemProxy */;
		};
/* End PBXTargetDependency section */

/* Begin PBXVariantGroup section */
		2886432321B93AD60056505F /* Main.storyboard */ = {
			isa = PBXVariantGroup;
			children = (
				2886432421B93AD60056505F /* Base */,
			);
			name = Main.storyboard;
			sourceTree = "<group>";
		};
		2886432821B93AD80056505F /* LaunchScreen.storyboard */ = {
			isa = PBXVariantGroup;
			children = (
				2886432921B93AD80056505F /* Base */,
			);
			name = LaunchScreen.storyboard;
			sourceTree = "<group>";
		};
/* End PBXVariantGroup section */

/* Begin XCBuildConfiguration section */
		2886434221B93AD80056505F /* Debug */ = {
			isa = XCBuildConfiguration;
			buildSettings = {
				ALWAYS_SEARCH_USER_PATHS = NO;
				CLANG_ANALYZER_NONNULL = YES;
				CLANG_ANALYZER_NUMBER_OBJECT_CONVERSION = YES_AGGRESSIVE;
				CLANG_CXX_LANGUAGE_STANDARD = "gnu++14";
				CLANG_CXX_LIBRARY = "libc++";
				CLANG_ENABLE_MODULES = YES;
				CLANG_ENABLE_OBJC_ARC = YES;
				CLANG_ENABLE_OBJC_WEAK = YES;
				CLANG_WARN_BLOCK_CAPTURE_AUTORELEASING = YES;
				CLANG_WARN_BOOL_CONVERSION = YES;
				CLANG_WARN_COMMA = YES;
				CLANG_WARN_CONSTANT_CONVERSION = YES;
				CLANG_WARN_DEPRECATED_OBJC_IMPLEMENTATIONS = YES;
				CLANG_WARN_DIRECT_OBJC_ISA_USAGE = YES_ERROR;
				CLANG_WARN_DOCUMENTATION_COMMENTS = YES;
				CLANG_WARN_EMPTY_BODY = YES;
				CLANG_WARN_ENUM_CONVERSION = YES;
				CLANG_WARN_INFINITE_RECURSION = YES;
				CLANG_WARN_INT_CONVERSION = YES;
				CLANG_WARN_NON_LITERAL_NULL_CONVERSION = YES;
				CLANG_WARN_OBJC_IMPLICIT_RETAIN_SELF = YES;
				CLANG_WARN_OBJC_LITERAL_CONVERSION = YES;
				CLANG_WARN_OBJC_ROOT_CLASS = YES_ERROR;
				CLANG_WARN_RANGE_LOOP_ANALYSIS = YES;
				CLANG_WARN_STRICT_PROTOTYPES = YES;
				CLANG_WARN_SUSPICIOUS_MOVE = YES;
				CLANG_WARN_UNGUARDED_AVAILABILITY = YES_AGGRESSIVE;
				CLANG_WARN_UNREACHABLE_CODE = YES;
				CLANG_WARN__DUPLICATE_METHOD_MATCH = YES;
				CODE_SIGN_IDENTITY = "iPhone Developer";
				COPY_PHASE_STRIP = NO;
				DEBUG_INFORMATION_FORMAT = dwarf;
				ENABLE_STRICT_OBJC_MSGSEND = YES;
				ENABLE_TESTABILITY = YES;
				GCC_C_LANGUAGE_STANDARD = gnu11;
				GCC_DYNAMIC_NO_PIC = NO;
				GCC_NO_COMMON_BLOCKS = YES;
				GCC_OPTIMIZATION_LEVEL = 0;
				GCC_PREPROCESSOR_DEFINITIONS = (
					"DEBUG=1",
					"$(inherited)",
				);
				GCC_WARN_64_TO_32_BIT_CONVERSION = YES;
				GCC_WARN_ABOUT_RETURN_TYPE = YES_ERROR;
				GCC_WARN_UNDECLARED_SELECTOR = YES;
				GCC_WARN_UNINITIALIZED_AUTOS = YES_AGGRESSIVE;
				GCC_WARN_UNUSED_FUNCTION = YES;
				GCC_WARN_UNUSED_VARIABLE = YES;
				IPHONEOS_DEPLOYMENT_TARGET = 12.1;
				MTL_ENABLE_DEBUG_INFO = INCLUDE_SOURCE;
				MTL_FAST_MATH = YES;
				ONLY_ACTIVE_ARCH = YES;
				SDKROOT = iphoneos;
				SWIFT_ACTIVE_COMPILATION_CONDITIONS = DEBUG;
				SWIFT_OPTIMIZATION_LEVEL = "-Onone";
			};
			name = Debug;
		};
		2886434321B93AD80056505F /* Release */ = {
			isa = XCBuildConfiguration;
			buildSettings = {
				ALWAYS_SEARCH_USER_PATHS = NO;
				CLANG_ANALYZER_NONNULL = YES;
				CLANG_ANALYZER_NUMBER_OBJECT_CONVERSION = YES_AGGRESSIVE;
				CLANG_CXX_LANGUAGE_STANDARD = "gnu++14";
				CLANG_CXX_LIBRARY = "libc++";
				CLANG_ENABLE_MODULES = YES;
				CLANG_ENABLE_OBJC_ARC = YES;
				CLANG_ENABLE_OBJC_WEAK = YES;
				CLANG_WARN_BLOCK_CAPTURE_AUTORELEASING = YES;
				CLANG_WARN_BOOL_CONVERSION = YES;
				CLANG_WARN_COMMA = YES;
				CLANG_WARN_CONSTANT_CONVERSION = YES;
				CLANG_WARN_DEPRECATED_OBJC_IMPLEMENTATIONS = YES;
				CLANG_WARN_DIRECT_OBJC_ISA_USAGE = YES_ERROR;
				CLANG_WARN_DOCUMENTATION_COMMENTS = YES;
				CLANG_WARN_EMPTY_BODY = YES;
				CLANG_WARN_ENUM_CONVERSION = YES;
				CLANG_WARN_INFINITE_RECURSION = YES;
				CLANG_WARN_INT_CONVERSION = YES;
				CLANG_WARN_NON_LITERAL_NULL_CONVERSION = YES;
				CLANG_WARN_OBJC_IMPLICIT_RETAIN_SELF = YES;
				CLANG_WARN_OBJC_LITERAL_CONVERSION = YES;
				CLANG_WARN_OBJC_ROOT_CLASS = YES_ERROR;
				CLANG_WARN_RANGE_LOOP_ANALYSIS = YES;
				CLANG_WARN_STRICT_PROTOTYPES = YES;
				CLANG_WARN_SUSPICIOUS_MOVE = YES;
				CLANG_WARN_UNGUARDED_AVAILABILITY = YES_AGGRESSIVE;
				CLANG_WARN_UNREACHABLE_CODE = YES;
				CLANG_WARN__DUPLICATE_METHOD_MATCH = YES;
				CODE_SIGN_IDENTITY = "iPhone Developer";
				COPY_PHASE_STRIP = NO;
				DEBUG_INFORMATION_FORMAT = "dwarf-with-dsym";
				ENABLE_NS_ASSERTIONS = NO;
				ENABLE_STRICT_OBJC_MSGSEND = YES;
				GCC_C_LANGUAGE_STANDARD = gnu11;
				GCC_NO_COMMON_BLOCKS = YES;
				GCC_WARN_64_TO_32_BIT_CONVERSION = YES;
				GCC_WARN_ABOUT_RETURN_TYPE = YES_ERROR;
				GCC_WARN_UNDECLARED_SELECTOR = YES;
				GCC_WARN_UNINITIALIZED_AUTOS = YES_AGGRESSIVE;
				GCC_WARN_UNUSED_FUNCTION = YES;
				GCC_WARN_UNUSED_VARIABLE = YES;
				IPHONEOS_DEPLOYMENT_TARGET = 12.1;
				MTL_ENABLE_DEBUG_INFO = NO;
				MTL_FAST_MATH = YES;
				SDKROOT = iphoneos;
				SWIFT_COMPILATION_MODE = wholemodule;
				SWIFT_OPTIMIZATION_LEVEL = "-O";
				VALIDATE_PRODUCT = YES;
			};
			name = Release;
		};
		2886434521B93AD80056505F /* Debug */ = {
			isa = XCBuildConfiguration;
			buildSettings = {
				ASSETCATALOG_COMPILER_APPICON_NAME = AppIcon;
				CODE_SIGN_STYLE = Automatic;
				DEVELOPMENT_TEAM = Z69Q2FEZS9;
				INFOPLIST_FILE = "AppDelete臃肿/Info.plist";
				LD_RUNPATH_SEARCH_PATHS = (
					"$(inherited)",
					"@executable_path/Frameworks",
				);
				PRODUCT_BUNDLE_IDENTIFIER = "yunna.AppDelete--";
				PRODUCT_NAME = "$(TARGET_NAME)";
				SWIFT_VERSION = 4.2;
				TARGETED_DEVICE_FAMILY = "1,2";
			};
			name = Debug;
		};
		2886434621B93AD80056505F /* Release */ = {
			isa = XCBuildConfiguration;
			buildSettings = {
				ASSETCATALOG_COMPILER_APPICON_NAME = AppIcon;
				CODE_SIGN_STYLE = Automatic;
				DEVELOPMENT_TEAM = Z69Q2FEZS9;
				INFOPLIST_FILE = "AppDelete臃肿/Info.plist";
				LD_RUNPATH_SEARCH_PATHS = (
					"$(inherited)",
					"@executable_path/Frameworks",
				);
				PRODUCT_BUNDLE_IDENTIFIER = "yunna.AppDelete--";
				PRODUCT_NAME = "$(TARGET_NAME)";
				SWIFT_VERSION = 4.2;
				TARGETED_DEVICE_FAMILY = "1,2";
			};
			name = Release;
		};
		2886434821B93AD80056505F /* Debug */ = {
			isa = XCBuildConfiguration;
			buildSettings = {
				ALWAYS_EMBED_SWIFT_STANDARD_LIBRARIES = YES;
				BUNDLE_LOADER = "$(TEST_HOST)";
				CODE_SIGN_STYLE = Automatic;
				DEVELOPMENT_TEAM = Z69Q2FEZS9;
				INFOPLIST_FILE = "AppDelete臃肿Tests/Info.plist";
				LD_RUNPATH_SEARCH_PATHS = (
					"$(inherited)",
					"@executable_path/Frameworks",
					"@loader_path/Frameworks",
				);
				PRODUCT_BUNDLE_IDENTIFIER = "yunna.AppDelete--Tests";
				PRODUCT_NAME = "$(TARGET_NAME)";
				SWIFT_VERSION = 4.2;
				TARGETED_DEVICE_FAMILY = "1,2";
				TEST_HOST = "$(BUILT_PRODUCTS_DIR)/AppDelete臃肿.app/AppDelete臃肿";
			};
			name = Debug;
		};
		2886434921B93AD80056505F /* Release */ = {
			isa = XCBuildConfiguration;
			buildSettings = {
				ALWAYS_EMBED_SWIFT_STANDARD_LIBRARIES = YES;
				BUNDLE_LOADER = "$(TEST_HOST)";
				CODE_SIGN_STYLE = Automatic;
				DEVELOPMENT_TEAM = Z69Q2FEZS9;
				INFOPLIST_FILE = "AppDelete臃肿Tests/Info.plist";
				LD_RUNPATH_SEARCH_PATHS = (
					"$(inherited)",
					"@executable_path/Frameworks",
					"@loader_path/Frameworks",
				);
				PRODUCT_BUNDLE_IDENTIFIER = "yunna.AppDelete--Tests";
				PRODUCT_NAME = "$(TARGET_NAME)";
				SWIFT_VERSION = 4.2;
				TARGETED_DEVICE_FAMILY = "1,2";
				TEST_HOST = "$(BUILT_PRODUCTS_DIR)/AppDelete臃肿.app/AppDelete臃肿";
			};
			name = Release;
		};
		2886434B21B93AD80056505F /* Debug */ = {
			isa = XCBuildConfiguration;
			buildSettings = {
				ALWAYS_EMBED_SWIFT_STANDARD_LIBRARIES = YES;
				CODE_SIGN_STYLE = Automatic;
				DEVELOPMENT_TEAM = Z69Q2FEZS9;
				INFOPLIST_FILE = "AppDelete臃肿UITests/Info.plist";
				LD_RUNPATH_SEARCH_PATHS = (
					"$(inherited)",
					"@executable_path/Frameworks",
					"@loader_path/Frameworks",
				);
				PRODUCT_BUNDLE_IDENTIFIER = "yunna.AppDelete--UITests";
				PRODUCT_NAME = "$(TARGET_NAME)";
				SWIFT_VERSION = 4.2;
				TARGETED_DEVICE_FAMILY = "1,2";
				TEST_TARGET_NAME = "AppDelete臃肿";
			};
			name = Debug;
		};
		2886434C21B93AD80056505F /* Release */ = {
			isa = XCBuildConfiguration;
			buildSettings = {
				ALWAYS_EMBED_SWIFT_STANDARD_LIBRARIES = YES;
				CODE_SIGN_STYLE = Automatic;
				DEVELOPMENT_TEAM = Z69Q2FEZS9;
				INFOPLIST_FILE = "AppDelete臃肿UITests/Info.plist";
				LD_RUNPATH_SEARCH_PATHS = (
					"$(inherited)",
					"@executable_path/Frameworks",
					"@loader_path/Frameworks",
				);
				PRODUCT_BUNDLE_IDENTIFIER = "yunna.AppDelete--UITests";
				PRODUCT_NAME = "$(TARGET_NAME)";
				SWIFT_VERSION = 4.2;
				TARGETED_DEVICE_FAMILY = "1,2";
				TEST_TARGET_NAME = "AppDelete臃肿";
			};
			name = Release;
		};
/* End XCBuildConfiguration section */

/* Begin XCConfigurationList section */
		2886431721B93AD60056505F /* Build configuration list for PBXProject "AppDelete臃肿" */ = {
			isa = XCConfigurationList;
			buildConfigurations = (
				2886434221B93AD80056505F /* Debug */,
				2886434321B93AD80056505F /* Release */,
			);
			defaultConfigurationIsVisible = 0;
			defaultConfigurationName = Release;
		};
		2886434421B93AD80056505F /* Build configuration list for PBXNativeTarget "AppDelete臃肿" */ = {
			isa = XCConfigurationList;
			buildConfigurations = (
				2886434521B93AD80056505F /* Debug */,
				2886434621B93AD80056505F /* Release */,
			);
			defaultConfigurationIsVisible = 0;
			defaultConfigurationName = Release;
		};
		2886434721B93AD80056505F /* Build configuration list for PBXNativeTarget "AppDelete臃肿Tests" */ = {
			isa = XCConfigurationList;
			buildConfigurations = (
				2886434821B93AD80056505F /* Debug */,
				2886434921B93AD80056505F /* Release */,
			);
			defaultConfigurationIsVisible = 0;
			defaultConfigurationName = Release;
		};
		2886434A21B93AD80056505F /* Build configuration list for PBXNativeTarget "AppDelete臃肿UITests" */ = {
			isa = XCConfigurationList;
			buildConfigurations = (
				2886434B21B93AD80056505F /* Debug */,
				2886434C21B93AD80056505F /* Release */,
			);
			defaultConfigurationIsVisible = 0;
			defaultConfigurationName = Release;
		};
/* End XCConfigurationList section */
	};
	rootObject = 2886431421B93AD60056505F /* Project object */;
}
