// !$*UTF8*$!
{
	archiveVersion = 1;
	classes = {
	};
	objectVersion = 50;
	objects = {

/* Begin PBXBuildFile section */
		281C80B422544C5E00C103DB /* AppDelegate.m in Sources */ = {isa = PBXBuildFile; fileRef = 281C80B322544C5E00C103DB /* AppDelegate.m */; };
		281C80B722544C5E00C103DB /* ViewController.m in Sources */ = {isa = PBXBuildFile; fileRef = 281C80B622544C5E00C103DB /* ViewController.m */; };
		281C80BA22544C5E00C103DB /* Main.storyboard in Resources */ = {isa = PBXBuildFile; fileRef = 281C80B822544C5E00C103DB /* Main.storyboard */; };
		281C80BC22544C6100C103DB /* Assets.xcassets in Resources */ = {isa = PBXBuildFile; fileRef = 281C80BB22544C6100C103DB /* Assets.xcassets */; };
		281C80BF22544C6100C103DB /* LaunchScreen.storyboard in Resources */ = {isa = PBXBuildFile; fileRef = 281C80BD22544C6100C103DB /* LaunchScreen.storyboard */; };
		281C80C222544C6100C103DB /* main.m in Sources */ = {isa = PBXBuildFile; fileRef = 281C80C122544C6100C103DB /* main.m */; };
		281C80CC22544C6100C103DB /* performSelectorTests.m in Sources */ = {isa = PBXBuildFile; fileRef = 281C80CB22544C6100C103DB /* performSelectorTests.m */; };
		281C80D722544C6100C103DB /* performSelectorUITests.m in Sources */ = {isa = PBXBuildFile; fileRef = 281C80D622544C6100C103DB /* performSelectorUITests.m */; };
/* End PBXBuildFile section */

/* Begin PBXContainerItemProxy section */
		281C80C822544C6100C103DB /* PBXContainerItemProxy */ = {
			isa = PBXContainerItemProxy;
			containerPortal = 281C80A722544C5E00C103DB /* Project object */;
			proxyType = 1;
			remoteGlobalIDString = 281C80AE22544C5E00C103DB;
			remoteInfo = performSelector;
		};
		281C80D322544C6100C103DB /* PBXContainerItemProxy */ = {
			isa = PBXContainerItemProxy;
			containerPortal = 281C80A722544C5E00C103DB /* Project object */;
			proxyType = 1;
			remoteGlobalIDString = 281C80AE22544C5E00C103DB;
			remoteInfo = performSelector;
		};
/* End PBXContainerItemProxy section */

/* Begin PBXFileReference section */
		281C80AF22544C5E00C103DB /* performSelector.app */ = {isa = PBXFileReference; explicitFileType = wrapper.application; includeInIndex = 0; path = performSelector.app; sourceTree = BUILT_PRODUCTS_DIR; };
		281C80B222544C5E00C103DB /* AppDelegate.h */ = {isa = PBXFileReference; lastKnownFileType = sourcecode.c.h; path = AppDelegate.h; sourceTree = "<group>"; };
		281C80B322544C5E00C103DB /* AppDelegate.m */ = {isa = PBXFileReference; lastKnownFileType = sourcecode.c.objc; path = AppDelegate.m; sourceTree = "<group>"; };
		281C80B522544C5E00C103DB /* ViewController.h */ = {isa = PBXFileReference; lastKnownFileType = sourcecode.c.h; path = ViewController.h; sourceTree = "<group>"; };
		281C80B622544C5E00C103DB /* ViewController.m */ = {isa = PBXFileReference; lastKnownFileType = sourcecode.c.objc; path = ViewController.m; sourceTree = "<group>"; };
		281C80B922544C5E00C103DB /* Base */ = {isa = PBXFileReference; lastKnownFileType = file.storyboard; name = Base; path = Base.lproj/Main.storyboard; sourceTree = "<group>"; };
		281C80BB22544C6100C103DB /* Assets.xcassets */ = {isa = PBXFileReference; lastKnownFileType = folder.assetcatalog; path = Assets.xcassets; sourceTree = "<group>"; };
		281C80BE22544C6100C103DB /* Base */ = {isa = PBXFileReference; lastKnownFileType = file.storyboard; name = Base; path = Base.lproj/LaunchScreen.storyboard; sourceTree = "<group>"; };
		281C80C022544C6100C103DB /* Info.plist */ = {isa = PBXFileReference; lastKnownFileType = text.plist.xml; path = Info.plist; sourceTree = "<group>"; };
		281C80C122544C6100C103DB /* main.m */ = {isa = PBXFileReference; lastKnownFileType = sourcecode.c.objc; path = main.m; sourceTree = "<group>"; };
		281C80C722544C6100C103DB /* performSelectorTests.xctest */ = {isa = PBXFileReference; explicitFileType = wrapper.cfbundle; includeInIndex = 0; path = performSelectorTests.xctest; sourceTree = BUILT_PRODUCTS_DIR; };
		281C80CB22544C6100C103DB /* performSelectorTests.m */ = {isa = PBXFileReference; lastKnownFileType = sourcecode.c.objc; path = performSelectorTests.m; sourceTree = "<group>"; };
		281C80CD22544C6100C103DB /* Info.plist */ = {isa = PBXFileReference; lastKnownFileType = text.plist.xml; path = Info.plist; sourceTree = "<group>"; };
		281C80D222544C6100C103DB /* performSelectorUITests.xctest */ = {isa = PBXFileReference; explicitFileType = wrapper.cfbundle; includeInIndex = 0; path = performSelectorUITests.xctest; sourceTree = BUILT_PRODUCTS_DIR; };
		281C80D622544C6100C103DB /* performSelectorUITests.m */ = {isa = PBXFileReference; lastKnownFileType = sourcecode.c.objc; path = performSelectorUITests.m; sourceTree = "<group>"; };
		281C80D822544C6100C103DB /* Info.plist */ = {isa = PBXFileReference; lastKnownFileType = text.plist.xml; path = Info.plist; sourceTree = "<group>"; };
/* End PBXFileReference section */

/* Begin PBXFrameworksBuildPhase section */
		281C80AC22544C5E00C103DB /* Frameworks */ = {
			isa = PBXFrameworksBuildPhase;
			buildActionMask = 2147483647;
			files = (
			);
			runOnlyForDeploymentPostprocessing = 0;
		};
		281C80C422544C6100C103DB /* Frameworks */ = {
			isa = PBXFrameworksBuildPhase;
			buildActionMask = 2147483647;
			files = (
			);
			runOnlyForDeploymentPostprocessing = 0;
		};
		281C80CF22544C6100C103DB /* Frameworks */ = {
			isa = PBXFrameworksBuildPhase;
			buildActionMask = 2147483647;
			files = (
			);
			runOnlyForDeploymentPostprocessing = 0;
		};
/* End PBXFrameworksBuildPhase section */

/* Begin PBXGroup section */
		281C80A622544C5E00C103DB = {
			isa = PBXGroup;
			children = (
				281C80B122544C5E00C103DB /* performSelector */,
				281C80CA22544C6100C103DB /* performSelectorTests */,
				281C80D522544C6100C103DB /* performSelectorUITests */,
				281C80B022544C5E00C103DB /* Products */,
			);
			sourceTree = "<group>";
		};
		281C80B022544C5E00C103DB /* Products */ = {
			isa = PBXGroup;
			children = (
				281C80AF22544C5E00C103DB /* performSelector.app */,
				281C80C722544C6100C103DB /* performSelectorTests.xctest */,
				281C80D222544C6100C103DB /* performSelectorUITests.xctest */,
			);
			name = Products;
			sourceTree = "<group>";
		};
		281C80B122544C5E00C103DB /* performSelector */ = {
			isa = PBXGroup;
			children = (
				281C80B222544C5E00C103DB /* AppDelegate.h */,
				281C80B322544C5E00C103DB /* AppDelegate.m */,
				281C80B522544C5E00C103DB /* ViewController.h */,
				281C80B622544C5E00C103DB /* ViewController.m */,
				281C80B822544C5E00C103DB /* Main.storyboard */,
				281C80BB22544C6100C103DB /* Assets.xcassets */,
				281C80BD22544C6100C103DB /* LaunchScreen.storyboard */,
				281C80C022544C6100C103DB /* Info.plist */,
				281C80C122544C6100C103DB /* main.m */,
			);
			path = performSelector;
			sourceTree = "<group>";
		};
		281C80CA22544C6100C103DB /* performSelectorTests */ = {
			isa = PBXGroup;
			children = (
				281C80CB22544C6100C103DB /* performSelectorTests.m */,
				281C80CD22544C6100C103DB /* Info.plist */,
			);
			path = performSelectorTests;
			sourceTree = "<group>";
		};
		281C80D522544C6100C103DB /* performSelectorUITests */ = {
			isa = PBXGroup;
			children = (
				281C80D622544C6100C103DB /* performSelectorUITests.m */,
				281C80D822544C6100C103DB /* Info.plist */,
			);
			path = performSelectorUITests;
			sourceTree = "<group>";
		};
/* End PBXGroup section */

/* Begin PBXNativeTarget section */
		281C80AE22544C5E00C103DB /* performSelector */ = {
			isa = PBXNativeTarget;
			buildConfigurationList = 281C80DB22544C6100C103DB /* Build configuration list for PBXNativeTarget "performSelector" */;
			buildPhases = (
				281C80AB22544C5E00C103DB /* Sources */,
				281C80AC22544C5E00C103DB /* Frameworks */,
				281C80AD22544C5E00C103DB /* Resources */,
			);
			buildRules = (
			);
			dependencies = (
			);
			name = performSelector;
			productName = performSelector;
			productReference = 281C80AF22544C5E00C103DB /* performSelector.app */;
			productType = "com.apple.product-type.application";
		};
		281C80C622544C6100C103DB /* performSelectorTests */ = {
			isa = PBXNativeTarget;
			buildConfigurationList = 281C80DE22544C6100C103DB /* Build configuration list for PBXNativeTarget "performSelectorTests" */;
			buildPhases = (
				281C80C322544C6100C103DB /* Sources */,
				281C80C422544C6100C103DB /* Frameworks */,
				281C80C522544C6100C103DB /* Resources */,
			);
			buildRules = (
			);
			dependencies = (
				281C80C922544C6100C103DB /* PBXTargetDependency */,
			);
			name = performSelectorTests;
			productName = performSelectorTests;
			productReference = 281C80C722544C6100C103DB /* performSelectorTests.xctest */;
			productType = "com.apple.product-type.bundle.unit-test";
		};
		281C80D122544C6100C103DB /* performSelectorUITests */ = {
			isa = PBXNativeTarget;
			buildConfigurationList = 281C80E122544C6100C103DB /* Build configuration list for PBXNativeTarget "performSelectorUITests" */;
			buildPhases = (
				281C80CE22544C6100C103DB /* Sources */,
				281C80CF22544C6100C103DB /* Frameworks */,
				281C80D022544C6100C103DB /* Resources */,
			);
			buildRules = (
			);
			dependencies = (
				281C80D422544C6100C103DB /* PBXTargetDependency */,
			);
			name = performSelectorUITests;
			productName = performSelectorUITests;
			productReference = 281C80D222544C6100C103DB /* performSelectorUITests.xctest */;
			productType = "com.apple.product-type.bundle.ui-testing";
		};
/* End PBXNativeTarget section */

/* Begin PBXProject section */
		281C80A722544C5E00C103DB /* Project object */ = {
			isa = PBXProject;
			attributes = {
				LastUpgradeCheck = 1010;
				ORGANIZATIONNAME = yunna;
				TargetAttributes = {
					281C80AE22544C5E00C103DB = {
						CreatedOnToolsVersion = 10.1;
					};
					281C80C622544C6100C103DB = {
						CreatedOnToolsVersion = 10.1;
						TestTargetID = 281C80AE22544C5E00C103DB;
					};
					281C80D122544C6100C103DB = {
						CreatedOnToolsVersion = 10.1;
						TestTargetID = 281C80AE22544C5E00C103DB;
					};
				};
			};
			buildConfigurationList = 281C80AA22544C5E00C103DB /* Build configuration list for PBXProject "performSelector" */;
			compatibilityVersion = "Xcode 9.3";
			developmentRegion = en;
			hasScannedForEncodings = 0;
			knownRegions = (
				en,
				Base,
			);
			mainGroup = 281C80A622544C5E00C103DB;
			productRefGroup = 281C80B022544C5E00C103DB /* Products */;
			projectDirPath = "";
			projectRoot = "";
			targets = (
				281C80AE22544C5E00C103DB /* performSelector */,
				281C80C622544C6100C103DB /* performSelectorTests */,
				281C80D122544C6100C103DB /* performSelectorUITests */,
			);
		};
/* End PBXProject section */

/* Begin PBXResourcesBuildPhase section */
		281C80AD22544C5E00C103DB /* Resources */ = {
			isa = PBXResourcesBuildPhase;
			buildActionMask = 2147483647;
			files = (
				281C80BF22544C6100C103DB /* LaunchScreen.storyboard in Resources */,
				281C80BC22544C6100C103DB /* Assets.xcassets in Resources */,
				281C80BA22544C5E00C103DB /* Main.storyboard in Resources */,
			);
			runOnlyForDeploymentPostprocessing = 0;
		};
		281C80C522544C6100C103DB /* Resources */ = {
			isa = PBXResourcesBuildPhase;
			buildActionMask = 2147483647;
			files = (
			);
			runOnlyForDeploymentPostprocessing = 0;
		};
		281C80D022544C6100C103DB /* Resources */ = {
			isa = PBXResourcesBuildPhase;
			buildActionMask = 2147483647;
			files = (
			);
			runOnlyForDeploymentPostprocessing = 0;
		};
/* End PBXResourcesBuildPhase section */

/* Begin PBXSourcesBuildPhase section */
		281C80AB22544C5E00C103DB /* Sources */ = {
			isa = PBXSourcesBuildPhase;
			buildActionMask = 2147483647;
			files = (
				281C80B722544C5E00C103DB /* ViewController.m in Sources */,
				281C80C222544C6100C103DB /* main.m in Sources */,
				281C80B422544C5E00C103DB /* AppDelegate.m in Sources */,
			);
			runOnlyForDeploymentPostprocessing = 0;
		};
		281C80C322544C6100C103DB /* Sources */ = {
			isa = PBXSourcesBuildPhase;
			buildActionMask = 2147483647;
			files = (
				281C80CC22544C6100C103DB /* performSelectorTests.m in Sources */,
			);
			runOnlyForDeploymentPostprocessing = 0;
		};
		281C80CE22544C6100C103DB /* Sources */ = {
			isa = PBXSourcesBuildPhase;
			buildActionMask = 2147483647;
			files = (
				281C80D722544C6100C103DB /* performSelectorUITests.m in Sources */,
			);
			runOnlyForDeploymentPostprocessing = 0;
		};
/* End PBXSourcesBuildPhase section */

/* Begin PBXTargetDependency section */
		281C80C922544C6100C103DB /* PBXTargetDependency */ = {
			isa = PBXTargetDependency;
			target = 281C80AE22544C5E00C103DB /* performSelector */;
			targetProxy = 281C80C822544C6100C103DB /* PBXContainerItemProxy */;
		};
		281C80D422544C6100C103DB /* PBXTargetDependency */ = {
			isa = PBXTargetDependency;
			target = 281C80AE22544C5E00C103DB /* performSelector */;
			targetProxy = 281C80D322544C6100C103DB /* PBXContainerItemProxy */;
		};
/* End PBXTargetDependency section */

/* Begin PBXVariantGroup section */
		281C80B822544C5E00C103DB /* Main.storyboard */ = {
			isa = PBXVariantGroup;
			children = (
				281C80B922544C5E00C103DB /* Base */,
			);
			name = Main.storyboard;
			sourceTree = "<group>";
		};
		281C80BD22544C6100C103DB /* LaunchScreen.storyboard */ = {
			isa = PBXVariantGroup;
			children = (
				281C80BE22544C6100C103DB /* Base */,
			);
			name = LaunchScreen.storyboard;
			sourceTree = "<group>";
		};
/* End PBXVariantGroup section */

/* Begin XCBuildConfiguration section */
		281C80D922544C6100C103DB /* Debug */ = {
			isa = XCBuildConfiguration;
			buildSettings = {
				ALWAYS_SEARCH_USER_PATHS = NO;
				CLANG_ANALYZER_NONNULL = YES;
				CLANG_ANALYZER_NUMBER_OBJECT_CONVERSION = YES_AGGRESSIVE;
				CLANG_CXX_LANGUAGE_STANDARD = "gnu++14";
				CLANG_CXX_LIBRARY = "libc++";
				CLANG_ENABLE_MODULES = YES;
				CLANG_ENABLE_OBJC_ARC = YES;
				CLANG_ENABLE_OBJC_WEAK = YES;
				CLANG_WARN_BLOCK_CAPTURE_AUTORELEASING = YES;
				CLANG_WARN_BOOL_CONVERSION = YES;
				CLANG_WARN_COMMA = YES;
				CLANG_WARN_CONSTANT_CONVERSION = YES;
				CLANG_WARN_DEPRECATED_OBJC_IMPLEMENTATIONS = YES;
				CLANG_WARN_DIRECT_OBJC_ISA_USAGE = YES_ERROR;
				CLANG_WARN_DOCUMENTATION_COMMENTS = YES;
				CLANG_WARN_EMPTY_BODY = YES;
				CLANG_WARN_ENUM_CONVERSION = YES;
				CLANG_WARN_INFINITE_RECURSION = YES;
				CLANG_WARN_INT_CONVERSION = YES;
				CLANG_WARN_NON_LITERAL_NULL_CONVERSION = YES;
				CLANG_WARN_OBJC_IMPLICIT_RETAIN_SELF = YES;
				CLANG_WARN_OBJC_LITERAL_CONVERSION = YES;
				CLANG_WARN_OBJC_ROOT_CLASS = YES_ERROR;
				CLANG_WARN_RANGE_LOOP_ANALYSIS = YES;
				CLANG_WARN_STRICT_PROTOTYPES = YES;
				CLANG_WARN_SUSPICIOUS_MOVE = YES;
				CLANG_WARN_UNGUARDED_AVAILABILITY = YES_AGGRESSIVE;
				CLANG_WARN_UNREACHABLE_CODE = YES;
				CLANG_WARN__DUPLICATE_METHOD_MATCH = YES;
				CODE_SIGN_IDENTITY = "iPhone Developer";
				COPY_PHASE_STRIP = NO;
				DEBUG_INFORMATION_FORMAT = dwarf;
				ENABLE_STRICT_OBJC_MSGSEND = YES;
				ENABLE_TESTABILITY = YES;
				GCC_C_LANGUAGE_STANDARD = gnu11;
				GCC_DYNAMIC_NO_PIC = NO;
				GCC_NO_COMMON_BLOCKS = YES;
				GCC_OPTIMIZATION_LEVEL = 0;
				GCC_PREPROCESSOR_DEFINITIONS = (
					"DEBUG=1",
					"$(inherited)",
				);
				GCC_WARN_64_TO_32_BIT_CONVERSION = YES;
				GCC_WARN_ABOUT_RETURN_TYPE = YES_ERROR;
				GCC_WARN_UNDECLARED_SELECTOR = YES;
				GCC_WARN_UNINITIALIZED_AUTOS = YES_AGGRESSIVE;
				GCC_WARN_UNUSED_FUNCTION = YES;
				GCC_WARN_UNUSED_VARIABLE = YES;
				IPHONEOS_DEPLOYMENT_TARGET = 12.1;
				MTL_ENABLE_DEBUG_INFO = INCLUDE_SOURCE;
				MTL_FAST_MATH = YES;
				ONLY_ACTIVE_ARCH = YES;
				SDKROOT = iphoneos;
			};
			name = Debug;
		};
		281C80DA22544C6100C103DB /* Release */ = {
			isa = XCBuildConfiguration;
			buildSettings = {
				ALWAYS_SEARCH_USER_PATHS = NO;
				CLANG_ANALYZER_NONNULL = YES;
				CLANG_ANALYZER_NUMBER_OBJECT_CONVERSION = YES_AGGRESSIVE;
				CLANG_CXX_LANGUAGE_STANDARD = "gnu++14";
				CLANG_CXX_LIBRARY = "libc++";
				CLANG_ENABLE_MODULES = YES;
				CLANG_ENABLE_OBJC_ARC = YES;
				CLANG_ENABLE_OBJC_WEAK = YES;
				CLANG_WARN_BLOCK_CAPTURE_AUTORELEASING = YES;
				CLANG_WARN_BOOL_CONVERSION = YES;
				CLANG_WARN_COMMA = YES;
				CLANG_WARN_CONSTANT_CONVERSION = YES;
				CLANG_WARN_DEPRECATED_OBJC_IMPLEMENTATIONS = YES;
				CLANG_WARN_DIRECT_OBJC_ISA_USAGE = YES_ERROR;
				CLANG_WARN_DOCUMENTATION_COMMENTS = YES;
				CLANG_WARN_EMPTY_BODY = YES;
				CLANG_WARN_ENUM_CONVERSION = YES;
				CLANG_WARN_INFINITE_RECURSION = YES;
				CLANG_WARN_INT_CONVERSION = YES;
				CLANG_WARN_NON_LITERAL_NULL_CONVERSION = YES;
				CLANG_WARN_OBJC_IMPLICIT_RETAIN_SELF = YES;
				CLANG_WARN_OBJC_LITERAL_CONVERSION = YES;
				CLANG_WARN_OBJC_ROOT_CLASS = YES_ERROR;
				CLANG_WARN_RANGE_LOOP_ANALYSIS = YES;
				CLANG_WARN_STRICT_PROTOTYPES = YES;
				CLANG_WARN_SUSPICIOUS_MOVE = YES;
				CLANG_WARN_UNGUARDED_AVAILABILITY = YES_AGGRESSIVE;
				CLANG_WARN_UNREACHABLE_CODE = YES;
				CLANG_WARN__DUPLICATE_METHOD_MATCH = YES;
				CODE_SIGN_IDENTITY = "iPhone Developer";
				COPY_PHASE_STRIP = NO;
				DEBUG_INFORMATION_FORMAT = "dwarf-with-dsym";
				ENABLE_NS_ASSERTIONS = NO;
				ENABLE_STRICT_OBJC_MSGSEND = YES;
				GCC_C_LANGUAGE_STANDARD = gnu11;
				GCC_NO_COMMON_BLOCKS = YES;
				GCC_WARN_64_TO_32_BIT_CONVERSION = YES;
				GCC_WARN_ABOUT_RETURN_TYPE = YES_ERROR;
				GCC_WARN_UNDECLARED_SELECTOR = YES;
				GCC_WARN_UNINITIALIZED_AUTOS = YES_AGGRESSIVE;
				GCC_WARN_UNUSED_FUNCTION = YES;
				GCC_WARN_UNUSED_VARIABLE = YES;
				IPHONEOS_DEPLOYMENT_TARGET = 12.1;
				MTL_ENABLE_DEBUG_INFO = NO;
				MTL_FAST_MATH = YES;
				SDKROOT = iphoneos;
				VALIDATE_PRODUCT = YES;
			};
			name = Release;
		};
		281C80DC22544C6100C103DB /* Debug */ = {
			isa = XCBuildConfiguration;
			buildSettings = {
				ASSETCATALOG_COMPILER_APPICON_NAME = AppIcon;
				CODE_SIGN_STYLE = Automatic;
				DEVELOPMENT_TEAM = Z69Q2FEZS9;
				INFOPLIST_FILE = performSelector/Info.plist;
				LD_RUNPATH_SEARCH_PATHS = (
					"$(inherited)",
					"@executable_path/Frameworks",
				);
				PRODUCT_BUNDLE_IDENTIFIER = yunna.performSelector;
				PRODUCT_NAME = "$(TARGET_NAME)";
				TARGETED_DEVICE_FAMILY = "1,2";
			};
			name = Debug;
		};
		281C80DD22544C6100C103DB /* Release */ = {
			isa = XCBuildConfiguration;
			buildSettings = {
				ASSETCATALOG_COMPILER_APPICON_NAME = AppIcon;
				CODE_SIGN_STYLE = Automatic;
				DEVELOPMENT_TEAM = Z69Q2FEZS9;
				INFOPLIST_FILE = performSelector/Info.plist;
				LD_RUNPATH_SEARCH_PATHS = (
					"$(inherited)",
					"@executable_path/Frameworks",
				);
				PRODUCT_BUNDLE_IDENTIFIER = yunna.performSelector;
				PRODUCT_NAME = "$(TARGET_NAME)";
				TARGETED_DEVICE_FAMILY = "1,2";
			};
			name = Release;
		};
		281C80DF22544C6100C103DB /* Debug */ = {
			isa = XCBuildConfiguration;
			buildSettings = {
				BUNDLE_LOADER = "$(TEST_HOST)";
				CODE_SIGN_STYLE = Automatic;
				DEVELOPMENT_TEAM = Z69Q2FEZS9;
				INFOPLIST_FILE = performSelectorTests/Info.plist;
				LD_RUNPATH_SEARCH_PATHS = (
					"$(inherited)",
					"@executable_path/Frameworks",
					"@loader_path/Frameworks",
				);
				PRODUCT_BUNDLE_IDENTIFIER = yunna.performSelectorTests;
				PRODUCT_NAME = "$(TARGET_NAME)";
				TARGETED_DEVICE_FAMILY = "1,2";
				TEST_HOST = "$(BUILT_PRODUCTS_DIR)/performSelector.app/performSelector";
			};
			name = Debug;
		};
		281C80E022544C6100C103DB /* Release */ = {
			isa = XCBuildConfiguration;
			buildSettings = {
				BUNDLE_LOADER = "$(TEST_HOST)";
				CODE_SIGN_STYLE = Automatic;
				DEVELOPMENT_TEAM = Z69Q2FEZS9;
				INFOPLIST_FILE = performSelectorTests/Info.plist;
				LD_RUNPATH_SEARCH_PATHS = (
					"$(inherited)",
					"@executable_path/Frameworks",
					"@loader_path/Frameworks",
				);
				PRODUCT_BUNDLE_IDENTIFIER = yunna.performSelectorTests;
				PRODUCT_NAME = "$(TARGET_NAME)";
				TARGETED_DEVICE_FAMILY = "1,2";
				TEST_HOST = "$(BUILT_PRODUCTS_DIR)/performSelector.app/performSelector";
			};
			name = Release;
		};
		281C80E222544C6100C103DB /* Debug */ = {
			isa = XCBuildConfiguration;
			buildSettings = {
				CODE_SIGN_STYLE = Automatic;
				DEVELOPMENT_TEAM = Z69Q2FEZS9;
				INFOPLIST_FILE = performSelectorUITests/Info.plist;
				LD_RUNPATH_SEARCH_PATHS = (
					"$(inherited)",
					"@executable_path/Frameworks",
					"@loader_path/Frameworks",
				);
				PRODUCT_BUNDLE_IDENTIFIER = yunna.performSelectorUITests;
				PRODUCT_NAME = "$(TARGET_NAME)";
				TARGETED_DEVICE_FAMILY = "1,2";
				TEST_TARGET_NAME = performSelector;
			};
			name = Debug;
		};
		281C80E322544C6100C103DB /* Release */ = {
			isa = XCBuildConfiguration;
			buildSettings = {
				CODE_SIGN_STYLE = Automatic;
				DEVELOPMENT_TEAM = Z69Q2FEZS9;
				INFOPLIST_FILE = performSelectorUITests/Info.plist;
				LD_RUNPATH_SEARCH_PATHS = (
					"$(inherited)",
					"@executable_path/Frameworks",
					"@loader_path/Frameworks",
				);
				PRODUCT_BUNDLE_IDENTIFIER = yunna.performSelectorUITests;
				PRODUCT_NAME = "$(TARGET_NAME)";
				TARGETED_DEVICE_FAMILY = "1,2";
				TEST_TARGET_NAME = performSelector;
			};
			name = Release;
		};
/* End XCBuildConfiguration section */

/* Begin XCConfigurationList section */
		281C80AA22544C5E00C103DB /* Build configuration list for PBXProject "performSelector" */ = {
			isa = XCConfigurationList;
			buildConfigurations = (
				281C80D922544C6100C103DB /* Debug */,
				281C80DA22544C6100C103DB /* Release */,
			);
			defaultConfigurationIsVisible = 0;
			defaultConfigurationName = Release;
		};
		281C80DB22544C6100C103DB /* Build configuration list for PBXNativeTarget "performSelector" */ = {
			isa = XCConfigurationList;
			buildConfigurations = (
				281C80DC22544C6100C103DB /* Debug */,
				281C80DD22544C6100C103DB /* Release */,
			);
			defaultConfigurationIsVisible = 0;
			defaultConfigurationName = Release;
		};
		281C80DE22544C6100C103DB /* Build configuration list for PBXNativeTarget "performSelectorTests" */ = {
			isa = XCConfigurationList;
			buildConfigurations = (
				281C80DF22544C6100C103DB /* Debug */,
				281C80E022544C6100C103DB /* Release */,
			);
			defaultConfigurationIsVisible = 0;
			defaultConfigurationName = Release;
		};
		281C80E122544C6100C103DB /* Build configuration list for PBXNativeTarget "performSelectorUITests" */ = {
			isa = XCConfigurationList;
			buildConfigurations = (
				281C80E222544C6100C103DB /* Debug */,
				281C80E322544C6100C103DB /* Release */,
			);
			defaultConfigurationIsVisible = 0;
			defaultConfigurationName = Release;
		};
/* End XCConfigurationList section */
	};
	rootObject = 281C80A722544C5E00C103DB /* Project object */;
}
